
Microsoft Visual Studio Solution File, Format Version 12.00
# Visual Studio 15
VisualStudioVersion = 15.0.26124.0
MinimumVisualStudioVersion = 15.0.26124.0
Project("{2150E333-8FDC-42A3-9474-1A3956D46DE8}") = "concept", "concept", "{9D239135-8242-4AC0-94AE-7CCD8408B531}"
EndProject
Project("{F2A71F9B-5D33-465A-A702-920D77279786}") = "AnnalynsInfiltration", "concept\annalyns-infiltration\AnnalynsInfiltration.fsproj", "{9815492D-D8F9-439C-B73C-711693755626}"
EndProject
Project("{F2A71F9B-5D33-465A-A702-920D77279786}") = "Bandwagoner", "concept\bandwagoner\Bandwagoner.fsproj", "{5C7A1C6C-25A7-4D4B-89E6-ABE1A3D839B2}"
EndProject
Project("{F2A71F9B-5D33-465A-A702-920D77279786}") = "BirdWatcher", "concept\bird-watcher\BirdWatcher.fsproj", "{EAC7B507-0EB0-4D83-9EF0-9421FA2A2A74}"
EndProject
Project("{F2A71F9B-5D33-465A-A702-920D77279786}") = "BookingUpForBeauty", "concept\booking-up-for-beauty\BookingUpForBeauty.fsproj", "{0F831DDE-1EBF-485D-8517-4EA037EC6FD7}"
EndProject
Project("{F2A71F9B-5D33-465A-A702-920D77279786}") = "CarsAssemble", "concept\cars-assemble\CarsAssemble.fsproj", "{9D8BFF36-A921-4A01-AD9E-98B74CB28527}"
EndProject
Project("{F2A71F9B-5D33-465A-A702-920D77279786}") = "GuessingGame", "concept\guessing-game\GuessingGame.fsproj", "{1E645628-6C5F-422B-A92A-5CF860627498}"
EndProject
Project("{F2A71F9B-5D33-465A-A702-920D77279786}") = "InterestIsInteresting", "concept\interest-is-interesting\InterestIsInteresting.fsproj", "{7C1549E3-545C-4E45-8D98-D9C3CB81523F}"
EndProject
Project("{F2A71F9B-5D33-465A-A702-920D77279786}") = "LogLevels", "concept\log-levels\LogLevels.fsproj", "{0C84C91F-2CDA-4145-BBF6-8611E96C6B69}"
EndProject
Project("{F2A71F9B-5D33-465A-A702-920D77279786}") = "LuciansLusciousLasagna", "concept\lucians-luscious-lasagna\LuciansLusciousLasagna.fsproj", "{B3504BE9-8F87-4524-A3D5-B12834D78651}"
EndProject
Project("{F2A71F9B-5D33-465A-A702-920D77279786}") = "PizzaPricing", "concept\pizza-pricing\PizzaPricing.fsproj", "{3F2DDCE9-69FF-4878-8578-9B02CA0AFAC8}"
EndProject
Project("{F2A71F9B-5D33-465A-A702-920D77279786}") = "TracksOnTracksOnTracks", "concept\tracks-on-tracks-on-tracks\TracksOnTracksOnTracks.fsproj", "{CF59E47A-0F70-4868-BA7D-5282AE88C954}"
EndProject
Project("{F2A71F9B-5D33-465A-A702-920D77279786}") = "ValentinesDay", "concept\valentines-day\ValentinesDay.fsproj", "{2276A3B7-9BB2-426D-97AC-5E90E45E0867}"
EndProject
Project("{F2A71F9B-5D33-465A-A702-920D77279786}") = "TisburyTreasureHunt", "concept\tisbury-treasure-hunt\TisburyTreasureHunt.fsproj", "{7115D50D-A5D8-47FE-949E-4CB0BF57A360}"
EndProject
Project("{2150E333-8FDC-42A3-9474-1A3956D46DE8}") = "practice", "practice", "{29984DF2-2734-483C-BC7D-F6D41599DACD}"
EndProject
Project("{F2A71F9B-5D33-465A-A702-920D77279786}") = "Accumulate", "practice\accumulate\Accumulate.fsproj", "{73E8C86D-9983-4531-B125-7671EDD24382}"
EndProject
Project("{F2A71F9B-5D33-465A-A702-920D77279786}") = "Acronym", "practice\acronym\Acronym.fsproj", "{F1E02173-56C0-42FA-B154-97216A285B5B}"
EndProject
Project("{F2A71F9B-5D33-465A-A702-920D77279786}") = "AffineCipher", "practice\affine-cipher\AffineCipher.fsproj", "{4E137BE8-FEC7-4622-9E94-09EB95A19297}"
EndProject
Project("{F2A71F9B-5D33-465A-A702-920D77279786}") = "AllYourBase", "practice\all-your-base\AllYourBase.fsproj", "{F703EDBE-C4A6-41BC-A9C4-E8643B922A7D}"
EndProject
Project("{F2A71F9B-5D33-465A-A702-920D77279786}") = "Allergies", "practice\allergies\Allergies.fsproj", "{C60830BB-8DC4-4321-A1C4-49032C69AA6F}"
EndProject
Project("{F2A71F9B-5D33-465A-A702-920D77279786}") = "Alphametics", "practice\alphametics\Alphametics.fsproj", "{7A9DDD4D-7249-4E78-B32E-AEE7A3815027}"
EndProject
Project("{F2A71F9B-5D33-465A-A702-920D77279786}") = "Anagram", "practice\anagram\Anagram.fsproj", "{F0FF9900-EEC4-4C8E-B846-2C9B037C3A43}"
EndProject
Project("{F2A71F9B-5D33-465A-A702-920D77279786}") = "ArmstrongNumbers", "practice\armstrong-numbers\ArmstrongNumbers.fsproj", "{D13E140C-6021-4026-A802-67C8C6ACF039}"
EndProject
Project("{F2A71F9B-5D33-465A-A702-920D77279786}") = "AtbashCipher", "practice\atbash-cipher\AtbashCipher.fsproj", "{7D7E8DF3-765F-422A-9D86-184C5EEAA306}"
EndProject
Project("{F2A71F9B-5D33-465A-A702-920D77279786}") = "BankAccount", "practice\bank-account\BankAccount.fsproj", "{2FA2787F-1B83-4D27-A41E-23DA553F7F14}"
EndProject
Project("{F2A71F9B-5D33-465A-A702-920D77279786}") = "BeerSong", "practice\beer-song\BeerSong.fsproj", "{89264E28-4A20-4CF2-9DDF-6F1FA2598EC6}"
EndProject
Project("{F2A71F9B-5D33-465A-A702-920D77279786}") = "Binary", "practice\binary\Binary.fsproj", "{B729F7E7-5D3A-42A4-B2E1-FCC0E8D8A379}"
EndProject
Project("{F2A71F9B-5D33-465A-A702-920D77279786}") = "BinarySearch", "practice\binary-search\BinarySearch.fsproj", "{E581BE50-A2F0-41BB-9D1E-CF7A63C5E341}"
EndProject
Project("{F2A71F9B-5D33-465A-A702-920D77279786}") = "BinarySearchTree", "practice\binary-search-tree\BinarySearchTree.fsproj", "{0F9344A1-1E92-48B9-B88F-FC0C7081F0A4}"
EndProject
Project("{F2A71F9B-5D33-465A-A702-920D77279786}") = "Bob", "practice\bob\Bob.fsproj", "{B51C78C4-081B-4D66-91CF-F88A7004B513}"
EndProject
Project("{F2A71F9B-5D33-465A-A702-920D77279786}") = "BookStore", "practice\book-store\BookStore.fsproj", "{F62859A7-280E-4812-820F-EDCE6C891EEA}"
EndProject
Project("{F2A71F9B-5D33-465A-A702-920D77279786}") = "Bowling", "practice\bowling\Bowling.fsproj", "{785D7A89-BF09-4A97-BE95-1F35F32F0162}"
EndProject
Project("{F2A71F9B-5D33-465A-A702-920D77279786}") = "Change", "practice\change\Change.fsproj", "{26321435-EB7D-40D4-BC9D-3E6E8E82BB29}"
EndProject
Project("{F2A71F9B-5D33-465A-A702-920D77279786}") = "CircularBuffer", "practice\circular-buffer\CircularBuffer.fsproj", "{7D4491D1-1DD0-4A47-B3C8-9AEAB3EAF5F5}"
EndProject
Project("{F2A71F9B-5D33-465A-A702-920D77279786}") = "Clock", "practice\clock\Clock.fsproj", "{AC0799FF-3A28-4B10-B983-B7E5BA174FC2}"
EndProject
Project("{F2A71F9B-5D33-465A-A702-920D77279786}") = "CollatzConjecture", "practice\collatz-conjecture\CollatzConjecture.fsproj", "{7810DBA9-5DF6-482F-BC38-B0AF9F183387}"
EndProject
Project("{F2A71F9B-5D33-465A-A702-920D77279786}") = "ComplexNumbers", "practice\complex-numbers\ComplexNumbers.fsproj", "{D4690E26-D4F1-428A-BB03-FBB276DD678C}"
EndProject
Project("{F2A71F9B-5D33-465A-A702-920D77279786}") = "Connect", "practice\connect\Connect.fsproj", "{029FC850-CEFC-4DB3-AFDD-32F003423A98}"
EndProject
Project("{F2A71F9B-5D33-465A-A702-920D77279786}") = "CryptoSquare", "practice\crypto-square\CryptoSquare.fsproj", "{5F46E080-699F-4256-B112-6470CEFCA82B}"
EndProject
Project("{F2A71F9B-5D33-465A-A702-920D77279786}") = "CustomSet", "practice\custom-set\CustomSet.fsproj", "{4857EC78-643B-44DC-82C0-492EF48D9EE9}"
EndProject
Project("{F2A71F9B-5D33-465A-A702-920D77279786}") = "Darts", "practice\darts\Darts.fsproj", "{D5EFC1CD-8325-4DBD-951D-E4D8745C182F}"
EndProject
Project("{F2A71F9B-5D33-465A-A702-920D77279786}") = "Diamond", "practice\diamond\Diamond.fsproj", "{853C4DBD-62F6-4672-91BD-65BB555139B6}"
EndProject
Project("{F2A71F9B-5D33-465A-A702-920D77279786}") = "DifferenceOfSquares", "practice\difference-of-squares\DifferenceOfSquares.fsproj", "{6F34DF8B-5201-46F3-965F-BCB3E19DEA9A}"
EndProject
Project("{F2A71F9B-5D33-465A-A702-920D77279786}") = "DiffieHellman", "practice\diffie-hellman\DiffieHellman.fsproj", "{8C889EEB-54CA-4279-9D63-6687CD20AF32}"
EndProject
Project("{F2A71F9B-5D33-465A-A702-920D77279786}") = "DndCharacter", "practice\dnd-character\DndCharacter.fsproj", "{4866A921-7925-4041-8BCB-6A38427D6165}"
EndProject
Project("{F2A71F9B-5D33-465A-A702-920D77279786}") = "Dominoes", "practice\dominoes\Dominoes.fsproj", "{FA2091DD-D117-4BE9-95BE-24A4931ABA9D}"
EndProject
Project("{F2A71F9B-5D33-465A-A702-920D77279786}") = "DotDsl", "practice\dot-dsl\DotDsl.fsproj", "{A413C774-5E9E-48EF-BF9C-5E8620FFB5B2}"
EndProject
Project("{F2A71F9B-5D33-465A-A702-920D77279786}") = "ErrorHandling", "practice\error-handling\ErrorHandling.fsproj", "{133C13BA-5A93-482E-9B48-7DC36A152F7B}"
EndProject
Project("{F2A71F9B-5D33-465A-A702-920D77279786}") = "Etl", "practice\etl\Etl.fsproj", "{74B5CEB9-AFD5-42B7-A0DF-6B8C46E35EDE}"
EndProject
Project("{F2A71F9B-5D33-465A-A702-920D77279786}") = "FoodChain", "practice\food-chain\FoodChain.fsproj", "{BA7EC207-ED3C-4A9E-9172-DE8E8DC707D3}"
EndProject
Project("{F2A71F9B-5D33-465A-A702-920D77279786}") = "Forth", "practice\forth\Forth.fsproj", "{35809E2A-5399-4311-B28F-34193A606A25}"
EndProject
Project("{F2A71F9B-5D33-465A-A702-920D77279786}") = "Gigasecond", "practice\gigasecond\Gigasecond.fsproj", "{2F467C45-4B8A-424A-B2D2-BE8700A79019}"
EndProject
Project("{F2A71F9B-5D33-465A-A702-920D77279786}") = "GoCounting", "practice\go-counting\GoCounting.fsproj", "{36AC7179-222B-4B82-8C31-B5B4CDAB5FFC}"
EndProject
Project("{F2A71F9B-5D33-465A-A702-920D77279786}") = "GradeSchool", "practice\grade-school\GradeSchool.fsproj", "{17D75769-AB59-4672-A197-8B8B13B71615}"
EndProject
Project("{F2A71F9B-5D33-465A-A702-920D77279786}") = "Grains", "practice\grains\Grains.fsproj", "{02DD3CEF-865A-4CCE-B761-5726039EF69E}"
EndProject
Project("{F2A71F9B-5D33-465A-A702-920D77279786}") = "Grep", "practice\grep\Grep.fsproj", "{635D1380-6590-4543-973B-A6D5D4500905}"
EndProject
Project("{F2A71F9B-5D33-465A-A702-920D77279786}") = "Hamming", "practice\hamming\Hamming.fsproj", "{D6175F1E-AC7C-4115-B2AC-065CE65FBB0C}"
EndProject
Project("{F2A71F9B-5D33-465A-A702-920D77279786}") = "Hangman", "practice\hangman\Hangman.fsproj", "{329D6B8F-A188-45CB-BD83-28B48C4BF1AD}"
EndProject
Project("{F2A71F9B-5D33-465A-A702-920D77279786}") = "HelloWorld", "practice\hello-world\HelloWorld.fsproj", "{A9FA76AD-147D-418A-A4D5-77CF3DA644A4}"
EndProject
Project("{F2A71F9B-5D33-465A-A702-920D77279786}") = "Hexadecimal", "practice\hexadecimal\Hexadecimal.fsproj", "{7237E584-E36E-497C-890C-1BE50DC46664}"
EndProject
Project("{F2A71F9B-5D33-465A-A702-920D77279786}") = "HighScores", "practice\high-scores\HighScores.fsproj", "{EA5AF36B-C8FC-4C07-A36E-E83905650E8A}"
EndProject
Project("{F2A71F9B-5D33-465A-A702-920D77279786}") = "House", "practice\house\House.fsproj", "{07537A79-AC5E-4E19-99BB-89B2CEE0814C}"
EndProject
Project("{F2A71F9B-5D33-465A-A702-920D77279786}") = "IsbnVerifier", "practice\isbn-verifier\IsbnVerifier.fsproj", "{F12AFBE8-5176-4313-8429-09D499CA04EC}"
EndProject
Project("{F2A71F9B-5D33-465A-A702-920D77279786}") = "Isogram", "practice\isogram\Isogram.fsproj", "{8DF567A4-AC82-4F33-8349-F823C887BB9F}"
EndProject
Project("{F2A71F9B-5D33-465A-A702-920D77279786}") = "KindergartenGarden", "practice\kindergarten-garden\KindergartenGarden.fsproj", "{D1AC1698-7374-4FEF-82D2-74DF11D233F5}"
EndProject
Project("{F2A71F9B-5D33-465A-A702-920D77279786}") = "LargestSeriesProduct", "practice\largest-series-product\LargestSeriesProduct.fsproj", "{79A6453A-0513-44D6-B59E-0A5749CD069E}"
EndProject
Project("{F2A71F9B-5D33-465A-A702-920D77279786}") = "Leap", "practice\leap\Leap.fsproj", "{9E97C686-C90D-4B60-835E-BBA16CDA06D4}"
EndProject
Project("{F2A71F9B-5D33-465A-A702-920D77279786}") = "Ledger", "practice\ledger\Ledger.fsproj", "{95117085-147A-4CD1-B11C-E8AFD798DA8F}"
EndProject
Project("{F2A71F9B-5D33-465A-A702-920D77279786}") = "LensPerson", "practice\lens-person\LensPerson.fsproj", "{2D2F5607-EF9B-4FBD-9DDF-E7C519898EF6}"
EndProject
Project("{F2A71F9B-5D33-465A-A702-920D77279786}") = "LinkedList", "practice\linked-list\LinkedList.fsproj", "{63D8C073-1763-43D6-A4FC-4FCF1E7A06E8}"
EndProject
Project("{F2A71F9B-5D33-465A-A702-920D77279786}") = "ListOps", "practice\list-ops\ListOps.fsproj", "{EA4803E5-6835-415E-A640-7E690D1BCB9E}"
EndProject
Project("{F2A71F9B-5D33-465A-A702-920D77279786}") = "Luhn", "practice\luhn\Luhn.fsproj", "{09D6D219-5671-4AC2-A59D-ACB3D8FAAF20}"
EndProject
Project("{F2A71F9B-5D33-465A-A702-920D77279786}") = "Markdown", "practice\markdown\Markdown.fsproj", "{AB00CABF-34D3-432C-80B4-6ECD180A6D4B}"
EndProject
Project("{F2A71F9B-5D33-465A-A702-920D77279786}") = "MatchingBrackets", "practice\matching-brackets\MatchingBrackets.fsproj", "{63487157-592A-4416-A2C9-D01DB878FD51}"
EndProject
Project("{F2A71F9B-5D33-465A-A702-920D77279786}") = "Matrix", "practice\matrix\Matrix.fsproj", "{2145BF6E-4D52-4A40-9DF5-40B42C2A3ABE}"
EndProject
Project("{F2A71F9B-5D33-465A-A702-920D77279786}") = "Meetup", "practice\meetup\Meetup.fsproj", "{DBA857F5-905A-42E0-9DCC-4A541F5EBC64}"
EndProject
Project("{F2A71F9B-5D33-465A-A702-920D77279786}") = "Minesweeper", "practice\minesweeper\Minesweeper.fsproj", "{E355E5FD-38FC-4D96-A027-697D5F791495}"
EndProject
Project("{F2A71F9B-5D33-465A-A702-920D77279786}") = "NthPrime", "practice\nth-prime\NthPrime.fsproj", "{049BE6B4-7099-41D4-8633-BAB887133495}"
EndProject
Project("{F2A71F9B-5D33-465A-A702-920D77279786}") = "NucleotideCount", "practice\nucleotide-count\NucleotideCount.fsproj", "{94EF7EF3-670F-470E-92C9-7180581A2DD0}"
EndProject
Project("{F2A71F9B-5D33-465A-A702-920D77279786}") = "OcrNumbers", "practice\ocr-numbers\OcrNumbers.fsproj", "{37904696-5580-4E7D-88F7-A60A4CDF3DC4}"
EndProject
Project("{F2A71F9B-5D33-465A-A702-920D77279786}") = "Octal", "practice\octal\Octal.fsproj", "{BA4D8D92-0805-4FC8-99D7-9EBD2AFC423B}"
EndProject
Project("{F2A71F9B-5D33-465A-A702-920D77279786}") = "PalindromeProducts", "practice\palindrome-products\PalindromeProducts.fsproj", "{5979275C-51D8-4678-B496-31BEB353F320}"
EndProject
Project("{F2A71F9B-5D33-465A-A702-920D77279786}") = "Pangram", "practice\pangram\Pangram.fsproj", "{795F17CC-DACC-450E-BEC5-F77EE7BA194D}"
EndProject
Project("{F2A71F9B-5D33-465A-A702-920D77279786}") = "ParallelLetterFrequency", "practice\parallel-letter-frequency\ParallelLetterFrequency.fsproj", "{4E3B25E0-174A-442B-B507-E1778D2D506C}"
EndProject
Project("{F2A71F9B-5D33-465A-A702-920D77279786}") = "PascalsTriangle", "practice\pascals-triangle\PascalsTriangle.fsproj", "{6A1255B2-3F99-4601-9217-5931CA99C944}"
EndProject
Project("{F2A71F9B-5D33-465A-A702-920D77279786}") = "PerfectNumbers", "practice\perfect-numbers\PerfectNumbers.fsproj", "{69DADDD1-95A2-4BE7-8BB9-6AE17279CBAC}"
EndProject
Project("{F2A71F9B-5D33-465A-A702-920D77279786}") = "PhoneNumber", "practice\phone-number\PhoneNumber.fsproj", "{7E46D5C2-FA50-4D4E-8FCE-6FC2C5DA2E8B}"
EndProject
Project("{F2A71F9B-5D33-465A-A702-920D77279786}") = "PigLatin", "practice\pig-latin\PigLatin.fsproj", "{7EE892D6-76B4-4FEC-A74D-07481A0A3395}"
EndProject
Project("{F2A71F9B-5D33-465A-A702-920D77279786}") = "Poker", "practice\poker\Poker.fsproj", "{0AF13621-E813-47C2-BC82-72EBFE13E410}"
EndProject
Project("{F2A71F9B-5D33-465A-A702-920D77279786}") = "Pov", "practice\pov\Pov.fsproj", "{EC655B9B-B31B-42D5-83B1-04246BD3FA84}"
EndProject
Project("{F2A71F9B-5D33-465A-A702-920D77279786}") = "PrimeFactors", "practice\prime-factors\PrimeFactors.fsproj", "{51E922CA-9E9B-4E1C-9477-4FDEBE1E41A8}"
EndProject
Project("{F2A71F9B-5D33-465A-A702-920D77279786}") = "ProteinTranslation", "practice\protein-translation\ProteinTranslation.fsproj", "{C675A2EA-95C4-495C-A89C-BE5D6CBE324F}"
EndProject
Project("{F2A71F9B-5D33-465A-A702-920D77279786}") = "Proverb", "practice\proverb\Proverb.fsproj", "{3FFDD6D9-3E3D-45B9-9C3F-7868A6FD41CB}"
EndProject
Project("{F2A71F9B-5D33-465A-A702-920D77279786}") = "PythagoreanTriplet", "practice\pythagorean-triplet\PythagoreanTriplet.fsproj", "{446C74E5-381A-4313-AE6A-56B24CD93A2F}"
EndProject
Project("{F2A71F9B-5D33-465A-A702-920D77279786}") = "QueenAttack", "practice\queen-attack\QueenAttack.fsproj", "{FC1A7046-4DEF-4665-A1CE-D697650CCFD7}"
EndProject
Project("{F2A71F9B-5D33-465A-A702-920D77279786}") = "RailFenceCipher", "practice\rail-fence-cipher\RailFenceCipher.fsproj", "{0A203639-7E39-488D-BF08-DE6FD8FC34C1}"
EndProject
Project("{F2A71F9B-5D33-465A-A702-920D77279786}") = "Raindrops", "practice\raindrops\Raindrops.fsproj", "{C8216BA8-F572-46BD-8FD5-FDEDC1341698}"
EndProject
Project("{F2A71F9B-5D33-465A-A702-920D77279786}") = "RationalNumbers", "practice\rational-numbers\RationalNumbers.fsproj", "{6F782C3C-9AD7-42FD-8EB6-12DB440D9A24}"
EndProject
Project("{F2A71F9B-5D33-465A-A702-920D77279786}") = "React", "practice\react\React.fsproj", "{78193494-618A-4855-906E-31D0A8D03830}"
EndProject
Project("{F2A71F9B-5D33-465A-A702-920D77279786}") = "Rectangles", "practice\rectangles\Rectangles.fsproj", "{617DD6FB-34EF-4DE2-B322-99D5474916DF}"
EndProject
Project("{F2A71F9B-5D33-465A-A702-920D77279786}") = "RestApi", "practice\rest-api\RestApi.fsproj", "{777DB633-00B7-45B0-862D-772E80B0E2DB}"
EndProject
Project("{F2A71F9B-5D33-465A-A702-920D77279786}") = "ReverseString", "practice\reverse-string\ReverseString.fsproj", "{04485718-8487-45DF-8045-703227F8C0E3}"
EndProject
Project("{F2A71F9B-5D33-465A-A702-920D77279786}") = "RnaTranscription", "practice\rna-transcription\RnaTranscription.fsproj", "{F6D7800B-D9DC-420D-8862-AF05EF29FB05}"
EndProject
Project("{F2A71F9B-5D33-465A-A702-920D77279786}") = "RobotName", "practice\robot-name\RobotName.fsproj", "{CB0A22C8-6486-4AD4-A7A7-D47B44EB9116}"
EndProject
Project("{F2A71F9B-5D33-465A-A702-920D77279786}") = "RobotSimulator", "practice\robot-simulator\RobotSimulator.fsproj", "{388AA525-A55D-4366-BD51-EDFB37400121}"
EndProject
Project("{F2A71F9B-5D33-465A-A702-920D77279786}") = "RomanNumerals", "practice\roman-numerals\RomanNumerals.fsproj", "{8A2982E1-53C5-4365-8577-17F957512870}"
EndProject
Project("{F2A71F9B-5D33-465A-A702-920D77279786}") = "RotationalCipher", "practice\rotational-cipher\RotationalCipher.fsproj", "{97C4EDAA-7BCD-437A-8450-866FB48EA874}"
EndProject
Project("{F2A71F9B-5D33-465A-A702-920D77279786}") = "RunLengthEncoding", "practice\run-length-encoding\RunLengthEncoding.fsproj", "{1FBFAE29-6B00-4A4A-A06D-4AA2F76CD844}"
EndProject
Project("{F2A71F9B-5D33-465A-A702-920D77279786}") = "SaddlePoints", "practice\saddle-points\SaddlePoints.fsproj", "{D6B051BB-0A33-440B-A4B0-8495C4CF6249}"
EndProject
Project("{F2A71F9B-5D33-465A-A702-920D77279786}") = "Say", "practice\say\Say.fsproj", "{DD7B8459-D709-4712-AB93-38DE7A08EC47}"
EndProject
Project("{F2A71F9B-5D33-465A-A702-920D77279786}") = "ScaleGenerator", "practice\scale-generator\ScaleGenerator.fsproj", "{71EFD804-86DA-4B19-A442-C6A3D9774B11}"
EndProject
Project("{F2A71F9B-5D33-465A-A702-920D77279786}") = "ScrabbleScore", "practice\scrabble-score\ScrabbleScore.fsproj", "{8E875A24-0C11-4364-A9A9-AEB0C2556923}"
EndProject
Project("{F2A71F9B-5D33-465A-A702-920D77279786}") = "SecretHandshake", "practice\secret-handshake\SecretHandshake.fsproj", "{55E930F6-ACC7-47F7-893E-A8DA35B01E30}"
EndProject
Project("{F2A71F9B-5D33-465A-A702-920D77279786}") = "Series", "practice\series\Series.fsproj", "{F45DCC10-CBC0-46C0-ADDD-5CE3C6804C50}"
EndProject
Project("{F2A71F9B-5D33-465A-A702-920D77279786}") = "SgfParsing", "practice\sgf-parsing\SgfParsing.fsproj", "{F9EE25C0-159F-4863-B532-9590BDE09C71}"
EndProject
Project("{F2A71F9B-5D33-465A-A702-920D77279786}") = "Sieve", "practice\sieve\Sieve.fsproj", "{DC43273C-D6BB-4491-BDDD-BE628A6F3535}"
EndProject
Project("{F2A71F9B-5D33-465A-A702-920D77279786}") = "SimpleCipher", "practice\simple-cipher\SimpleCipher.fsproj", "{C2E54A1A-537B-4FDF-89A4-C9F0794F9B8A}"
EndProject
Project("{F2A71F9B-5D33-465A-A702-920D77279786}") = "SimpleLinkedList", "practice\simple-linked-list\SimpleLinkedList.fsproj", "{52FC6442-74F9-4C5A-86C4-43AB05125991}"
EndProject
Project("{F2A71F9B-5D33-465A-A702-920D77279786}") = "SpaceAge", "practice\space-age\SpaceAge.fsproj", "{872AB2C9-8D9F-4712-8F52-55B11C331AB6}"
EndProject
Project("{F2A71F9B-5D33-465A-A702-920D77279786}") = "SpiralMatrix", "practice\spiral-matrix\SpiralMatrix.fsproj", "{C7FF6FB3-2460-4320-BC09-9638BE30F422}"
EndProject
Project("{F2A71F9B-5D33-465A-A702-920D77279786}") = "Strain", "practice\strain\Strain.fsproj", "{264986D2-8374-45F2-95F4-3AE141CD5268}"
EndProject
Project("{F2A71F9B-5D33-465A-A702-920D77279786}") = "Sublist", "practice\sublist\Sublist.fsproj", "{63C93DD0-A26A-42CA-8E23-0DE69A50DF79}"
EndProject
Project("{F2A71F9B-5D33-465A-A702-920D77279786}") = "SumOfMultiples", "practice\sum-of-multiples\SumOfMultiples.fsproj", "{3467DFBB-0622-4141-9219-3BDFA6C36356}"
EndProject
Project("{F2A71F9B-5D33-465A-A702-920D77279786}") = "Tournament", "practice\tournament\Tournament.fsproj", "{970EB209-9434-4762-840E-33AF1C20590B}"
EndProject
Project("{F2A71F9B-5D33-465A-A702-920D77279786}") = "Transpose", "practice\transpose\Transpose.fsproj", "{C3007220-CA79-4EFB-8E79-3D0A33511D72}"
EndProject
Project("{F2A71F9B-5D33-465A-A702-920D77279786}") = "TreeBuilding", "practice\tree-building\TreeBuilding.fsproj", "{C6955E19-418E-47D3-9A0F-6D376F8B01F0}"
EndProject
Project("{F2A71F9B-5D33-465A-A702-920D77279786}") = "Triangle", "practice\triangle\Triangle.fsproj", "{CAAD3E23-756F-4C02-A763-C5ACD063FEA9}"
EndProject
Project("{F2A71F9B-5D33-465A-A702-920D77279786}") = "Trinary", "practice\trinary\Trinary.fsproj", "{324D7FCD-DA7B-41CF-A9C1-4E80480CCDD9}"
EndProject
Project("{F2A71F9B-5D33-465A-A702-920D77279786}") = "TwelveDays", "practice\twelve-days\TwelveDays.fsproj", "{68D1D36D-22EC-4D61-94A8-3ACB8A08B523}"
EndProject
Project("{F2A71F9B-5D33-465A-A702-920D77279786}") = "TwoBucket", "practice\two-bucket\TwoBucket.fsproj", "{010A6656-5F1F-4139-A41D-CED0703F02D7}"
EndProject
Project("{F2A71F9B-5D33-465A-A702-920D77279786}") = "TwoFer", "practice\two-fer\TwoFer.fsproj", "{371BA347-292D-4D22-83EC-E5312D358BAC}"
EndProject
Project("{F2A71F9B-5D33-465A-A702-920D77279786}") = "VariableLengthQuantity", "practice\variable-length-quantity\VariableLengthQuantity.fsproj", "{F3E8DAF3-003F-4AD8-B83A-FC3E3D108A0A}"
EndProject
Project("{F2A71F9B-5D33-465A-A702-920D77279786}") = "WordCount", "practice\word-count\WordCount.fsproj", "{67FE1C87-73E1-41EC-8389-EA663B746A88}"
EndProject
Project("{F2A71F9B-5D33-465A-A702-920D77279786}") = "WordSearch", "practice\word-search\WordSearch.fsproj", "{BBBD4020-B515-495F-9A33-4AB755B94F94}"
EndProject
Project("{F2A71F9B-5D33-465A-A702-920D77279786}") = "Wordy", "practice\wordy\Wordy.fsproj", "{400A6B51-74F0-4AA9-AABC-39B6AC181404}"
EndProject
Project("{F2A71F9B-5D33-465A-A702-920D77279786}") = "Yacht", "practice\yacht\Yacht.fsproj", "{FA29F301-0448-47A3-941C-ABB8A8ED367A}"
EndProject
Project("{F2A71F9B-5D33-465A-A702-920D77279786}") = "ZebraPuzzle", "practice\zebra-puzzle\ZebraPuzzle.fsproj", "{F6217F6F-DD9C-4DBD-8A7A-894E05FCF78E}"
EndProject
Project("{F2A71F9B-5D33-465A-A702-920D77279786}") = "Zipper", "practice\zipper\Zipper.fsproj", "{73AB6DA8-AA91-44A9-B5E5-0670FFB6A4AC}"
EndProject
Project("{F2A71F9B-5D33-465A-A702-920D77279786}") = "ResistorColor", "practice\resistor-color\ResistorColor.fsproj", "{6D2CFE86-D6B2-4820-B3D8-62255BF94DCD}"
EndProject
Project("{F2A71F9B-5D33-465A-A702-920D77279786}") = "ResistorColorDuo", "practice\resistor-color-duo\ResistorColorDuo.fsproj", "{D7E215C6-4EE6-41AB-BD80-F126C50A590E}"
EndProject
Project("{F2A71F9B-5D33-465A-A702-920D77279786}") = "SquareRoot", "practice\square-root\SquareRoot.fsproj", "{C41EB0DE-54C9-4673-8B8B-E9AA43DF3746}"
EndProject
Project("{F2A71F9B-5D33-465A-A702-920D77279786}") = "EliudsEggs", "practice\eliuds-eggs\EliudsEggs.fsproj", "{9DB2B6C7-E5A4-4AE0-9892-643BEB5F0493}"
EndProject
Global
	GlobalSection(SolutionConfigurationPlatforms) = preSolution
		Debug|Any CPU = Debug|Any CPU
		Release|Any CPU = Release|Any CPU
	EndGlobalSection
	GlobalSection(SolutionProperties) = preSolution
		HideSolutionNode = FALSE
	EndGlobalSection
	GlobalSection(ProjectConfigurationPlatforms) = postSolution
		{9815492D-D8F9-439C-B73C-711693755626}.Debug|Any CPU.ActiveCfg = Debug|Any CPU
		{9815492D-D8F9-439C-B73C-711693755626}.Debug|Any CPU.Build.0 = Debug|Any CPU
		{9815492D-D8F9-439C-B73C-711693755626}.Release|Any CPU.ActiveCfg = Release|Any CPU
		{9815492D-D8F9-439C-B73C-711693755626}.Release|Any CPU.Build.0 = Release|Any CPU
		{5C7A1C6C-25A7-4D4B-89E6-ABE1A3D839B2}.Debug|Any CPU.ActiveCfg = Debug|Any CPU
		{5C7A1C6C-25A7-4D4B-89E6-ABE1A3D839B2}.Debug|Any CPU.Build.0 = Debug|Any CPU
		{5C7A1C6C-25A7-4D4B-89E6-ABE1A3D839B2}.Release|Any CPU.ActiveCfg = Release|Any CPU
		{5C7A1C6C-25A7-4D4B-89E6-ABE1A3D839B2}.Release|Any CPU.Build.0 = Release|Any CPU
		{EAC7B507-0EB0-4D83-9EF0-9421FA2A2A74}.Debug|Any CPU.ActiveCfg = Debug|Any CPU
		{EAC7B507-0EB0-4D83-9EF0-9421FA2A2A74}.Debug|Any CPU.Build.0 = Debug|Any CPU
		{EAC7B507-0EB0-4D83-9EF0-9421FA2A2A74}.Release|Any CPU.ActiveCfg = Release|Any CPU
		{EAC7B507-0EB0-4D83-9EF0-9421FA2A2A74}.Release|Any CPU.Build.0 = Release|Any CPU
		{0F831DDE-1EBF-485D-8517-4EA037EC6FD7}.Debug|Any CPU.ActiveCfg = Debug|Any CPU
		{0F831DDE-1EBF-485D-8517-4EA037EC6FD7}.Debug|Any CPU.Build.0 = Debug|Any CPU
		{0F831DDE-1EBF-485D-8517-4EA037EC6FD7}.Release|Any CPU.ActiveCfg = Release|Any CPU
		{0F831DDE-1EBF-485D-8517-4EA037EC6FD7}.Release|Any CPU.Build.0 = Release|Any CPU
		{9D8BFF36-A921-4A01-AD9E-98B74CB28527}.Debug|Any CPU.ActiveCfg = Debug|Any CPU
		{9D8BFF36-A921-4A01-AD9E-98B74CB28527}.Debug|Any CPU.Build.0 = Debug|Any CPU
		{9D8BFF36-A921-4A01-AD9E-98B74CB28527}.Release|Any CPU.ActiveCfg = Release|Any CPU
		{9D8BFF36-A921-4A01-AD9E-98B74CB28527}.Release|Any CPU.Build.0 = Release|Any CPU
		{1E645628-6C5F-422B-A92A-5CF860627498}.Debug|Any CPU.ActiveCfg = Debug|Any CPU
		{1E645628-6C5F-422B-A92A-5CF860627498}.Debug|Any CPU.Build.0 = Debug|Any CPU
		{1E645628-6C5F-422B-A92A-5CF860627498}.Release|Any CPU.ActiveCfg = Release|Any CPU
		{1E645628-6C5F-422B-A92A-5CF860627498}.Release|Any CPU.Build.0 = Release|Any CPU
		{7C1549E3-545C-4E45-8D98-D9C3CB81523F}.Debug|Any CPU.ActiveCfg = Debug|Any CPU
		{7C1549E3-545C-4E45-8D98-D9C3CB81523F}.Debug|Any CPU.Build.0 = Debug|Any CPU
		{7C1549E3-545C-4E45-8D98-D9C3CB81523F}.Release|Any CPU.ActiveCfg = Release|Any CPU
		{7C1549E3-545C-4E45-8D98-D9C3CB81523F}.Release|Any CPU.Build.0 = Release|Any CPU
		{0C84C91F-2CDA-4145-BBF6-8611E96C6B69}.Debug|Any CPU.ActiveCfg = Debug|Any CPU
		{0C84C91F-2CDA-4145-BBF6-8611E96C6B69}.Debug|Any CPU.Build.0 = Debug|Any CPU
		{0C84C91F-2CDA-4145-BBF6-8611E96C6B69}.Release|Any CPU.ActiveCfg = Release|Any CPU
		{0C84C91F-2CDA-4145-BBF6-8611E96C6B69}.Release|Any CPU.Build.0 = Release|Any CPU
		{B3504BE9-8F87-4524-A3D5-B12834D78651}.Debug|Any CPU.ActiveCfg = Debug|Any CPU
		{B3504BE9-8F87-4524-A3D5-B12834D78651}.Debug|Any CPU.Build.0 = Debug|Any CPU
		{B3504BE9-8F87-4524-A3D5-B12834D78651}.Release|Any CPU.ActiveCfg = Release|Any CPU
		{B3504BE9-8F87-4524-A3D5-B12834D78651}.Release|Any CPU.Build.0 = Release|Any CPU
		{3F2DDCE9-69FF-4878-8578-9B02CA0AFAC8}.Debug|Any CPU.ActiveCfg = Debug|Any CPU
		{3F2DDCE9-69FF-4878-8578-9B02CA0AFAC8}.Debug|Any CPU.Build.0 = Debug|Any CPU
		{3F2DDCE9-69FF-4878-8578-9B02CA0AFAC8}.Release|Any CPU.ActiveCfg = Release|Any CPU
		{3F2DDCE9-69FF-4878-8578-9B02CA0AFAC8}.Release|Any CPU.Build.0 = Release|Any CPU
		{CF59E47A-0F70-4868-BA7D-5282AE88C954}.Debug|Any CPU.ActiveCfg = Debug|Any CPU
		{CF59E47A-0F70-4868-BA7D-5282AE88C954}.Debug|Any CPU.Build.0 = Debug|Any CPU
		{CF59E47A-0F70-4868-BA7D-5282AE88C954}.Release|Any CPU.ActiveCfg = Release|Any CPU
		{CF59E47A-0F70-4868-BA7D-5282AE88C954}.Release|Any CPU.Build.0 = Release|Any CPU
		{2276A3B7-9BB2-426D-97AC-5E90E45E0867}.Debug|Any CPU.ActiveCfg = Debug|Any CPU
		{2276A3B7-9BB2-426D-97AC-5E90E45E0867}.Debug|Any CPU.Build.0 = Debug|Any CPU
		{2276A3B7-9BB2-426D-97AC-5E90E45E0867}.Release|Any CPU.ActiveCfg = Release|Any CPU
		{2276A3B7-9BB2-426D-97AC-5E90E45E0867}.Release|Any CPU.Build.0 = Release|Any CPU
		{7115D50D-A5D8-47FE-949E-4CB0BF57A360}.Debug|Any CPU.ActiveCfg = Debug|Any CPU
		{7115D50D-A5D8-47FE-949E-4CB0BF57A360}.Debug|Any CPU.Build.0 = Debug|Any CPU
		{7115D50D-A5D8-47FE-949E-4CB0BF57A360}.Release|Any CPU.ActiveCfg = Release|Any CPU
		{7115D50D-A5D8-47FE-949E-4CB0BF57A360}.Release|Any CPU.Build.0 = Release|Any CPU
		{73E8C86D-9983-4531-B125-7671EDD24382}.Debug|Any CPU.ActiveCfg = Debug|Any CPU
		{73E8C86D-9983-4531-B125-7671EDD24382}.Debug|Any CPU.Build.0 = Debug|Any CPU
		{73E8C86D-9983-4531-B125-7671EDD24382}.Release|Any CPU.ActiveCfg = Release|Any CPU
		{73E8C86D-9983-4531-B125-7671EDD24382}.Release|Any CPU.Build.0 = Release|Any CPU
		{F1E02173-56C0-42FA-B154-97216A285B5B}.Debug|Any CPU.ActiveCfg = Debug|Any CPU
		{F1E02173-56C0-42FA-B154-97216A285B5B}.Debug|Any CPU.Build.0 = Debug|Any CPU
		{F1E02173-56C0-42FA-B154-97216A285B5B}.Release|Any CPU.ActiveCfg = Release|Any CPU
		{F1E02173-56C0-42FA-B154-97216A285B5B}.Release|Any CPU.Build.0 = Release|Any CPU
		{4E137BE8-FEC7-4622-9E94-09EB95A19297}.Debug|Any CPU.ActiveCfg = Debug|Any CPU
		{4E137BE8-FEC7-4622-9E94-09EB95A19297}.Debug|Any CPU.Build.0 = Debug|Any CPU
		{4E137BE8-FEC7-4622-9E94-09EB95A19297}.Release|Any CPU.ActiveCfg = Release|Any CPU
		{4E137BE8-FEC7-4622-9E94-09EB95A19297}.Release|Any CPU.Build.0 = Release|Any CPU
		{F703EDBE-C4A6-41BC-A9C4-E8643B922A7D}.Debug|Any CPU.ActiveCfg = Debug|Any CPU
		{F703EDBE-C4A6-41BC-A9C4-E8643B922A7D}.Debug|Any CPU.Build.0 = Debug|Any CPU
		{F703EDBE-C4A6-41BC-A9C4-E8643B922A7D}.Release|Any CPU.ActiveCfg = Release|Any CPU
		{F703EDBE-C4A6-41BC-A9C4-E8643B922A7D}.Release|Any CPU.Build.0 = Release|Any CPU
		{C60830BB-8DC4-4321-A1C4-49032C69AA6F}.Debug|Any CPU.ActiveCfg = Debug|Any CPU
		{C60830BB-8DC4-4321-A1C4-49032C69AA6F}.Debug|Any CPU.Build.0 = Debug|Any CPU
		{C60830BB-8DC4-4321-A1C4-49032C69AA6F}.Release|Any CPU.ActiveCfg = Release|Any CPU
		{C60830BB-8DC4-4321-A1C4-49032C69AA6F}.Release|Any CPU.Build.0 = Release|Any CPU
		{7A9DDD4D-7249-4E78-B32E-AEE7A3815027}.Debug|Any CPU.ActiveCfg = Debug|Any CPU
		{7A9DDD4D-7249-4E78-B32E-AEE7A3815027}.Debug|Any CPU.Build.0 = Debug|Any CPU
		{7A9DDD4D-7249-4E78-B32E-AEE7A3815027}.Release|Any CPU.ActiveCfg = Release|Any CPU
		{7A9DDD4D-7249-4E78-B32E-AEE7A3815027}.Release|Any CPU.Build.0 = Release|Any CPU
		{F0FF9900-EEC4-4C8E-B846-2C9B037C3A43}.Debug|Any CPU.ActiveCfg = Debug|Any CPU
		{F0FF9900-EEC4-4C8E-B846-2C9B037C3A43}.Debug|Any CPU.Build.0 = Debug|Any CPU
		{F0FF9900-EEC4-4C8E-B846-2C9B037C3A43}.Release|Any CPU.ActiveCfg = Release|Any CPU
		{F0FF9900-EEC4-4C8E-B846-2C9B037C3A43}.Release|Any CPU.Build.0 = Release|Any CPU
		{D13E140C-6021-4026-A802-67C8C6ACF039}.Debug|Any CPU.ActiveCfg = Debug|Any CPU
		{D13E140C-6021-4026-A802-67C8C6ACF039}.Debug|Any CPU.Build.0 = Debug|Any CPU
		{D13E140C-6021-4026-A802-67C8C6ACF039}.Release|Any CPU.ActiveCfg = Release|Any CPU
		{D13E140C-6021-4026-A802-67C8C6ACF039}.Release|Any CPU.Build.0 = Release|Any CPU
		{7D7E8DF3-765F-422A-9D86-184C5EEAA306}.Debug|Any CPU.ActiveCfg = Debug|Any CPU
		{7D7E8DF3-765F-422A-9D86-184C5EEAA306}.Debug|Any CPU.Build.0 = Debug|Any CPU
		{7D7E8DF3-765F-422A-9D86-184C5EEAA306}.Release|Any CPU.ActiveCfg = Release|Any CPU
		{7D7E8DF3-765F-422A-9D86-184C5EEAA306}.Release|Any CPU.Build.0 = Release|Any CPU
		{2FA2787F-1B83-4D27-A41E-23DA553F7F14}.Debug|Any CPU.ActiveCfg = Debug|Any CPU
		{2FA2787F-1B83-4D27-A41E-23DA553F7F14}.Debug|Any CPU.Build.0 = Debug|Any CPU
		{2FA2787F-1B83-4D27-A41E-23DA553F7F14}.Release|Any CPU.ActiveCfg = Release|Any CPU
		{2FA2787F-1B83-4D27-A41E-23DA553F7F14}.Release|Any CPU.Build.0 = Release|Any CPU
		{89264E28-4A20-4CF2-9DDF-6F1FA2598EC6}.Debug|Any CPU.ActiveCfg = Debug|Any CPU
		{89264E28-4A20-4CF2-9DDF-6F1FA2598EC6}.Debug|Any CPU.Build.0 = Debug|Any CPU
		{89264E28-4A20-4CF2-9DDF-6F1FA2598EC6}.Release|Any CPU.ActiveCfg = Release|Any CPU
		{89264E28-4A20-4CF2-9DDF-6F1FA2598EC6}.Release|Any CPU.Build.0 = Release|Any CPU
		{B729F7E7-5D3A-42A4-B2E1-FCC0E8D8A379}.Debug|Any CPU.ActiveCfg = Debug|Any CPU
		{B729F7E7-5D3A-42A4-B2E1-FCC0E8D8A379}.Debug|Any CPU.Build.0 = Debug|Any CPU
		{B729F7E7-5D3A-42A4-B2E1-FCC0E8D8A379}.Release|Any CPU.ActiveCfg = Release|Any CPU
		{B729F7E7-5D3A-42A4-B2E1-FCC0E8D8A379}.Release|Any CPU.Build.0 = Release|Any CPU
		{E581BE50-A2F0-41BB-9D1E-CF7A63C5E341}.Debug|Any CPU.ActiveCfg = Debug|Any CPU
		{E581BE50-A2F0-41BB-9D1E-CF7A63C5E341}.Debug|Any CPU.Build.0 = Debug|Any CPU
		{E581BE50-A2F0-41BB-9D1E-CF7A63C5E341}.Release|Any CPU.ActiveCfg = Release|Any CPU
		{E581BE50-A2F0-41BB-9D1E-CF7A63C5E341}.Release|Any CPU.Build.0 = Release|Any CPU
		{0F9344A1-1E92-48B9-B88F-FC0C7081F0A4}.Debug|Any CPU.ActiveCfg = Debug|Any CPU
		{0F9344A1-1E92-48B9-B88F-FC0C7081F0A4}.Debug|Any CPU.Build.0 = Debug|Any CPU
		{0F9344A1-1E92-48B9-B88F-FC0C7081F0A4}.Release|Any CPU.ActiveCfg = Release|Any CPU
		{0F9344A1-1E92-48B9-B88F-FC0C7081F0A4}.Release|Any CPU.Build.0 = Release|Any CPU
		{B51C78C4-081B-4D66-91CF-F88A7004B513}.Debug|Any CPU.ActiveCfg = Debug|Any CPU
		{B51C78C4-081B-4D66-91CF-F88A7004B513}.Debug|Any CPU.Build.0 = Debug|Any CPU
		{B51C78C4-081B-4D66-91CF-F88A7004B513}.Release|Any CPU.ActiveCfg = Release|Any CPU
		{B51C78C4-081B-4D66-91CF-F88A7004B513}.Release|Any CPU.Build.0 = Release|Any CPU
		{F62859A7-280E-4812-820F-EDCE6C891EEA}.Debug|Any CPU.ActiveCfg = Debug|Any CPU
		{F62859A7-280E-4812-820F-EDCE6C891EEA}.Debug|Any CPU.Build.0 = Debug|Any CPU
		{F62859A7-280E-4812-820F-EDCE6C891EEA}.Release|Any CPU.ActiveCfg = Release|Any CPU
		{F62859A7-280E-4812-820F-EDCE6C891EEA}.Release|Any CPU.Build.0 = Release|Any CPU
		{785D7A89-BF09-4A97-BE95-1F35F32F0162}.Debug|Any CPU.ActiveCfg = Debug|Any CPU
		{785D7A89-BF09-4A97-BE95-1F35F32F0162}.Debug|Any CPU.Build.0 = Debug|Any CPU
		{785D7A89-BF09-4A97-BE95-1F35F32F0162}.Release|Any CPU.ActiveCfg = Release|Any CPU
		{785D7A89-BF09-4A97-BE95-1F35F32F0162}.Release|Any CPU.Build.0 = Release|Any CPU
		{26321435-EB7D-40D4-BC9D-3E6E8E82BB29}.Debug|Any CPU.ActiveCfg = Debug|Any CPU
		{26321435-EB7D-40D4-BC9D-3E6E8E82BB29}.Debug|Any CPU.Build.0 = Debug|Any CPU
		{26321435-EB7D-40D4-BC9D-3E6E8E82BB29}.Release|Any CPU.ActiveCfg = Release|Any CPU
		{26321435-EB7D-40D4-BC9D-3E6E8E82BB29}.Release|Any CPU.Build.0 = Release|Any CPU
		{7D4491D1-1DD0-4A47-B3C8-9AEAB3EAF5F5}.Debug|Any CPU.ActiveCfg = Debug|Any CPU
		{7D4491D1-1DD0-4A47-B3C8-9AEAB3EAF5F5}.Debug|Any CPU.Build.0 = Debug|Any CPU
		{7D4491D1-1DD0-4A47-B3C8-9AEAB3EAF5F5}.Release|Any CPU.ActiveCfg = Release|Any CPU
		{7D4491D1-1DD0-4A47-B3C8-9AEAB3EAF5F5}.Release|Any CPU.Build.0 = Release|Any CPU
		{AC0799FF-3A28-4B10-B983-B7E5BA174FC2}.Debug|Any CPU.ActiveCfg = Debug|Any CPU
		{AC0799FF-3A28-4B10-B983-B7E5BA174FC2}.Debug|Any CPU.Build.0 = Debug|Any CPU
		{AC0799FF-3A28-4B10-B983-B7E5BA174FC2}.Release|Any CPU.ActiveCfg = Release|Any CPU
		{AC0799FF-3A28-4B10-B983-B7E5BA174FC2}.Release|Any CPU.Build.0 = Release|Any CPU
		{7810DBA9-5DF6-482F-BC38-B0AF9F183387}.Debug|Any CPU.ActiveCfg = Debug|Any CPU
		{7810DBA9-5DF6-482F-BC38-B0AF9F183387}.Debug|Any CPU.Build.0 = Debug|Any CPU
		{7810DBA9-5DF6-482F-BC38-B0AF9F183387}.Release|Any CPU.ActiveCfg = Release|Any CPU
		{7810DBA9-5DF6-482F-BC38-B0AF9F183387}.Release|Any CPU.Build.0 = Release|Any CPU
		{D4690E26-D4F1-428A-BB03-FBB276DD678C}.Debug|Any CPU.ActiveCfg = Debug|Any CPU
		{D4690E26-D4F1-428A-BB03-FBB276DD678C}.Debug|Any CPU.Build.0 = Debug|Any CPU
		{D4690E26-D4F1-428A-BB03-FBB276DD678C}.Release|Any CPU.ActiveCfg = Release|Any CPU
		{D4690E26-D4F1-428A-BB03-FBB276DD678C}.Release|Any CPU.Build.0 = Release|Any CPU
		{029FC850-CEFC-4DB3-AFDD-32F003423A98}.Debug|Any CPU.ActiveCfg = Debug|Any CPU
		{029FC850-CEFC-4DB3-AFDD-32F003423A98}.Debug|Any CPU.Build.0 = Debug|Any CPU
		{029FC850-CEFC-4DB3-AFDD-32F003423A98}.Release|Any CPU.ActiveCfg = Release|Any CPU
		{029FC850-CEFC-4DB3-AFDD-32F003423A98}.Release|Any CPU.Build.0 = Release|Any CPU
		{5F46E080-699F-4256-B112-6470CEFCA82B}.Debug|Any CPU.ActiveCfg = Debug|Any CPU
		{5F46E080-699F-4256-B112-6470CEFCA82B}.Debug|Any CPU.Build.0 = Debug|Any CPU
		{5F46E080-699F-4256-B112-6470CEFCA82B}.Release|Any CPU.ActiveCfg = Release|Any CPU
		{5F46E080-699F-4256-B112-6470CEFCA82B}.Release|Any CPU.Build.0 = Release|Any CPU
		{4857EC78-643B-44DC-82C0-492EF48D9EE9}.Debug|Any CPU.ActiveCfg = Debug|Any CPU
		{4857EC78-643B-44DC-82C0-492EF48D9EE9}.Debug|Any CPU.Build.0 = Debug|Any CPU
		{4857EC78-643B-44DC-82C0-492EF48D9EE9}.Release|Any CPU.ActiveCfg = Release|Any CPU
		{4857EC78-643B-44DC-82C0-492EF48D9EE9}.Release|Any CPU.Build.0 = Release|Any CPU
		{D5EFC1CD-8325-4DBD-951D-E4D8745C182F}.Debug|Any CPU.ActiveCfg = Debug|Any CPU
		{D5EFC1CD-8325-4DBD-951D-E4D8745C182F}.Debug|Any CPU.Build.0 = Debug|Any CPU
		{D5EFC1CD-8325-4DBD-951D-E4D8745C182F}.Release|Any CPU.ActiveCfg = Release|Any CPU
		{D5EFC1CD-8325-4DBD-951D-E4D8745C182F}.Release|Any CPU.Build.0 = Release|Any CPU
		{853C4DBD-62F6-4672-91BD-65BB555139B6}.Debug|Any CPU.ActiveCfg = Debug|Any CPU
		{853C4DBD-62F6-4672-91BD-65BB555139B6}.Debug|Any CPU.Build.0 = Debug|Any CPU
		{853C4DBD-62F6-4672-91BD-65BB555139B6}.Release|Any CPU.ActiveCfg = Release|Any CPU
		{853C4DBD-62F6-4672-91BD-65BB555139B6}.Release|Any CPU.Build.0 = Release|Any CPU
		{6F34DF8B-5201-46F3-965F-BCB3E19DEA9A}.Debug|Any CPU.ActiveCfg = Debug|Any CPU
		{6F34DF8B-5201-46F3-965F-BCB3E19DEA9A}.Debug|Any CPU.Build.0 = Debug|Any CPU
		{6F34DF8B-5201-46F3-965F-BCB3E19DEA9A}.Release|Any CPU.ActiveCfg = Release|Any CPU
		{6F34DF8B-5201-46F3-965F-BCB3E19DEA9A}.Release|Any CPU.Build.0 = Release|Any CPU
		{8C889EEB-54CA-4279-9D63-6687CD20AF32}.Debug|Any CPU.ActiveCfg = Debug|Any CPU
		{8C889EEB-54CA-4279-9D63-6687CD20AF32}.Debug|Any CPU.Build.0 = Debug|Any CPU
		{8C889EEB-54CA-4279-9D63-6687CD20AF32}.Release|Any CPU.ActiveCfg = Release|Any CPU
		{8C889EEB-54CA-4279-9D63-6687CD20AF32}.Release|Any CPU.Build.0 = Release|Any CPU
		{4866A921-7925-4041-8BCB-6A38427D6165}.Debug|Any CPU.ActiveCfg = Debug|Any CPU
		{4866A921-7925-4041-8BCB-6A38427D6165}.Debug|Any CPU.Build.0 = Debug|Any CPU
		{4866A921-7925-4041-8BCB-6A38427D6165}.Release|Any CPU.ActiveCfg = Release|Any CPU
		{4866A921-7925-4041-8BCB-6A38427D6165}.Release|Any CPU.Build.0 = Release|Any CPU
		{FA2091DD-D117-4BE9-95BE-24A4931ABA9D}.Debug|Any CPU.ActiveCfg = Debug|Any CPU
		{FA2091DD-D117-4BE9-95BE-24A4931ABA9D}.Debug|Any CPU.Build.0 = Debug|Any CPU
		{FA2091DD-D117-4BE9-95BE-24A4931ABA9D}.Release|Any CPU.ActiveCfg = Release|Any CPU
		{FA2091DD-D117-4BE9-95BE-24A4931ABA9D}.Release|Any CPU.Build.0 = Release|Any CPU
		{A413C774-5E9E-48EF-BF9C-5E8620FFB5B2}.Debug|Any CPU.ActiveCfg = Debug|Any CPU
		{A413C774-5E9E-48EF-BF9C-5E8620FFB5B2}.Debug|Any CPU.Build.0 = Debug|Any CPU
		{A413C774-5E9E-48EF-BF9C-5E8620FFB5B2}.Release|Any CPU.ActiveCfg = Release|Any CPU
		{A413C774-5E9E-48EF-BF9C-5E8620FFB5B2}.Release|Any CPU.Build.0 = Release|Any CPU
		{133C13BA-5A93-482E-9B48-7DC36A152F7B}.Debug|Any CPU.ActiveCfg = Debug|Any CPU
		{133C13BA-5A93-482E-9B48-7DC36A152F7B}.Debug|Any CPU.Build.0 = Debug|Any CPU
		{133C13BA-5A93-482E-9B48-7DC36A152F7B}.Release|Any CPU.ActiveCfg = Release|Any CPU
		{133C13BA-5A93-482E-9B48-7DC36A152F7B}.Release|Any CPU.Build.0 = Release|Any CPU
		{74B5CEB9-AFD5-42B7-A0DF-6B8C46E35EDE}.Debug|Any CPU.ActiveCfg = Debug|Any CPU
		{74B5CEB9-AFD5-42B7-A0DF-6B8C46E35EDE}.Debug|Any CPU.Build.0 = Debug|Any CPU
		{74B5CEB9-AFD5-42B7-A0DF-6B8C46E35EDE}.Release|Any CPU.ActiveCfg = Release|Any CPU
		{74B5CEB9-AFD5-42B7-A0DF-6B8C46E35EDE}.Release|Any CPU.Build.0 = Release|Any CPU
		{BA7EC207-ED3C-4A9E-9172-DE8E8DC707D3}.Debug|Any CPU.ActiveCfg = Debug|Any CPU
		{BA7EC207-ED3C-4A9E-9172-DE8E8DC707D3}.Debug|Any CPU.Build.0 = Debug|Any CPU
		{BA7EC207-ED3C-4A9E-9172-DE8E8DC707D3}.Release|Any CPU.ActiveCfg = Release|Any CPU
		{BA7EC207-ED3C-4A9E-9172-DE8E8DC707D3}.Release|Any CPU.Build.0 = Release|Any CPU
		{35809E2A-5399-4311-B28F-34193A606A25}.Debug|Any CPU.ActiveCfg = Debug|Any CPU
		{35809E2A-5399-4311-B28F-34193A606A25}.Debug|Any CPU.Build.0 = Debug|Any CPU
		{35809E2A-5399-4311-B28F-34193A606A25}.Release|Any CPU.ActiveCfg = Release|Any CPU
		{35809E2A-5399-4311-B28F-34193A606A25}.Release|Any CPU.Build.0 = Release|Any CPU
		{2F467C45-4B8A-424A-B2D2-BE8700A79019}.Debug|Any CPU.ActiveCfg = Debug|Any CPU
		{2F467C45-4B8A-424A-B2D2-BE8700A79019}.Debug|Any CPU.Build.0 = Debug|Any CPU
		{2F467C45-4B8A-424A-B2D2-BE8700A79019}.Release|Any CPU.ActiveCfg = Release|Any CPU
		{2F467C45-4B8A-424A-B2D2-BE8700A79019}.Release|Any CPU.Build.0 = Release|Any CPU
		{36AC7179-222B-4B82-8C31-B5B4CDAB5FFC}.Debug|Any CPU.ActiveCfg = Debug|Any CPU
		{36AC7179-222B-4B82-8C31-B5B4CDAB5FFC}.Debug|Any CPU.Build.0 = Debug|Any CPU
		{36AC7179-222B-4B82-8C31-B5B4CDAB5FFC}.Release|Any CPU.ActiveCfg = Release|Any CPU
		{36AC7179-222B-4B82-8C31-B5B4CDAB5FFC}.Release|Any CPU.Build.0 = Release|Any CPU
		{17D75769-AB59-4672-A197-8B8B13B71615}.Debug|Any CPU.ActiveCfg = Debug|Any CPU
		{17D75769-AB59-4672-A197-8B8B13B71615}.Debug|Any CPU.Build.0 = Debug|Any CPU
		{17D75769-AB59-4672-A197-8B8B13B71615}.Release|Any CPU.ActiveCfg = Release|Any CPU
		{17D75769-AB59-4672-A197-8B8B13B71615}.Release|Any CPU.Build.0 = Release|Any CPU
		{02DD3CEF-865A-4CCE-B761-5726039EF69E}.Debug|Any CPU.ActiveCfg = Debug|Any CPU
		{02DD3CEF-865A-4CCE-B761-5726039EF69E}.Debug|Any CPU.Build.0 = Debug|Any CPU
		{02DD3CEF-865A-4CCE-B761-5726039EF69E}.Release|Any CPU.ActiveCfg = Release|Any CPU
		{02DD3CEF-865A-4CCE-B761-5726039EF69E}.Release|Any CPU.Build.0 = Release|Any CPU
		{635D1380-6590-4543-973B-A6D5D4500905}.Debug|Any CPU.ActiveCfg = Debug|Any CPU
		{635D1380-6590-4543-973B-A6D5D4500905}.Debug|Any CPU.Build.0 = Debug|Any CPU
		{635D1380-6590-4543-973B-A6D5D4500905}.Release|Any CPU.ActiveCfg = Release|Any CPU
		{635D1380-6590-4543-973B-A6D5D4500905}.Release|Any CPU.Build.0 = Release|Any CPU
		{D6175F1E-AC7C-4115-B2AC-065CE65FBB0C}.Debug|Any CPU.ActiveCfg = Debug|Any CPU
		{D6175F1E-AC7C-4115-B2AC-065CE65FBB0C}.Debug|Any CPU.Build.0 = Debug|Any CPU
		{D6175F1E-AC7C-4115-B2AC-065CE65FBB0C}.Release|Any CPU.ActiveCfg = Release|Any CPU
		{D6175F1E-AC7C-4115-B2AC-065CE65FBB0C}.Release|Any CPU.Build.0 = Release|Any CPU
		{329D6B8F-A188-45CB-BD83-28B48C4BF1AD}.Debug|Any CPU.ActiveCfg = Debug|Any CPU
		{329D6B8F-A188-45CB-BD83-28B48C4BF1AD}.Debug|Any CPU.Build.0 = Debug|Any CPU
		{329D6B8F-A188-45CB-BD83-28B48C4BF1AD}.Release|Any CPU.ActiveCfg = Release|Any CPU
		{329D6B8F-A188-45CB-BD83-28B48C4BF1AD}.Release|Any CPU.Build.0 = Release|Any CPU
		{A9FA76AD-147D-418A-A4D5-77CF3DA644A4}.Debug|Any CPU.ActiveCfg = Debug|Any CPU
		{A9FA76AD-147D-418A-A4D5-77CF3DA644A4}.Debug|Any CPU.Build.0 = Debug|Any CPU
		{A9FA76AD-147D-418A-A4D5-77CF3DA644A4}.Release|Any CPU.ActiveCfg = Release|Any CPU
		{A9FA76AD-147D-418A-A4D5-77CF3DA644A4}.Release|Any CPU.Build.0 = Release|Any CPU
		{7237E584-E36E-497C-890C-1BE50DC46664}.Debug|Any CPU.ActiveCfg = Debug|Any CPU
		{7237E584-E36E-497C-890C-1BE50DC46664}.Debug|Any CPU.Build.0 = Debug|Any CPU
		{7237E584-E36E-497C-890C-1BE50DC46664}.Release|Any CPU.ActiveCfg = Release|Any CPU
		{7237E584-E36E-497C-890C-1BE50DC46664}.Release|Any CPU.Build.0 = Release|Any CPU
		{EA5AF36B-C8FC-4C07-A36E-E83905650E8A}.Debug|Any CPU.ActiveCfg = Debug|Any CPU
		{EA5AF36B-C8FC-4C07-A36E-E83905650E8A}.Debug|Any CPU.Build.0 = Debug|Any CPU
		{EA5AF36B-C8FC-4C07-A36E-E83905650E8A}.Release|Any CPU.ActiveCfg = Release|Any CPU
		{EA5AF36B-C8FC-4C07-A36E-E83905650E8A}.Release|Any CPU.Build.0 = Release|Any CPU
		{07537A79-AC5E-4E19-99BB-89B2CEE0814C}.Debug|Any CPU.ActiveCfg = Debug|Any CPU
		{07537A79-AC5E-4E19-99BB-89B2CEE0814C}.Debug|Any CPU.Build.0 = Debug|Any CPU
		{07537A79-AC5E-4E19-99BB-89B2CEE0814C}.Release|Any CPU.ActiveCfg = Release|Any CPU
		{07537A79-AC5E-4E19-99BB-89B2CEE0814C}.Release|Any CPU.Build.0 = Release|Any CPU
		{F12AFBE8-5176-4313-8429-09D499CA04EC}.Debug|Any CPU.ActiveCfg = Debug|Any CPU
		{F12AFBE8-5176-4313-8429-09D499CA04EC}.Debug|Any CPU.Build.0 = Debug|Any CPU
		{F12AFBE8-5176-4313-8429-09D499CA04EC}.Release|Any CPU.ActiveCfg = Release|Any CPU
		{F12AFBE8-5176-4313-8429-09D499CA04EC}.Release|Any CPU.Build.0 = Release|Any CPU
		{8DF567A4-AC82-4F33-8349-F823C887BB9F}.Debug|Any CPU.ActiveCfg = Debug|Any CPU
		{8DF567A4-AC82-4F33-8349-F823C887BB9F}.Debug|Any CPU.Build.0 = Debug|Any CPU
		{8DF567A4-AC82-4F33-8349-F823C887BB9F}.Release|Any CPU.ActiveCfg = Release|Any CPU
		{8DF567A4-AC82-4F33-8349-F823C887BB9F}.Release|Any CPU.Build.0 = Release|Any CPU
		{D1AC1698-7374-4FEF-82D2-74DF11D233F5}.Debug|Any CPU.ActiveCfg = Debug|Any CPU
		{D1AC1698-7374-4FEF-82D2-74DF11D233F5}.Debug|Any CPU.Build.0 = Debug|Any CPU
		{D1AC1698-7374-4FEF-82D2-74DF11D233F5}.Release|Any CPU.ActiveCfg = Release|Any CPU
		{D1AC1698-7374-4FEF-82D2-74DF11D233F5}.Release|Any CPU.Build.0 = Release|Any CPU
		{79A6453A-0513-44D6-B59E-0A5749CD069E}.Debug|Any CPU.ActiveCfg = Debug|Any CPU
		{79A6453A-0513-44D6-B59E-0A5749CD069E}.Debug|Any CPU.Build.0 = Debug|Any CPU
		{79A6453A-0513-44D6-B59E-0A5749CD069E}.Release|Any CPU.ActiveCfg = Release|Any CPU
		{79A6453A-0513-44D6-B59E-0A5749CD069E}.Release|Any CPU.Build.0 = Release|Any CPU
		{9E97C686-C90D-4B60-835E-BBA16CDA06D4}.Debug|Any CPU.ActiveCfg = Debug|Any CPU
		{9E97C686-C90D-4B60-835E-BBA16CDA06D4}.Debug|Any CPU.Build.0 = Debug|Any CPU
		{9E97C686-C90D-4B60-835E-BBA16CDA06D4}.Release|Any CPU.ActiveCfg = Release|Any CPU
		{9E97C686-C90D-4B60-835E-BBA16CDA06D4}.Release|Any CPU.Build.0 = Release|Any CPU
		{95117085-147A-4CD1-B11C-E8AFD798DA8F}.Debug|Any CPU.ActiveCfg = Debug|Any CPU
		{95117085-147A-4CD1-B11C-E8AFD798DA8F}.Debug|Any CPU.Build.0 = Debug|Any CPU
		{95117085-147A-4CD1-B11C-E8AFD798DA8F}.Release|Any CPU.ActiveCfg = Release|Any CPU
		{95117085-147A-4CD1-B11C-E8AFD798DA8F}.Release|Any CPU.Build.0 = Release|Any CPU
		{2D2F5607-EF9B-4FBD-9DDF-E7C519898EF6}.Debug|Any CPU.ActiveCfg = Debug|Any CPU
		{2D2F5607-EF9B-4FBD-9DDF-E7C519898EF6}.Debug|Any CPU.Build.0 = Debug|Any CPU
		{2D2F5607-EF9B-4FBD-9DDF-E7C519898EF6}.Release|Any CPU.ActiveCfg = Release|Any CPU
		{2D2F5607-EF9B-4FBD-9DDF-E7C519898EF6}.Release|Any CPU.Build.0 = Release|Any CPU
		{63D8C073-1763-43D6-A4FC-4FCF1E7A06E8}.Debug|Any CPU.ActiveCfg = Debug|Any CPU
		{63D8C073-1763-43D6-A4FC-4FCF1E7A06E8}.Debug|Any CPU.Build.0 = Debug|Any CPU
		{63D8C073-1763-43D6-A4FC-4FCF1E7A06E8}.Release|Any CPU.ActiveCfg = Release|Any CPU
		{63D8C073-1763-43D6-A4FC-4FCF1E7A06E8}.Release|Any CPU.Build.0 = Release|Any CPU
		{EA4803E5-6835-415E-A640-7E690D1BCB9E}.Debug|Any CPU.ActiveCfg = Debug|Any CPU
		{EA4803E5-6835-415E-A640-7E690D1BCB9E}.Debug|Any CPU.Build.0 = Debug|Any CPU
		{EA4803E5-6835-415E-A640-7E690D1BCB9E}.Release|Any CPU.ActiveCfg = Release|Any CPU
		{EA4803E5-6835-415E-A640-7E690D1BCB9E}.Release|Any CPU.Build.0 = Release|Any CPU
		{09D6D219-5671-4AC2-A59D-ACB3D8FAAF20}.Debug|Any CPU.ActiveCfg = Debug|Any CPU
		{09D6D219-5671-4AC2-A59D-ACB3D8FAAF20}.Debug|Any CPU.Build.0 = Debug|Any CPU
		{09D6D219-5671-4AC2-A59D-ACB3D8FAAF20}.Release|Any CPU.ActiveCfg = Release|Any CPU
		{09D6D219-5671-4AC2-A59D-ACB3D8FAAF20}.Release|Any CPU.Build.0 = Release|Any CPU
		{AB00CABF-34D3-432C-80B4-6ECD180A6D4B}.Debug|Any CPU.ActiveCfg = Debug|Any CPU
		{AB00CABF-34D3-432C-80B4-6ECD180A6D4B}.Debug|Any CPU.Build.0 = Debug|Any CPU
		{AB00CABF-34D3-432C-80B4-6ECD180A6D4B}.Release|Any CPU.ActiveCfg = Release|Any CPU
		{AB00CABF-34D3-432C-80B4-6ECD180A6D4B}.Release|Any CPU.Build.0 = Release|Any CPU
		{63487157-592A-4416-A2C9-D01DB878FD51}.Debug|Any CPU.ActiveCfg = Debug|Any CPU
		{63487157-592A-4416-A2C9-D01DB878FD51}.Debug|Any CPU.Build.0 = Debug|Any CPU
		{63487157-592A-4416-A2C9-D01DB878FD51}.Release|Any CPU.ActiveCfg = Release|Any CPU
		{63487157-592A-4416-A2C9-D01DB878FD51}.Release|Any CPU.Build.0 = Release|Any CPU
		{2145BF6E-4D52-4A40-9DF5-40B42C2A3ABE}.Debug|Any CPU.ActiveCfg = Debug|Any CPU
		{2145BF6E-4D52-4A40-9DF5-40B42C2A3ABE}.Debug|Any CPU.Build.0 = Debug|Any CPU
		{2145BF6E-4D52-4A40-9DF5-40B42C2A3ABE}.Release|Any CPU.ActiveCfg = Release|Any CPU
		{2145BF6E-4D52-4A40-9DF5-40B42C2A3ABE}.Release|Any CPU.Build.0 = Release|Any CPU
		{DBA857F5-905A-42E0-9DCC-4A541F5EBC64}.Debug|Any CPU.ActiveCfg = Debug|Any CPU
		{DBA857F5-905A-42E0-9DCC-4A541F5EBC64}.Debug|Any CPU.Build.0 = Debug|Any CPU
		{DBA857F5-905A-42E0-9DCC-4A541F5EBC64}.Release|Any CPU.ActiveCfg = Release|Any CPU
		{DBA857F5-905A-42E0-9DCC-4A541F5EBC64}.Release|Any CPU.Build.0 = Release|Any CPU
		{E355E5FD-38FC-4D96-A027-697D5F791495}.Debug|Any CPU.ActiveCfg = Debug|Any CPU
		{E355E5FD-38FC-4D96-A027-697D5F791495}.Debug|Any CPU.Build.0 = Debug|Any CPU
		{E355E5FD-38FC-4D96-A027-697D5F791495}.Release|Any CPU.ActiveCfg = Release|Any CPU
		{E355E5FD-38FC-4D96-A027-697D5F791495}.Release|Any CPU.Build.0 = Release|Any CPU
		{049BE6B4-7099-41D4-8633-BAB887133495}.Debug|Any CPU.ActiveCfg = Debug|Any CPU
		{049BE6B4-7099-41D4-8633-BAB887133495}.Debug|Any CPU.Build.0 = Debug|Any CPU
		{049BE6B4-7099-41D4-8633-BAB887133495}.Release|Any CPU.ActiveCfg = Release|Any CPU
		{049BE6B4-7099-41D4-8633-BAB887133495}.Release|Any CPU.Build.0 = Release|Any CPU
		{94EF7EF3-670F-470E-92C9-7180581A2DD0}.Debug|Any CPU.ActiveCfg = Debug|Any CPU
		{94EF7EF3-670F-470E-92C9-7180581A2DD0}.Debug|Any CPU.Build.0 = Debug|Any CPU
		{94EF7EF3-670F-470E-92C9-7180581A2DD0}.Release|Any CPU.ActiveCfg = Release|Any CPU
		{94EF7EF3-670F-470E-92C9-7180581A2DD0}.Release|Any CPU.Build.0 = Release|Any CPU
		{37904696-5580-4E7D-88F7-A60A4CDF3DC4}.Debug|Any CPU.ActiveCfg = Debug|Any CPU
		{37904696-5580-4E7D-88F7-A60A4CDF3DC4}.Debug|Any CPU.Build.0 = Debug|Any CPU
		{37904696-5580-4E7D-88F7-A60A4CDF3DC4}.Release|Any CPU.ActiveCfg = Release|Any CPU
		{37904696-5580-4E7D-88F7-A60A4CDF3DC4}.Release|Any CPU.Build.0 = Release|Any CPU
		{BA4D8D92-0805-4FC8-99D7-9EBD2AFC423B}.Debug|Any CPU.ActiveCfg = Debug|Any CPU
		{BA4D8D92-0805-4FC8-99D7-9EBD2AFC423B}.Debug|Any CPU.Build.0 = Debug|Any CPU
		{BA4D8D92-0805-4FC8-99D7-9EBD2AFC423B}.Release|Any CPU.ActiveCfg = Release|Any CPU
		{BA4D8D92-0805-4FC8-99D7-9EBD2AFC423B}.Release|Any CPU.Build.0 = Release|Any CPU
		{5979275C-51D8-4678-B496-31BEB353F320}.Debug|Any CPU.ActiveCfg = Debug|Any CPU
		{5979275C-51D8-4678-B496-31BEB353F320}.Debug|Any CPU.Build.0 = Debug|Any CPU
		{5979275C-51D8-4678-B496-31BEB353F320}.Release|Any CPU.ActiveCfg = Release|Any CPU
		{5979275C-51D8-4678-B496-31BEB353F320}.Release|Any CPU.Build.0 = Release|Any CPU
		{795F17CC-DACC-450E-BEC5-F77EE7BA194D}.Debug|Any CPU.ActiveCfg = Debug|Any CPU
		{795F17CC-DACC-450E-BEC5-F77EE7BA194D}.Debug|Any CPU.Build.0 = Debug|Any CPU
		{795F17CC-DACC-450E-BEC5-F77EE7BA194D}.Release|Any CPU.ActiveCfg = Release|Any CPU
		{795F17CC-DACC-450E-BEC5-F77EE7BA194D}.Release|Any CPU.Build.0 = Release|Any CPU
		{4E3B25E0-174A-442B-B507-E1778D2D506C}.Debug|Any CPU.ActiveCfg = Debug|Any CPU
		{4E3B25E0-174A-442B-B507-E1778D2D506C}.Debug|Any CPU.Build.0 = Debug|Any CPU
		{4E3B25E0-174A-442B-B507-E1778D2D506C}.Release|Any CPU.ActiveCfg = Release|Any CPU
		{4E3B25E0-174A-442B-B507-E1778D2D506C}.Release|Any CPU.Build.0 = Release|Any CPU
		{6A1255B2-3F99-4601-9217-5931CA99C944}.Debug|Any CPU.ActiveCfg = Debug|Any CPU
		{6A1255B2-3F99-4601-9217-5931CA99C944}.Debug|Any CPU.Build.0 = Debug|Any CPU
		{6A1255B2-3F99-4601-9217-5931CA99C944}.Release|Any CPU.ActiveCfg = Release|Any CPU
		{6A1255B2-3F99-4601-9217-5931CA99C944}.Release|Any CPU.Build.0 = Release|Any CPU
		{69DADDD1-95A2-4BE7-8BB9-6AE17279CBAC}.Debug|Any CPU.ActiveCfg = Debug|Any CPU
		{69DADDD1-95A2-4BE7-8BB9-6AE17279CBAC}.Debug|Any CPU.Build.0 = Debug|Any CPU
		{69DADDD1-95A2-4BE7-8BB9-6AE17279CBAC}.Release|Any CPU.ActiveCfg = Release|Any CPU
		{69DADDD1-95A2-4BE7-8BB9-6AE17279CBAC}.Release|Any CPU.Build.0 = Release|Any CPU
		{7E46D5C2-FA50-4D4E-8FCE-6FC2C5DA2E8B}.Debug|Any CPU.ActiveCfg = Debug|Any CPU
		{7E46D5C2-FA50-4D4E-8FCE-6FC2C5DA2E8B}.Debug|Any CPU.Build.0 = Debug|Any CPU
		{7E46D5C2-FA50-4D4E-8FCE-6FC2C5DA2E8B}.Release|Any CPU.ActiveCfg = Release|Any CPU
		{7E46D5C2-FA50-4D4E-8FCE-6FC2C5DA2E8B}.Release|Any CPU.Build.0 = Release|Any CPU
		{7EE892D6-76B4-4FEC-A74D-07481A0A3395}.Debug|Any CPU.ActiveCfg = Debug|Any CPU
		{7EE892D6-76B4-4FEC-A74D-07481A0A3395}.Debug|Any CPU.Build.0 = Debug|Any CPU
		{7EE892D6-76B4-4FEC-A74D-07481A0A3395}.Release|Any CPU.ActiveCfg = Release|Any CPU
		{7EE892D6-76B4-4FEC-A74D-07481A0A3395}.Release|Any CPU.Build.0 = Release|Any CPU
		{0AF13621-E813-47C2-BC82-72EBFE13E410}.Debug|Any CPU.ActiveCfg = Debug|Any CPU
		{0AF13621-E813-47C2-BC82-72EBFE13E410}.Debug|Any CPU.Build.0 = Debug|Any CPU
		{0AF13621-E813-47C2-BC82-72EBFE13E410}.Release|Any CPU.ActiveCfg = Release|Any CPU
		{0AF13621-E813-47C2-BC82-72EBFE13E410}.Release|Any CPU.Build.0 = Release|Any CPU
		{EC655B9B-B31B-42D5-83B1-04246BD3FA84}.Debug|Any CPU.ActiveCfg = Debug|Any CPU
		{EC655B9B-B31B-42D5-83B1-04246BD3FA84}.Debug|Any CPU.Build.0 = Debug|Any CPU
		{EC655B9B-B31B-42D5-83B1-04246BD3FA84}.Release|Any CPU.ActiveCfg = Release|Any CPU
		{EC655B9B-B31B-42D5-83B1-04246BD3FA84}.Release|Any CPU.Build.0 = Release|Any CPU
		{51E922CA-9E9B-4E1C-9477-4FDEBE1E41A8}.Debug|Any CPU.ActiveCfg = Debug|Any CPU
		{51E922CA-9E9B-4E1C-9477-4FDEBE1E41A8}.Debug|Any CPU.Build.0 = Debug|Any CPU
		{51E922CA-9E9B-4E1C-9477-4FDEBE1E41A8}.Release|Any CPU.ActiveCfg = Release|Any CPU
		{51E922CA-9E9B-4E1C-9477-4FDEBE1E41A8}.Release|Any CPU.Build.0 = Release|Any CPU
		{C675A2EA-95C4-495C-A89C-BE5D6CBE324F}.Debug|Any CPU.ActiveCfg = Debug|Any CPU
		{C675A2EA-95C4-495C-A89C-BE5D6CBE324F}.Debug|Any CPU.Build.0 = Debug|Any CPU
		{C675A2EA-95C4-495C-A89C-BE5D6CBE324F}.Release|Any CPU.ActiveCfg = Release|Any CPU
		{C675A2EA-95C4-495C-A89C-BE5D6CBE324F}.Release|Any CPU.Build.0 = Release|Any CPU
		{3FFDD6D9-3E3D-45B9-9C3F-7868A6FD41CB}.Debug|Any CPU.ActiveCfg = Debug|Any CPU
		{3FFDD6D9-3E3D-45B9-9C3F-7868A6FD41CB}.Debug|Any CPU.Build.0 = Debug|Any CPU
		{3FFDD6D9-3E3D-45B9-9C3F-7868A6FD41CB}.Release|Any CPU.ActiveCfg = Release|Any CPU
		{3FFDD6D9-3E3D-45B9-9C3F-7868A6FD41CB}.Release|Any CPU.Build.0 = Release|Any CPU
		{446C74E5-381A-4313-AE6A-56B24CD93A2F}.Debug|Any CPU.ActiveCfg = Debug|Any CPU
		{446C74E5-381A-4313-AE6A-56B24CD93A2F}.Debug|Any CPU.Build.0 = Debug|Any CPU
		{446C74E5-381A-4313-AE6A-56B24CD93A2F}.Release|Any CPU.ActiveCfg = Release|Any CPU
		{446C74E5-381A-4313-AE6A-56B24CD93A2F}.Release|Any CPU.Build.0 = Release|Any CPU
		{FC1A7046-4DEF-4665-A1CE-D697650CCFD7}.Debug|Any CPU.ActiveCfg = Debug|Any CPU
		{FC1A7046-4DEF-4665-A1CE-D697650CCFD7}.Debug|Any CPU.Build.0 = Debug|Any CPU
		{FC1A7046-4DEF-4665-A1CE-D697650CCFD7}.Release|Any CPU.ActiveCfg = Release|Any CPU
		{FC1A7046-4DEF-4665-A1CE-D697650CCFD7}.Release|Any CPU.Build.0 = Release|Any CPU
		{0A203639-7E39-488D-BF08-DE6FD8FC34C1}.Debug|Any CPU.ActiveCfg = Debug|Any CPU
		{0A203639-7E39-488D-BF08-DE6FD8FC34C1}.Debug|Any CPU.Build.0 = Debug|Any CPU
		{0A203639-7E39-488D-BF08-DE6FD8FC34C1}.Release|Any CPU.ActiveCfg = Release|Any CPU
		{0A203639-7E39-488D-BF08-DE6FD8FC34C1}.Release|Any CPU.Build.0 = Release|Any CPU
		{C8216BA8-F572-46BD-8FD5-FDEDC1341698}.Debug|Any CPU.ActiveCfg = Debug|Any CPU
		{C8216BA8-F572-46BD-8FD5-FDEDC1341698}.Debug|Any CPU.Build.0 = Debug|Any CPU
		{C8216BA8-F572-46BD-8FD5-FDEDC1341698}.Release|Any CPU.ActiveCfg = Release|Any CPU
		{C8216BA8-F572-46BD-8FD5-FDEDC1341698}.Release|Any CPU.Build.0 = Release|Any CPU
		{6F782C3C-9AD7-42FD-8EB6-12DB440D9A24}.Debug|Any CPU.ActiveCfg = Debug|Any CPU
		{6F782C3C-9AD7-42FD-8EB6-12DB440D9A24}.Debug|Any CPU.Build.0 = Debug|Any CPU
		{6F782C3C-9AD7-42FD-8EB6-12DB440D9A24}.Release|Any CPU.ActiveCfg = Release|Any CPU
		{6F782C3C-9AD7-42FD-8EB6-12DB440D9A24}.Release|Any CPU.Build.0 = Release|Any CPU
		{78193494-618A-4855-906E-31D0A8D03830}.Debug|Any CPU.ActiveCfg = Debug|Any CPU
		{78193494-618A-4855-906E-31D0A8D03830}.Debug|Any CPU.Build.0 = Debug|Any CPU
		{78193494-618A-4855-906E-31D0A8D03830}.Release|Any CPU.ActiveCfg = Release|Any CPU
		{78193494-618A-4855-906E-31D0A8D03830}.Release|Any CPU.Build.0 = Release|Any CPU
		{617DD6FB-34EF-4DE2-B322-99D5474916DF}.Debug|Any CPU.ActiveCfg = Debug|Any CPU
		{617DD6FB-34EF-4DE2-B322-99D5474916DF}.Debug|Any CPU.Build.0 = Debug|Any CPU
		{617DD6FB-34EF-4DE2-B322-99D5474916DF}.Release|Any CPU.ActiveCfg = Release|Any CPU
		{617DD6FB-34EF-4DE2-B322-99D5474916DF}.Release|Any CPU.Build.0 = Release|Any CPU
		{777DB633-00B7-45B0-862D-772E80B0E2DB}.Debug|Any CPU.ActiveCfg = Debug|Any CPU
		{777DB633-00B7-45B0-862D-772E80B0E2DB}.Debug|Any CPU.Build.0 = Debug|Any CPU
		{777DB633-00B7-45B0-862D-772E80B0E2DB}.Release|Any CPU.ActiveCfg = Release|Any CPU
		{777DB633-00B7-45B0-862D-772E80B0E2DB}.Release|Any CPU.Build.0 = Release|Any CPU
		{04485718-8487-45DF-8045-703227F8C0E3}.Debug|Any CPU.ActiveCfg = Debug|Any CPU
		{04485718-8487-45DF-8045-703227F8C0E3}.Debug|Any CPU.Build.0 = Debug|Any CPU
		{04485718-8487-45DF-8045-703227F8C0E3}.Release|Any CPU.ActiveCfg = Release|Any CPU
		{04485718-8487-45DF-8045-703227F8C0E3}.Release|Any CPU.Build.0 = Release|Any CPU
		{F6D7800B-D9DC-420D-8862-AF05EF29FB05}.Debug|Any CPU.ActiveCfg = Debug|Any CPU
		{F6D7800B-D9DC-420D-8862-AF05EF29FB05}.Debug|Any CPU.Build.0 = Debug|Any CPU
		{F6D7800B-D9DC-420D-8862-AF05EF29FB05}.Release|Any CPU.ActiveCfg = Release|Any CPU
		{F6D7800B-D9DC-420D-8862-AF05EF29FB05}.Release|Any CPU.Build.0 = Release|Any CPU
		{CB0A22C8-6486-4AD4-A7A7-D47B44EB9116}.Debug|Any CPU.ActiveCfg = Debug|Any CPU
		{CB0A22C8-6486-4AD4-A7A7-D47B44EB9116}.Debug|Any CPU.Build.0 = Debug|Any CPU
		{CB0A22C8-6486-4AD4-A7A7-D47B44EB9116}.Release|Any CPU.ActiveCfg = Release|Any CPU
		{CB0A22C8-6486-4AD4-A7A7-D47B44EB9116}.Release|Any CPU.Build.0 = Release|Any CPU
		{388AA525-A55D-4366-BD51-EDFB37400121}.Debug|Any CPU.ActiveCfg = Debug|Any CPU
		{388AA525-A55D-4366-BD51-EDFB37400121}.Debug|Any CPU.Build.0 = Debug|Any CPU
		{388AA525-A55D-4366-BD51-EDFB37400121}.Release|Any CPU.ActiveCfg = Release|Any CPU
		{388AA525-A55D-4366-BD51-EDFB37400121}.Release|Any CPU.Build.0 = Release|Any CPU
		{8A2982E1-53C5-4365-8577-17F957512870}.Debug|Any CPU.ActiveCfg = Debug|Any CPU
		{8A2982E1-53C5-4365-8577-17F957512870}.Debug|Any CPU.Build.0 = Debug|Any CPU
		{8A2982E1-53C5-4365-8577-17F957512870}.Release|Any CPU.ActiveCfg = Release|Any CPU
		{8A2982E1-53C5-4365-8577-17F957512870}.Release|Any CPU.Build.0 = Release|Any CPU
		{97C4EDAA-7BCD-437A-8450-866FB48EA874}.Debug|Any CPU.ActiveCfg = Debug|Any CPU
		{97C4EDAA-7BCD-437A-8450-866FB48EA874}.Debug|Any CPU.Build.0 = Debug|Any CPU
		{97C4EDAA-7BCD-437A-8450-866FB48EA874}.Release|Any CPU.ActiveCfg = Release|Any CPU
		{97C4EDAA-7BCD-437A-8450-866FB48EA874}.Release|Any CPU.Build.0 = Release|Any CPU
		{1FBFAE29-6B00-4A4A-A06D-4AA2F76CD844}.Debug|Any CPU.ActiveCfg = Debug|Any CPU
		{1FBFAE29-6B00-4A4A-A06D-4AA2F76CD844}.Debug|Any CPU.Build.0 = Debug|Any CPU
		{1FBFAE29-6B00-4A4A-A06D-4AA2F76CD844}.Release|Any CPU.ActiveCfg = Release|Any CPU
		{1FBFAE29-6B00-4A4A-A06D-4AA2F76CD844}.Release|Any CPU.Build.0 = Release|Any CPU
		{D6B051BB-0A33-440B-A4B0-8495C4CF6249}.Debug|Any CPU.ActiveCfg = Debug|Any CPU
		{D6B051BB-0A33-440B-A4B0-8495C4CF6249}.Debug|Any CPU.Build.0 = Debug|Any CPU
		{D6B051BB-0A33-440B-A4B0-8495C4CF6249}.Release|Any CPU.ActiveCfg = Release|Any CPU
		{D6B051BB-0A33-440B-A4B0-8495C4CF6249}.Release|Any CPU.Build.0 = Release|Any CPU
		{DD7B8459-D709-4712-AB93-38DE7A08EC47}.Debug|Any CPU.ActiveCfg = Debug|Any CPU
		{DD7B8459-D709-4712-AB93-38DE7A08EC47}.Debug|Any CPU.Build.0 = Debug|Any CPU
		{DD7B8459-D709-4712-AB93-38DE7A08EC47}.Release|Any CPU.ActiveCfg = Release|Any CPU
		{DD7B8459-D709-4712-AB93-38DE7A08EC47}.Release|Any CPU.Build.0 = Release|Any CPU
		{71EFD804-86DA-4B19-A442-C6A3D9774B11}.Debug|Any CPU.ActiveCfg = Debug|Any CPU
		{71EFD804-86DA-4B19-A442-C6A3D9774B11}.Debug|Any CPU.Build.0 = Debug|Any CPU
		{71EFD804-86DA-4B19-A442-C6A3D9774B11}.Release|Any CPU.ActiveCfg = Release|Any CPU
		{71EFD804-86DA-4B19-A442-C6A3D9774B11}.Release|Any CPU.Build.0 = Release|Any CPU
		{8E875A24-0C11-4364-A9A9-AEB0C2556923}.Debug|Any CPU.ActiveCfg = Debug|Any CPU
		{8E875A24-0C11-4364-A9A9-AEB0C2556923}.Debug|Any CPU.Build.0 = Debug|Any CPU
		{8E875A24-0C11-4364-A9A9-AEB0C2556923}.Release|Any CPU.ActiveCfg = Release|Any CPU
		{8E875A24-0C11-4364-A9A9-AEB0C2556923}.Release|Any CPU.Build.0 = Release|Any CPU
		{55E930F6-ACC7-47F7-893E-A8DA35B01E30}.Debug|Any CPU.ActiveCfg = Debug|Any CPU
		{55E930F6-ACC7-47F7-893E-A8DA35B01E30}.Debug|Any CPU.Build.0 = Debug|Any CPU
		{55E930F6-ACC7-47F7-893E-A8DA35B01E30}.Release|Any CPU.ActiveCfg = Release|Any CPU
		{55E930F6-ACC7-47F7-893E-A8DA35B01E30}.Release|Any CPU.Build.0 = Release|Any CPU
		{F45DCC10-CBC0-46C0-ADDD-5CE3C6804C50}.Debug|Any CPU.ActiveCfg = Debug|Any CPU
		{F45DCC10-CBC0-46C0-ADDD-5CE3C6804C50}.Debug|Any CPU.Build.0 = Debug|Any CPU
		{F45DCC10-CBC0-46C0-ADDD-5CE3C6804C50}.Release|Any CPU.ActiveCfg = Release|Any CPU
		{F45DCC10-CBC0-46C0-ADDD-5CE3C6804C50}.Release|Any CPU.Build.0 = Release|Any CPU
		{F9EE25C0-159F-4863-B532-9590BDE09C71}.Debug|Any CPU.ActiveCfg = Debug|Any CPU
		{F9EE25C0-159F-4863-B532-9590BDE09C71}.Debug|Any CPU.Build.0 = Debug|Any CPU
		{F9EE25C0-159F-4863-B532-9590BDE09C71}.Release|Any CPU.ActiveCfg = Release|Any CPU
		{F9EE25C0-159F-4863-B532-9590BDE09C71}.Release|Any CPU.Build.0 = Release|Any CPU
		{DC43273C-D6BB-4491-BDDD-BE628A6F3535}.Debug|Any CPU.ActiveCfg = Debug|Any CPU
		{DC43273C-D6BB-4491-BDDD-BE628A6F3535}.Debug|Any CPU.Build.0 = Debug|Any CPU
		{DC43273C-D6BB-4491-BDDD-BE628A6F3535}.Release|Any CPU.ActiveCfg = Release|Any CPU
		{DC43273C-D6BB-4491-BDDD-BE628A6F3535}.Release|Any CPU.Build.0 = Release|Any CPU
		{C2E54A1A-537B-4FDF-89A4-C9F0794F9B8A}.Debug|Any CPU.ActiveCfg = Debug|Any CPU
		{C2E54A1A-537B-4FDF-89A4-C9F0794F9B8A}.Debug|Any CPU.Build.0 = Debug|Any CPU
		{C2E54A1A-537B-4FDF-89A4-C9F0794F9B8A}.Release|Any CPU.ActiveCfg = Release|Any CPU
		{C2E54A1A-537B-4FDF-89A4-C9F0794F9B8A}.Release|Any CPU.Build.0 = Release|Any CPU
		{52FC6442-74F9-4C5A-86C4-43AB05125991}.Debug|Any CPU.ActiveCfg = Debug|Any CPU
		{52FC6442-74F9-4C5A-86C4-43AB05125991}.Debug|Any CPU.Build.0 = Debug|Any CPU
		{52FC6442-74F9-4C5A-86C4-43AB05125991}.Release|Any CPU.ActiveCfg = Release|Any CPU
		{52FC6442-74F9-4C5A-86C4-43AB05125991}.Release|Any CPU.Build.0 = Release|Any CPU
		{872AB2C9-8D9F-4712-8F52-55B11C331AB6}.Debug|Any CPU.ActiveCfg = Debug|Any CPU
		{872AB2C9-8D9F-4712-8F52-55B11C331AB6}.Debug|Any CPU.Build.0 = Debug|Any CPU
		{872AB2C9-8D9F-4712-8F52-55B11C331AB6}.Release|Any CPU.ActiveCfg = Release|Any CPU
		{872AB2C9-8D9F-4712-8F52-55B11C331AB6}.Release|Any CPU.Build.0 = Release|Any CPU
		{C7FF6FB3-2460-4320-BC09-9638BE30F422}.Debug|Any CPU.ActiveCfg = Debug|Any CPU
		{C7FF6FB3-2460-4320-BC09-9638BE30F422}.Debug|Any CPU.Build.0 = Debug|Any CPU
		{C7FF6FB3-2460-4320-BC09-9638BE30F422}.Release|Any CPU.ActiveCfg = Release|Any CPU
		{C7FF6FB3-2460-4320-BC09-9638BE30F422}.Release|Any CPU.Build.0 = Release|Any CPU
		{264986D2-8374-45F2-95F4-3AE141CD5268}.Debug|Any CPU.ActiveCfg = Debug|Any CPU
		{264986D2-8374-45F2-95F4-3AE141CD5268}.Debug|Any CPU.Build.0 = Debug|Any CPU
		{264986D2-8374-45F2-95F4-3AE141CD5268}.Release|Any CPU.ActiveCfg = Release|Any CPU
		{264986D2-8374-45F2-95F4-3AE141CD5268}.Release|Any CPU.Build.0 = Release|Any CPU
		{63C93DD0-A26A-42CA-8E23-0DE69A50DF79}.Debug|Any CPU.ActiveCfg = Debug|Any CPU
		{63C93DD0-A26A-42CA-8E23-0DE69A50DF79}.Debug|Any CPU.Build.0 = Debug|Any CPU
		{63C93DD0-A26A-42CA-8E23-0DE69A50DF79}.Release|Any CPU.ActiveCfg = Release|Any CPU
		{63C93DD0-A26A-42CA-8E23-0DE69A50DF79}.Release|Any CPU.Build.0 = Release|Any CPU
		{3467DFBB-0622-4141-9219-3BDFA6C36356}.Debug|Any CPU.ActiveCfg = Debug|Any CPU
		{3467DFBB-0622-4141-9219-3BDFA6C36356}.Debug|Any CPU.Build.0 = Debug|Any CPU
		{3467DFBB-0622-4141-9219-3BDFA6C36356}.Release|Any CPU.ActiveCfg = Release|Any CPU
		{3467DFBB-0622-4141-9219-3BDFA6C36356}.Release|Any CPU.Build.0 = Release|Any CPU
		{970EB209-9434-4762-840E-33AF1C20590B}.Debug|Any CPU.ActiveCfg = Debug|Any CPU
		{970EB209-9434-4762-840E-33AF1C20590B}.Debug|Any CPU.Build.0 = Debug|Any CPU
		{970EB209-9434-4762-840E-33AF1C20590B}.Release|Any CPU.ActiveCfg = Release|Any CPU
		{970EB209-9434-4762-840E-33AF1C20590B}.Release|Any CPU.Build.0 = Release|Any CPU
		{C3007220-CA79-4EFB-8E79-3D0A33511D72}.Debug|Any CPU.ActiveCfg = Debug|Any CPU
		{C3007220-CA79-4EFB-8E79-3D0A33511D72}.Debug|Any CPU.Build.0 = Debug|Any CPU
		{C3007220-CA79-4EFB-8E79-3D0A33511D72}.Release|Any CPU.ActiveCfg = Release|Any CPU
		{C3007220-CA79-4EFB-8E79-3D0A33511D72}.Release|Any CPU.Build.0 = Release|Any CPU
		{C6955E19-418E-47D3-9A0F-6D376F8B01F0}.Debug|Any CPU.ActiveCfg = Debug|Any CPU
		{C6955E19-418E-47D3-9A0F-6D376F8B01F0}.Debug|Any CPU.Build.0 = Debug|Any CPU
		{C6955E19-418E-47D3-9A0F-6D376F8B01F0}.Release|Any CPU.ActiveCfg = Release|Any CPU
		{C6955E19-418E-47D3-9A0F-6D376F8B01F0}.Release|Any CPU.Build.0 = Release|Any CPU
		{CAAD3E23-756F-4C02-A763-C5ACD063FEA9}.Debug|Any CPU.ActiveCfg = Debug|Any CPU
		{CAAD3E23-756F-4C02-A763-C5ACD063FEA9}.Debug|Any CPU.Build.0 = Debug|Any CPU
		{CAAD3E23-756F-4C02-A763-C5ACD063FEA9}.Release|Any CPU.ActiveCfg = Release|Any CPU
		{CAAD3E23-756F-4C02-A763-C5ACD063FEA9}.Release|Any CPU.Build.0 = Release|Any CPU
		{324D7FCD-DA7B-41CF-A9C1-4E80480CCDD9}.Debug|Any CPU.ActiveCfg = Debug|Any CPU
		{324D7FCD-DA7B-41CF-A9C1-4E80480CCDD9}.Debug|Any CPU.Build.0 = Debug|Any CPU
		{324D7FCD-DA7B-41CF-A9C1-4E80480CCDD9}.Release|Any CPU.ActiveCfg = Release|Any CPU
		{324D7FCD-DA7B-41CF-A9C1-4E80480CCDD9}.Release|Any CPU.Build.0 = Release|Any CPU
		{68D1D36D-22EC-4D61-94A8-3ACB8A08B523}.Debug|Any CPU.ActiveCfg = Debug|Any CPU
		{68D1D36D-22EC-4D61-94A8-3ACB8A08B523}.Debug|Any CPU.Build.0 = Debug|Any CPU
		{68D1D36D-22EC-4D61-94A8-3ACB8A08B523}.Release|Any CPU.ActiveCfg = Release|Any CPU
		{68D1D36D-22EC-4D61-94A8-3ACB8A08B523}.Release|Any CPU.Build.0 = Release|Any CPU
		{010A6656-5F1F-4139-A41D-CED0703F02D7}.Debug|Any CPU.ActiveCfg = Debug|Any CPU
		{010A6656-5F1F-4139-A41D-CED0703F02D7}.Debug|Any CPU.Build.0 = Debug|Any CPU
		{010A6656-5F1F-4139-A41D-CED0703F02D7}.Release|Any CPU.ActiveCfg = Release|Any CPU
		{010A6656-5F1F-4139-A41D-CED0703F02D7}.Release|Any CPU.Build.0 = Release|Any CPU
		{371BA347-292D-4D22-83EC-E5312D358BAC}.Debug|Any CPU.ActiveCfg = Debug|Any CPU
		{371BA347-292D-4D22-83EC-E5312D358BAC}.Debug|Any CPU.Build.0 = Debug|Any CPU
		{371BA347-292D-4D22-83EC-E5312D358BAC}.Release|Any CPU.ActiveCfg = Release|Any CPU
		{371BA347-292D-4D22-83EC-E5312D358BAC}.Release|Any CPU.Build.0 = Release|Any CPU
		{F3E8DAF3-003F-4AD8-B83A-FC3E3D108A0A}.Debug|Any CPU.ActiveCfg = Debug|Any CPU
		{F3E8DAF3-003F-4AD8-B83A-FC3E3D108A0A}.Debug|Any CPU.Build.0 = Debug|Any CPU
		{F3E8DAF3-003F-4AD8-B83A-FC3E3D108A0A}.Release|Any CPU.ActiveCfg = Release|Any CPU
		{F3E8DAF3-003F-4AD8-B83A-FC3E3D108A0A}.Release|Any CPU.Build.0 = Release|Any CPU
		{67FE1C87-73E1-41EC-8389-EA663B746A88}.Debug|Any CPU.ActiveCfg = Debug|Any CPU
		{67FE1C87-73E1-41EC-8389-EA663B746A88}.Debug|Any CPU.Build.0 = Debug|Any CPU
		{67FE1C87-73E1-41EC-8389-EA663B746A88}.Release|Any CPU.ActiveCfg = Release|Any CPU
		{67FE1C87-73E1-41EC-8389-EA663B746A88}.Release|Any CPU.Build.0 = Release|Any CPU
		{BBBD4020-B515-495F-9A33-4AB755B94F94}.Debug|Any CPU.ActiveCfg = Debug|Any CPU
		{BBBD4020-B515-495F-9A33-4AB755B94F94}.Debug|Any CPU.Build.0 = Debug|Any CPU
		{BBBD4020-B515-495F-9A33-4AB755B94F94}.Release|Any CPU.ActiveCfg = Release|Any CPU
		{BBBD4020-B515-495F-9A33-4AB755B94F94}.Release|Any CPU.Build.0 = Release|Any CPU
		{400A6B51-74F0-4AA9-AABC-39B6AC181404}.Debug|Any CPU.ActiveCfg = Debug|Any CPU
		{400A6B51-74F0-4AA9-AABC-39B6AC181404}.Debug|Any CPU.Build.0 = Debug|Any CPU
		{400A6B51-74F0-4AA9-AABC-39B6AC181404}.Release|Any CPU.ActiveCfg = Release|Any CPU
		{400A6B51-74F0-4AA9-AABC-39B6AC181404}.Release|Any CPU.Build.0 = Release|Any CPU
		{FA29F301-0448-47A3-941C-ABB8A8ED367A}.Debug|Any CPU.ActiveCfg = Debug|Any CPU
		{FA29F301-0448-47A3-941C-ABB8A8ED367A}.Debug|Any CPU.Build.0 = Debug|Any CPU
		{FA29F301-0448-47A3-941C-ABB8A8ED367A}.Release|Any CPU.ActiveCfg = Release|Any CPU
		{FA29F301-0448-47A3-941C-ABB8A8ED367A}.Release|Any CPU.Build.0 = Release|Any CPU
		{F6217F6F-DD9C-4DBD-8A7A-894E05FCF78E}.Debug|Any CPU.ActiveCfg = Debug|Any CPU
		{F6217F6F-DD9C-4DBD-8A7A-894E05FCF78E}.Debug|Any CPU.Build.0 = Debug|Any CPU
		{F6217F6F-DD9C-4DBD-8A7A-894E05FCF78E}.Release|Any CPU.ActiveCfg = Release|Any CPU
		{F6217F6F-DD9C-4DBD-8A7A-894E05FCF78E}.Release|Any CPU.Build.0 = Release|Any CPU
		{73AB6DA8-AA91-44A9-B5E5-0670FFB6A4AC}.Debug|Any CPU.ActiveCfg = Debug|Any CPU
		{73AB6DA8-AA91-44A9-B5E5-0670FFB6A4AC}.Debug|Any CPU.Build.0 = Debug|Any CPU
		{73AB6DA8-AA91-44A9-B5E5-0670FFB6A4AC}.Release|Any CPU.ActiveCfg = Release|Any CPU
		{73AB6DA8-AA91-44A9-B5E5-0670FFB6A4AC}.Release|Any CPU.Build.0 = Release|Any CPU
		{6D2CFE86-D6B2-4820-B3D8-62255BF94DCD}.Debug|Any CPU.ActiveCfg = Debug|Any CPU
		{6D2CFE86-D6B2-4820-B3D8-62255BF94DCD}.Debug|Any CPU.Build.0 = Debug|Any CPU
		{6D2CFE86-D6B2-4820-B3D8-62255BF94DCD}.Release|Any CPU.ActiveCfg = Release|Any CPU
		{6D2CFE86-D6B2-4820-B3D8-62255BF94DCD}.Release|Any CPU.Build.0 = Release|Any CPU
		{D7E215C6-4EE6-41AB-BD80-F126C50A590E}.Debug|Any CPU.ActiveCfg = Debug|Any CPU
		{D7E215C6-4EE6-41AB-BD80-F126C50A590E}.Debug|Any CPU.Build.0 = Debug|Any CPU
		{D7E215C6-4EE6-41AB-BD80-F126C50A590E}.Release|Any CPU.ActiveCfg = Release|Any CPU
		{D7E215C6-4EE6-41AB-BD80-F126C50A590E}.Release|Any CPU.Build.0 = Release|Any CPU
		{C41EB0DE-54C9-4673-8B8B-E9AA43DF3746}.Debug|Any CPU.ActiveCfg = Debug|Any CPU
		{C41EB0DE-54C9-4673-8B8B-E9AA43DF3746}.Debug|Any CPU.Build.0 = Debug|Any CPU
		{C41EB0DE-54C9-4673-8B8B-E9AA43DF3746}.Release|Any CPU.Build.0 = Release|Any CPU
		{9DB2B6C7-E5A4-4AE0-9892-643BEB5F0493}.Debug|Any CPU.ActiveCfg = Debug|Any CPU
		{9DB2B6C7-E5A4-4AE0-9892-643BEB5F0493}.Debug|Any CPU.Build.0 = Debug|Any CPU
		{9DB2B6C7-E5A4-4AE0-9892-643BEB5F0493}.Release|Any CPU.Build.0 = Release|Any CPU
	EndGlobalSection
	GlobalSection(NestedProjects) = preSolution
		{5C7A1C6C-25A7-4D4B-89E6-ABE1A3D839B2} = {9D239135-8242-4AC0-94AE-7CCD8408B531}
		{EAC7B507-0EB0-4D83-9EF0-9421FA2A2A74} = {9D239135-8242-4AC0-94AE-7CCD8408B531}
		{0F831DDE-1EBF-485D-8517-4EA037EC6FD7} = {9D239135-8242-4AC0-94AE-7CCD8408B531}
		{9D8BFF36-A921-4A01-AD9E-98B74CB28527} = {9D239135-8242-4AC0-94AE-7CCD8408B531}
		{1E645628-6C5F-422B-A92A-5CF860627498} = {9D239135-8242-4AC0-94AE-7CCD8408B531}
		{7C1549E3-545C-4E45-8D98-D9C3CB81523F} = {9D239135-8242-4AC0-94AE-7CCD8408B531}
		{0C84C91F-2CDA-4145-BBF6-8611E96C6B69} = {9D239135-8242-4AC0-94AE-7CCD8408B531}
		{B3504BE9-8F87-4524-A3D5-B12834D78651} = {9D239135-8242-4AC0-94AE-7CCD8408B531}
		{3F2DDCE9-69FF-4878-8578-9B02CA0AFAC8} = {9D239135-8242-4AC0-94AE-7CCD8408B531}
		{CF59E47A-0F70-4868-BA7D-5282AE88C954} = {9D239135-8242-4AC0-94AE-7CCD8408B531}
		{2276A3B7-9BB2-426D-97AC-5E90E45E0867} = {9D239135-8242-4AC0-94AE-7CCD8408B531}
		{7115D50D-A5D8-47FE-949E-4CB0BF57A360} = {9D239135-8242-4AC0-94AE-7CCD8408B531}
		{73E8C86D-9983-4531-B125-7671EDD24382} = {29984DF2-2734-483C-BC7D-F6D41599DACD}
		{F1E02173-56C0-42FA-B154-97216A285B5B} = {29984DF2-2734-483C-BC7D-F6D41599DACD}
		{4E137BE8-FEC7-4622-9E94-09EB95A19297} = {29984DF2-2734-483C-BC7D-F6D41599DACD}
		{F703EDBE-C4A6-41BC-A9C4-E8643B922A7D} = {29984DF2-2734-483C-BC7D-F6D41599DACD}
		{C60830BB-8DC4-4321-A1C4-49032C69AA6F} = {29984DF2-2734-483C-BC7D-F6D41599DACD}
		{7A9DDD4D-7249-4E78-B32E-AEE7A3815027} = {29984DF2-2734-483C-BC7D-F6D41599DACD}
		{F0FF9900-EEC4-4C8E-B846-2C9B037C3A43} = {29984DF2-2734-483C-BC7D-F6D41599DACD}
		{D13E140C-6021-4026-A802-67C8C6ACF039} = {29984DF2-2734-483C-BC7D-F6D41599DACD}
		{7D7E8DF3-765F-422A-9D86-184C5EEAA306} = {29984DF2-2734-483C-BC7D-F6D41599DACD}
		{2FA2787F-1B83-4D27-A41E-23DA553F7F14} = {29984DF2-2734-483C-BC7D-F6D41599DACD}
		{89264E28-4A20-4CF2-9DDF-6F1FA2598EC6} = {29984DF2-2734-483C-BC7D-F6D41599DACD}
		{B729F7E7-5D3A-42A4-B2E1-FCC0E8D8A379} = {29984DF2-2734-483C-BC7D-F6D41599DACD}
		{E581BE50-A2F0-41BB-9D1E-CF7A63C5E341} = {29984DF2-2734-483C-BC7D-F6D41599DACD}
		{0F9344A1-1E92-48B9-B88F-FC0C7081F0A4} = {29984DF2-2734-483C-BC7D-F6D41599DACD}
		{B51C78C4-081B-4D66-91CF-F88A7004B513} = {29984DF2-2734-483C-BC7D-F6D41599DACD}
		{F62859A7-280E-4812-820F-EDCE6C891EEA} = {29984DF2-2734-483C-BC7D-F6D41599DACD}
		{785D7A89-BF09-4A97-BE95-1F35F32F0162} = {29984DF2-2734-483C-BC7D-F6D41599DACD}
		{26321435-EB7D-40D4-BC9D-3E6E8E82BB29} = {29984DF2-2734-483C-BC7D-F6D41599DACD}
		{7D4491D1-1DD0-4A47-B3C8-9AEAB3EAF5F5} = {29984DF2-2734-483C-BC7D-F6D41599DACD}
		{AC0799FF-3A28-4B10-B983-B7E5BA174FC2} = {29984DF2-2734-483C-BC7D-F6D41599DACD}
		{7810DBA9-5DF6-482F-BC38-B0AF9F183387} = {29984DF2-2734-483C-BC7D-F6D41599DACD}
		{D4690E26-D4F1-428A-BB03-FBB276DD678C} = {29984DF2-2734-483C-BC7D-F6D41599DACD}
		{029FC850-CEFC-4DB3-AFDD-32F003423A98} = {29984DF2-2734-483C-BC7D-F6D41599DACD}
		{5F46E080-699F-4256-B112-6470CEFCA82B} = {29984DF2-2734-483C-BC7D-F6D41599DACD}
		{4857EC78-643B-44DC-82C0-492EF48D9EE9} = {29984DF2-2734-483C-BC7D-F6D41599DACD}
		{D5EFC1CD-8325-4DBD-951D-E4D8745C182F} = {29984DF2-2734-483C-BC7D-F6D41599DACD}
		{853C4DBD-62F6-4672-91BD-65BB555139B6} = {29984DF2-2734-483C-BC7D-F6D41599DACD}
		{6F34DF8B-5201-46F3-965F-BCB3E19DEA9A} = {29984DF2-2734-483C-BC7D-F6D41599DACD}
		{8C889EEB-54CA-4279-9D63-6687CD20AF32} = {29984DF2-2734-483C-BC7D-F6D41599DACD}
		{4866A921-7925-4041-8BCB-6A38427D6165} = {29984DF2-2734-483C-BC7D-F6D41599DACD}
		{FA2091DD-D117-4BE9-95BE-24A4931ABA9D} = {29984DF2-2734-483C-BC7D-F6D41599DACD}
		{A413C774-5E9E-48EF-BF9C-5E8620FFB5B2} = {29984DF2-2734-483C-BC7D-F6D41599DACD}
		{133C13BA-5A93-482E-9B48-7DC36A152F7B} = {29984DF2-2734-483C-BC7D-F6D41599DACD}
		{74B5CEB9-AFD5-42B7-A0DF-6B8C46E35EDE} = {29984DF2-2734-483C-BC7D-F6D41599DACD}
		{BA7EC207-ED3C-4A9E-9172-DE8E8DC707D3} = {29984DF2-2734-483C-BC7D-F6D41599DACD}
		{35809E2A-5399-4311-B28F-34193A606A25} = {29984DF2-2734-483C-BC7D-F6D41599DACD}
		{2F467C45-4B8A-424A-B2D2-BE8700A79019} = {29984DF2-2734-483C-BC7D-F6D41599DACD}
		{36AC7179-222B-4B82-8C31-B5B4CDAB5FFC} = {29984DF2-2734-483C-BC7D-F6D41599DACD}
		{17D75769-AB59-4672-A197-8B8B13B71615} = {29984DF2-2734-483C-BC7D-F6D41599DACD}
		{02DD3CEF-865A-4CCE-B761-5726039EF69E} = {29984DF2-2734-483C-BC7D-F6D41599DACD}
		{635D1380-6590-4543-973B-A6D5D4500905} = {29984DF2-2734-483C-BC7D-F6D41599DACD}
		{D6175F1E-AC7C-4115-B2AC-065CE65FBB0C} = {29984DF2-2734-483C-BC7D-F6D41599DACD}
		{329D6B8F-A188-45CB-BD83-28B48C4BF1AD} = {29984DF2-2734-483C-BC7D-F6D41599DACD}
		{A9FA76AD-147D-418A-A4D5-77CF3DA644A4} = {29984DF2-2734-483C-BC7D-F6D41599DACD}
		{7237E584-E36E-497C-890C-1BE50DC46664} = {29984DF2-2734-483C-BC7D-F6D41599DACD}
		{EA5AF36B-C8FC-4C07-A36E-E83905650E8A} = {29984DF2-2734-483C-BC7D-F6D41599DACD}
		{07537A79-AC5E-4E19-99BB-89B2CEE0814C} = {29984DF2-2734-483C-BC7D-F6D41599DACD}
		{F12AFBE8-5176-4313-8429-09D499CA04EC} = {29984DF2-2734-483C-BC7D-F6D41599DACD}
		{8DF567A4-AC82-4F33-8349-F823C887BB9F} = {29984DF2-2734-483C-BC7D-F6D41599DACD}
		{D1AC1698-7374-4FEF-82D2-74DF11D233F5} = {29984DF2-2734-483C-BC7D-F6D41599DACD}
		{79A6453A-0513-44D6-B59E-0A5749CD069E} = {29984DF2-2734-483C-BC7D-F6D41599DACD}
		{9E97C686-C90D-4B60-835E-BBA16CDA06D4} = {29984DF2-2734-483C-BC7D-F6D41599DACD}
		{95117085-147A-4CD1-B11C-E8AFD798DA8F} = {29984DF2-2734-483C-BC7D-F6D41599DACD}
		{2D2F5607-EF9B-4FBD-9DDF-E7C519898EF6} = {29984DF2-2734-483C-BC7D-F6D41599DACD}
		{63D8C073-1763-43D6-A4FC-4FCF1E7A06E8} = {29984DF2-2734-483C-BC7D-F6D41599DACD}
		{EA4803E5-6835-415E-A640-7E690D1BCB9E} = {29984DF2-2734-483C-BC7D-F6D41599DACD}
		{09D6D219-5671-4AC2-A59D-ACB3D8FAAF20} = {29984DF2-2734-483C-BC7D-F6D41599DACD}
		{AB00CABF-34D3-432C-80B4-6ECD180A6D4B} = {29984DF2-2734-483C-BC7D-F6D41599DACD}
		{63487157-592A-4416-A2C9-D01DB878FD51} = {29984DF2-2734-483C-BC7D-F6D41599DACD}
		{2145BF6E-4D52-4A40-9DF5-40B42C2A3ABE} = {29984DF2-2734-483C-BC7D-F6D41599DACD}
		{DBA857F5-905A-42E0-9DCC-4A541F5EBC64} = {29984DF2-2734-483C-BC7D-F6D41599DACD}
		{E355E5FD-38FC-4D96-A027-697D5F791495} = {29984DF2-2734-483C-BC7D-F6D41599DACD}
		{049BE6B4-7099-41D4-8633-BAB887133495} = {29984DF2-2734-483C-BC7D-F6D41599DACD}
		{94EF7EF3-670F-470E-92C9-7180581A2DD0} = {29984DF2-2734-483C-BC7D-F6D41599DACD}
		{37904696-5580-4E7D-88F7-A60A4CDF3DC4} = {29984DF2-2734-483C-BC7D-F6D41599DACD}
		{BA4D8D92-0805-4FC8-99D7-9EBD2AFC423B} = {29984DF2-2734-483C-BC7D-F6D41599DACD}
		{5979275C-51D8-4678-B496-31BEB353F320} = {29984DF2-2734-483C-BC7D-F6D41599DACD}
		{795F17CC-DACC-450E-BEC5-F77EE7BA194D} = {29984DF2-2734-483C-BC7D-F6D41599DACD}
		{4E3B25E0-174A-442B-B507-E1778D2D506C} = {29984DF2-2734-483C-BC7D-F6D41599DACD}
		{6A1255B2-3F99-4601-9217-5931CA99C944} = {29984DF2-2734-483C-BC7D-F6D41599DACD}
		{69DADDD1-95A2-4BE7-8BB9-6AE17279CBAC} = {29984DF2-2734-483C-BC7D-F6D41599DACD}
		{7E46D5C2-FA50-4D4E-8FCE-6FC2C5DA2E8B} = {29984DF2-2734-483C-BC7D-F6D41599DACD}
		{7EE892D6-76B4-4FEC-A74D-07481A0A3395} = {29984DF2-2734-483C-BC7D-F6D41599DACD}
		{0AF13621-E813-47C2-BC82-72EBFE13E410} = {29984DF2-2734-483C-BC7D-F6D41599DACD}
		{EC655B9B-B31B-42D5-83B1-04246BD3FA84} = {29984DF2-2734-483C-BC7D-F6D41599DACD}
		{51E922CA-9E9B-4E1C-9477-4FDEBE1E41A8} = {29984DF2-2734-483C-BC7D-F6D41599DACD}
		{C675A2EA-95C4-495C-A89C-BE5D6CBE324F} = {29984DF2-2734-483C-BC7D-F6D41599DACD}
		{3FFDD6D9-3E3D-45B9-9C3F-7868A6FD41CB} = {29984DF2-2734-483C-BC7D-F6D41599DACD}
		{446C74E5-381A-4313-AE6A-56B24CD93A2F} = {29984DF2-2734-483C-BC7D-F6D41599DACD}
		{FC1A7046-4DEF-4665-A1CE-D697650CCFD7} = {29984DF2-2734-483C-BC7D-F6D41599DACD}
		{0A203639-7E39-488D-BF08-DE6FD8FC34C1} = {29984DF2-2734-483C-BC7D-F6D41599DACD}
		{C8216BA8-F572-46BD-8FD5-FDEDC1341698} = {29984DF2-2734-483C-BC7D-F6D41599DACD}
		{6F782C3C-9AD7-42FD-8EB6-12DB440D9A24} = {29984DF2-2734-483C-BC7D-F6D41599DACD}
		{78193494-618A-4855-906E-31D0A8D03830} = {29984DF2-2734-483C-BC7D-F6D41599DACD}
		{617DD6FB-34EF-4DE2-B322-99D5474916DF} = {29984DF2-2734-483C-BC7D-F6D41599DACD}
		{777DB633-00B7-45B0-862D-772E80B0E2DB} = {29984DF2-2734-483C-BC7D-F6D41599DACD}
		{04485718-8487-45DF-8045-703227F8C0E3} = {29984DF2-2734-483C-BC7D-F6D41599DACD}
		{F6D7800B-D9DC-420D-8862-AF05EF29FB05} = {29984DF2-2734-483C-BC7D-F6D41599DACD}
		{CB0A22C8-6486-4AD4-A7A7-D47B44EB9116} = {29984DF2-2734-483C-BC7D-F6D41599DACD}
		{388AA525-A55D-4366-BD51-EDFB37400121} = {29984DF2-2734-483C-BC7D-F6D41599DACD}
		{8A2982E1-53C5-4365-8577-17F957512870} = {29984DF2-2734-483C-BC7D-F6D41599DACD}
		{97C4EDAA-7BCD-437A-8450-866FB48EA874} = {29984DF2-2734-483C-BC7D-F6D41599DACD}
		{1FBFAE29-6B00-4A4A-A06D-4AA2F76CD844} = {29984DF2-2734-483C-BC7D-F6D41599DACD}
		{D6B051BB-0A33-440B-A4B0-8495C4CF6249} = {29984DF2-2734-483C-BC7D-F6D41599DACD}
		{DD7B8459-D709-4712-AB93-38DE7A08EC47} = {29984DF2-2734-483C-BC7D-F6D41599DACD}
		{71EFD804-86DA-4B19-A442-C6A3D9774B11} = {29984DF2-2734-483C-BC7D-F6D41599DACD}
		{8E875A24-0C11-4364-A9A9-AEB0C2556923} = {29984DF2-2734-483C-BC7D-F6D41599DACD}
		{55E930F6-ACC7-47F7-893E-A8DA35B01E30} = {29984DF2-2734-483C-BC7D-F6D41599DACD}
		{F45DCC10-CBC0-46C0-ADDD-5CE3C6804C50} = {29984DF2-2734-483C-BC7D-F6D41599DACD}
		{F9EE25C0-159F-4863-B532-9590BDE09C71} = {29984DF2-2734-483C-BC7D-F6D41599DACD}
		{DC43273C-D6BB-4491-BDDD-BE628A6F3535} = {29984DF2-2734-483C-BC7D-F6D41599DACD}
		{C2E54A1A-537B-4FDF-89A4-C9F0794F9B8A} = {29984DF2-2734-483C-BC7D-F6D41599DACD}
		{52FC6442-74F9-4C5A-86C4-43AB05125991} = {29984DF2-2734-483C-BC7D-F6D41599DACD}
		{872AB2C9-8D9F-4712-8F52-55B11C331AB6} = {29984DF2-2734-483C-BC7D-F6D41599DACD}
		{C7FF6FB3-2460-4320-BC09-9638BE30F422} = {29984DF2-2734-483C-BC7D-F6D41599DACD}
		{264986D2-8374-45F2-95F4-3AE141CD5268} = {29984DF2-2734-483C-BC7D-F6D41599DACD}
		{63C93DD0-A26A-42CA-8E23-0DE69A50DF79} = {29984DF2-2734-483C-BC7D-F6D41599DACD}
		{3467DFBB-0622-4141-9219-3BDFA6C36356} = {29984DF2-2734-483C-BC7D-F6D41599DACD}
		{970EB209-9434-4762-840E-33AF1C20590B} = {29984DF2-2734-483C-BC7D-F6D41599DACD}
		{C3007220-CA79-4EFB-8E79-3D0A33511D72} = {29984DF2-2734-483C-BC7D-F6D41599DACD}
		{C6955E19-418E-47D3-9A0F-6D376F8B01F0} = {29984DF2-2734-483C-BC7D-F6D41599DACD}
		{CAAD3E23-756F-4C02-A763-C5ACD063FEA9} = {29984DF2-2734-483C-BC7D-F6D41599DACD}
		{324D7FCD-DA7B-41CF-A9C1-4E80480CCDD9} = {29984DF2-2734-483C-BC7D-F6D41599DACD}
		{68D1D36D-22EC-4D61-94A8-3ACB8A08B523} = {29984DF2-2734-483C-BC7D-F6D41599DACD}
		{010A6656-5F1F-4139-A41D-CED0703F02D7} = {29984DF2-2734-483C-BC7D-F6D41599DACD}
		{371BA347-292D-4D22-83EC-E5312D358BAC} = {29984DF2-2734-483C-BC7D-F6D41599DACD}
		{F3E8DAF3-003F-4AD8-B83A-FC3E3D108A0A} = {29984DF2-2734-483C-BC7D-F6D41599DACD}
		{67FE1C87-73E1-41EC-8389-EA663B746A88} = {29984DF2-2734-483C-BC7D-F6D41599DACD}
		{BBBD4020-B515-495F-9A33-4AB755B94F94} = {29984DF2-2734-483C-BC7D-F6D41599DACD}
		{400A6B51-74F0-4AA9-AABC-39B6AC181404} = {29984DF2-2734-483C-BC7D-F6D41599DACD}
		{FA29F301-0448-47A3-941C-ABB8A8ED367A} = {29984DF2-2734-483C-BC7D-F6D41599DACD}
		{F6217F6F-DD9C-4DBD-8A7A-894E05FCF78E} = {29984DF2-2734-483C-BC7D-F6D41599DACD}
		{73AB6DA8-AA91-44A9-B5E5-0670FFB6A4AC} = {29984DF2-2734-483C-BC7D-F6D41599DACD}
		{6D2CFE86-D6B2-4820-B3D8-62255BF94DCD} = {29984DF2-2734-483C-BC7D-F6D41599DACD}
		{D7E215C6-4EE6-41AB-BD80-F126C50A590E} = {29984DF2-2734-483C-BC7D-F6D41599DACD}
		{C41EB0DE-54C9-4673-8B8B-E9AA43DF3746} = {29984DF2-2734-483C-BC7D-F6D41599DACD}
		{9DB2B6C7-E5A4-4AE0-9892-643BEB5F0493} = {29984DF2-2734-483C-BC7D-F6D41599DACD}
	EndGlobalSection
