
Microsoft Visual Studio Solution File, Format Version 12.00
# Visual Studio Version 17
VisualStudioVersion = 17.0.31903.59
MinimumVisualStudioVersion = 10.0.40219.1
Project("{2150E333-8FDC-42A3-9474-1A3956D46DE8}") = "concept", "concept", "{B7E719DB-FB8D-43B4-B529-55FCF6E3DC3F}"
EndProject
Project("{F2A71F9B-5D33-465A-A702-920D77279786}") = "AnnalynsInfiltration", "concept\annalyns-infiltration\AnnalynsInfiltration.fsproj", "{B404AA3C-A226-409A-A035-6C1DC66940DD}"
EndProject
Project("{F2A71F9B-5D33-465A-A702-920D77279786}") = "Bandwagoner", "concept\bandwagoner\Bandwagoner.fsproj", "{B4202889-9BC9-4557-AB75-8EC2332BAD18}"
EndProject
Project("{F2A71F9B-5D33-465A-A702-920D77279786}") = "BirdWatcher", "concept\bird-watcher\BirdWatcher.fsproj", "{705ABDEC-F4C5-4508-A1DA-571D8469ED9B}"
EndProject
Project("{F2A71F9B-5D33-465A-A702-920D77279786}") = "BookingUpForBeauty", "concept\booking-up-for-beauty\BookingUpForBeauty.fsproj", "{22B29734-BCB5-4967-9952-B5E05B02E288}"
EndProject
Project("{F2A71F9B-5D33-465A-A702-920D77279786}") = "CarsAssemble", "concept\cars-assemble\CarsAssemble.fsproj", "{B5BA00A7-DB77-42B7-9AFA-625E19F2F0D6}"
EndProject
Project("{F2A71F9B-5D33-465A-A702-920D77279786}") = "GuessingGame", "concept\guessing-game\GuessingGame.fsproj", "{6FEE8CB8-7341-4D4F-B490-364AD67DCC0E}"
EndProject
Project("{F2A71F9B-5D33-465A-A702-920D77279786}") = "InterestIsInteresting", "concept\interest-is-interesting\InterestIsInteresting.fsproj", "{887262D1-CB02-4FA3-8C51-110A0D8CEA4F}"
EndProject
Project("{F2A71F9B-5D33-465A-A702-920D77279786}") = "LogLevels", "concept\log-levels\LogLevels.fsproj", "{8F6CC051-22EB-406F-B0E3-F013812FA181}"
EndProject
Project("{F2A71F9B-5D33-465A-A702-920D77279786}") = "LuciansLusciousLasagna", "concept\lucians-luscious-lasagna\LuciansLusciousLasagna.fsproj", "{CA8AD1CA-2DD1-4201-A898-15C40E803339}"
EndProject
Project("{F2A71F9B-5D33-465A-A702-920D77279786}") = "PizzaPricing", "concept\pizza-pricing\PizzaPricing.fsproj", "{60395119-70B7-4620-9683-A2E77F8F67C2}"
EndProject
Project("{F2A71F9B-5D33-465A-A702-920D77279786}") = "SqueakyClean", "concept\squeaky-clean\SqueakyClean.fsproj", "{813F55A4-915B-4B92-BE74-34DF8A7A5E57}"
EndProject
Project("{F2A71F9B-5D33-465A-A702-920D77279786}") = "TisburyTreasureHunt", "concept\tisbury-treasure-hunt\TisburyTreasureHunt.fsproj", "{93486261-F5F8-4062-80A4-4F50F4E2B993}"
EndProject
Project("{F2A71F9B-5D33-465A-A702-920D77279786}") = "TracksOnTracksOnTracks", "concept\tracks-on-tracks-on-tracks\TracksOnTracksOnTracks.fsproj", "{4A207DF4-BE2D-4FFE-B0FA-18D47A2DAFB2}"
EndProject
Project("{F2A71F9B-5D33-465A-A702-920D77279786}") = "ValentinesDay", "concept\valentines-day\ValentinesDay.fsproj", "{A115F270-9D56-425A-BA38-CCD82E2BCC66}"
EndProject
Project("{2150E333-8FDC-42A3-9474-1A3956D46DE8}") = "practice", "practice", "{391BEEC4-91A8-43F3-AE94-D5CB9A8FA611}"
EndProject
Project("{F2A71F9B-5D33-465A-A702-920D77279786}") = "Accumulate", "practice\accumulate\Accumulate.fsproj", "{3A2E7ACA-98FE-4E87-A483-94657720F530}"
EndProject
Project("{F2A71F9B-5D33-465A-A702-920D77279786}") = "Acronym", "practice\acronym\Acronym.fsproj", "{DA247A23-0CCF-47BF-B101-9C19997AC559}"
EndProject
Project("{F2A71F9B-5D33-465A-A702-920D77279786}") = "AffineCipher", "practice\affine-cipher\AffineCipher.fsproj", "{F00564CB-6794-4493-B631-FEE8D2731E78}"
EndProject
Project("{F2A71F9B-5D33-465A-A702-920D77279786}") = "AllYourBase", "practice\all-your-base\AllYourBase.fsproj", "{E207043D-630C-4ADB-BB37-D13D042BB4D8}"
EndProject
Project("{F2A71F9B-5D33-465A-A702-920D77279786}") = "Allergies", "practice\allergies\Allergies.fsproj", "{7D3D64C3-25BD-4707-9D56-251B12FD27D1}"
EndProject
Project("{F2A71F9B-5D33-465A-A702-920D77279786}") = "Alphametics", "practice\alphametics\Alphametics.fsproj", "{9E2166CF-5738-4987-88CF-EEB945219642}"
EndProject
Project("{F2A71F9B-5D33-465A-A702-920D77279786}") = "Anagram", "practice\anagram\Anagram.fsproj", "{132F8D0A-C7C3-4B6C-BC72-20B44EB3A920}"
EndProject
Project("{F2A71F9B-5D33-465A-A702-920D77279786}") = "ArmstrongNumbers", "practice\armstrong-numbers\ArmstrongNumbers.fsproj", "{DAB6984B-0FD8-4AD5-B7A5-1EF5C00A7B53}"
EndProject
Project("{F2A71F9B-5D33-465A-A702-920D77279786}") = "AtbashCipher", "practice\atbash-cipher\AtbashCipher.fsproj", "{D9323CA0-390F-40A3-B4D8-28F3A8488944}"
EndProject
Project("{F2A71F9B-5D33-465A-A702-920D77279786}") = "BankAccount", "practice\bank-account\BankAccount.fsproj", "{85771B80-02B7-423A-972F-9B76E2F4B7E0}"
EndProject
Project("{F2A71F9B-5D33-465A-A702-920D77279786}") = "BeerSong", "practice\beer-song\BeerSong.fsproj", "{6D17BA7D-8A46-4F6D-8055-40BAE532F4B8}"
EndProject
Project("{F2A71F9B-5D33-465A-A702-920D77279786}") = "BinarySearchTree", "practice\binary-search-tree\BinarySearchTree.fsproj", "{BD562971-8AA0-48FF-8607-7F804E2D2FDE}"
EndProject
Project("{F2A71F9B-5D33-465A-A702-920D77279786}") = "BinarySearch", "practice\binary-search\BinarySearch.fsproj", "{FBA47F48-6414-493C-BBA8-07B8C1970036}"
EndProject
Project("{F2A71F9B-5D33-465A-A702-920D77279786}") = "Binary", "practice\binary\Binary.fsproj", "{CD9529B9-6DE9-4ED9-B59A-1605BDB27620}"
EndProject
Project("{F2A71F9B-5D33-465A-A702-920D77279786}") = "Bob", "practice\bob\Bob.fsproj", "{081F4867-B556-434E-BC67-5FEB888B24CA}"
EndProject
Project("{F2A71F9B-5D33-465A-A702-920D77279786}") = "BookStore", "practice\book-store\BookStore.fsproj", "{AE659EB3-B358-42E6-B890-8FD4A7AB6595}"
EndProject
Project("{F2A71F9B-5D33-465A-A702-920D77279786}") = "BottleSong", "practice\bottle-song\BottleSong.fsproj", "{58C11E09-8F2B-475D-AA56-97758DDFB438}"
EndProject
Project("{F2A71F9B-5D33-465A-A702-920D77279786}") = "Bowling", "practice\bowling\Bowling.fsproj", "{18DEB670-4948-490A-924C-F4E8F295DB21}"
EndProject
Project("{F2A71F9B-5D33-465A-A702-920D77279786}") = "Change", "practice\change\Change.fsproj", "{FB3B0B04-5EC8-427B-812F-AE2DA62D9E93}"
EndProject
Project("{F2A71F9B-5D33-465A-A702-920D77279786}") = "CircularBuffer", "practice\circular-buffer\CircularBuffer.fsproj", "{5176D479-17FF-4A27-9263-005B36C74089}"
EndProject
Project("{F2A71F9B-5D33-465A-A702-920D77279786}") = "Clock", "practice\clock\Clock.fsproj", "{FAD6BDAF-8F38-4981-AFE6-8FF0F14C5A67}"
EndProject
Project("{F2A71F9B-5D33-465A-A702-920D77279786}") = "CollatzConjecture", "practice\collatz-conjecture\CollatzConjecture.fsproj", "{A0207116-3B99-48B8-88F3-22140FA63437}"
EndProject
Project("{F2A71F9B-5D33-465A-A702-920D77279786}") = "ComplexNumbers", "practice\complex-numbers\ComplexNumbers.fsproj", "{51F9297B-3723-48D1-BFA8-DFBEDAE22703}"
EndProject
Project("{F2A71F9B-5D33-465A-A702-920D77279786}") = "Connect", "practice\connect\Connect.fsproj", "{367648F7-F3F6-4403-8095-324DEFD3E756}"
EndProject
Project("{F2A71F9B-5D33-465A-A702-920D77279786}") = "CryptoSquare", "practice\crypto-square\CryptoSquare.fsproj", "{E223E3E7-B665-4097-B86F-BD3A25AAA934}"
EndProject
Project("{F2A71F9B-5D33-465A-A702-920D77279786}") = "CustomSet", "practice\custom-set\CustomSet.fsproj", "{1E39BDD9-46FE-4CC5-8A17-8258B98D3F98}"
EndProject
Project("{F2A71F9B-5D33-465A-A702-920D77279786}") = "Darts", "practice\darts\Darts.fsproj", "{FF82E034-FB49-48F7-ACE2-A26AFD2DD3E1}"
EndProject
Project("{F2A71F9B-5D33-465A-A702-920D77279786}") = "Diamond", "practice\diamond\Diamond.fsproj", "{A62F9DE3-5F25-48BF-A4E3-7E7572015CAB}"
EndProject
Project("{F2A71F9B-5D33-465A-A702-920D77279786}") = "DifferenceOfSquares", "practice\difference-of-squares\DifferenceOfSquares.fsproj", "{1FAE0DA6-4987-4D2E-BBEC-1197957906FF}"
EndProject
Project("{F2A71F9B-5D33-465A-A702-920D77279786}") = "DiffieHellman", "practice\diffie-hellman\DiffieHellman.fsproj", "{4555CF5C-B3AA-4F2B-B613-747A78FF9E38}"
EndProject
Project("{F2A71F9B-5D33-465A-A702-920D77279786}") = "DndCharacter", "practice\dnd-character\DndCharacter.fsproj", "{174FB6D1-F7CE-4734-B61F-B1646415B055}"
EndProject
Project("{F2A71F9B-5D33-465A-A702-920D77279786}") = "Dominoes", "practice\dominoes\Dominoes.fsproj", "{E7CC9162-617D-472E-B0EA-C21B49F4681D}"
EndProject
Project("{F2A71F9B-5D33-465A-A702-920D77279786}") = "DotDsl", "practice\dot-dsl\DotDsl.fsproj", "{40B7B127-1552-4FE3-84D2-01E255068A0A}"
EndProject
Project("{F2A71F9B-5D33-465A-A702-920D77279786}") = "EliudsEggs", "practice\eliuds-eggs\EliudsEggs.fsproj", "{BF0242CC-2517-4949-80F5-61E32FD41B49}"
EndProject
Project("{F2A71F9B-5D33-465A-A702-920D77279786}") = "ErrorHandling", "practice\error-handling\ErrorHandling.fsproj", "{7503F315-D08E-4343-A954-899C7CB8724F}"
EndProject
Project("{F2A71F9B-5D33-465A-A702-920D77279786}") = "Etl", "practice\etl\Etl.fsproj", "{3B404F0C-0368-495E-876C-FCDB95B5AC38}"
EndProject
Project("{F2A71F9B-5D33-465A-A702-920D77279786}") = "FoodChain", "practice\food-chain\FoodChain.fsproj", "{5D44F5F1-4FEF-4D5B-8F60-89F989C34568}"
EndProject
Project("{F2A71F9B-5D33-465A-A702-920D77279786}") = "Forth", "practice\forth\Forth.fsproj", "{686303ED-6E94-494A-918E-93A38B5F0C3F}"
EndProject
Project("{F2A71F9B-5D33-465A-A702-920D77279786}") = "GameOfLife", "practice\game-of-life\GameOfLife.fsproj", "{E367F54F-DF25-49EE-B933-7E455E58097D}"
EndProject
Project("{F2A71F9B-5D33-465A-A702-920D77279786}") = "Gigasecond", "practice\gigasecond\Gigasecond.fsproj", "{F6A86131-CF1B-4ED1-8E04-580E90E542D8}"
EndProject
Project("{F2A71F9B-5D33-465A-A702-920D77279786}") = "GoCounting", "practice\go-counting\GoCounting.fsproj", "{C8A2430E-94A6-4EC7-A993-39E48A1AF232}"
EndProject
Project("{F2A71F9B-5D33-465A-A702-920D77279786}") = "GradeSchool", "practice\grade-school\GradeSchool.fsproj", "{F4649DE2-24CE-40FE-9E39-9B95F23C27D1}"
EndProject
Project("{F2A71F9B-5D33-465A-A702-920D77279786}") = "Grains", "practice\grains\Grains.fsproj", "{634C1A09-2023-4302-AF8B-911AE0F97D40}"
EndProject
Project("{F2A71F9B-5D33-465A-A702-920D77279786}") = "Grep", "practice\grep\Grep.fsproj", "{11510A71-E63B-4D80-A111-DC5AD4D2FBB8}"
EndProject
Project("{F2A71F9B-5D33-465A-A702-920D77279786}") = "Hamming", "practice\hamming\Hamming.fsproj", "{DBE25107-3962-42E8-8031-AF7A3F46E2F8}"
EndProject
Project("{F2A71F9B-5D33-465A-A702-920D77279786}") = "Hangman", "practice\hangman\Hangman.fsproj", "{742ACEB8-62D1-471B-8408-9E3220139964}"
EndProject
Project("{F2A71F9B-5D33-465A-A702-920D77279786}") = "HelloWorld", "practice\hello-world\HelloWorld.fsproj", "{9E141A86-97F6-4D39-851F-8A2824B18A3B}"
EndProject
Project("{F2A71F9B-5D33-465A-A702-920D77279786}") = "Hexadecimal", "practice\hexadecimal\Hexadecimal.fsproj", "{483ECABE-2E24-4612-83A1-475AC2F945DD}"
EndProject
Project("{F2A71F9B-5D33-465A-A702-920D77279786}") = "HighScores", "practice\high-scores\HighScores.fsproj", "{AB1ACFBA-D01A-435C-8A6D-C19176521F9C}"
EndProject
Project("{F2A71F9B-5D33-465A-A702-920D77279786}") = "House", "practice\house\House.fsproj", "{A13A449D-1288-46B6-A462-8C80A6B5C3CA}"
EndProject
Project("{F2A71F9B-5D33-465A-A702-920D77279786}") = "IsbnVerifier", "practice\isbn-verifier\IsbnVerifier.fsproj", "{6CCE7408-0231-4CD8-AB20-AAB5FA662647}"
EndProject
Project("{F2A71F9B-5D33-465A-A702-920D77279786}") = "Isogram", "practice\isogram\Isogram.fsproj", "{27D0E6A4-3AD8-4CBB-8B1C-60C6B4CDD24E}"
EndProject
Project("{F2A71F9B-5D33-465A-A702-920D77279786}") = "KindergartenGarden", "practice\kindergarten-garden\KindergartenGarden.fsproj", "{D927BD26-1420-4EC9-B3AE-CB568A3A5F4D}"
EndProject
Project("{F2A71F9B-5D33-465A-A702-920D77279786}") = "Knapsack", "practice\knapsack\Knapsack.fsproj", "{01F6B5FD-EE35-4154-9543-CD296D54242F}"
EndProject
Project("{F2A71F9B-5D33-465A-A702-920D77279786}") = "LargestSeriesProduct", "practice\largest-series-product\LargestSeriesProduct.fsproj", "{97B84150-D6B7-4934-BFA7-866A901C95FF}"
EndProject
Project("{F2A71F9B-5D33-465A-A702-920D77279786}") = "Leap", "practice\leap\Leap.fsproj", "{B5EBB25C-2C7C-42D9-92C3-EAC7B6F3909E}"
EndProject
Project("{F2A71F9B-5D33-465A-A702-920D77279786}") = "Ledger", "practice\ledger\Ledger.fsproj", "{E8A70478-F2B6-4AD4-AACE-C1A8F17158DD}"
EndProject
Project("{F2A71F9B-5D33-465A-A702-920D77279786}") = "LensPerson", "practice\lens-person\LensPerson.fsproj", "{ABA149A4-3877-41B5-A886-7FEF9BA85A95}"
EndProject
Project("{F2A71F9B-5D33-465A-A702-920D77279786}") = "LinkedList", "practice\linked-list\LinkedList.fsproj", "{AC1674F2-8F1B-45C9-B4FC-E5132B34747F}"
EndProject
Project("{F2A71F9B-5D33-465A-A702-920D77279786}") = "ListOps", "practice\list-ops\ListOps.fsproj", "{8EF5F163-4E1D-41D6-8902-9FF75DDFB76C}"
EndProject
Project("{F2A71F9B-5D33-465A-A702-920D77279786}") = "Luhn", "practice\luhn\Luhn.fsproj", "{E8D8B038-1BBE-4F52-8143-04A6FC85ACEF}"
EndProject
Project("{F2A71F9B-5D33-465A-A702-920D77279786}") = "Markdown", "practice\markdown\Markdown.fsproj", "{7A989F5B-C9C7-47D1-B33D-0D900EED4B93}"
EndProject
Project("{F2A71F9B-5D33-465A-A702-920D77279786}") = "MatchingBrackets", "practice\matching-brackets\MatchingBrackets.fsproj", "{3B371D60-A79D-4987-9AD0-3A686F98BDB5}"
EndProject
Project("{F2A71F9B-5D33-465A-A702-920D77279786}") = "Matrix", "practice\matrix\Matrix.fsproj", "{3A8D2CE8-EFA7-4623-8276-337C89C47006}"
EndProject
Project("{F2A71F9B-5D33-465A-A702-920D77279786}") = "Meetup", "practice\meetup\Meetup.fsproj", "{6CAC8106-5283-4CE3-AC83-4F953A22F876}"
EndProject
Project("{F2A71F9B-5D33-465A-A702-920D77279786}") = "Minesweeper", "practice\minesweeper\Minesweeper.fsproj", "{F7895A04-BE01-4FAE-84BA-A4E88B09A8AF}"
EndProject
Project("{F2A71F9B-5D33-465A-A702-920D77279786}") = "NthPrime", "practice\nth-prime\NthPrime.fsproj", "{2AF97A85-15FB-4D4E-8DED-48BA5FC22A67}"
EndProject
Project("{F2A71F9B-5D33-465A-A702-920D77279786}") = "NucleotideCount", "practice\nucleotide-count\NucleotideCount.fsproj", "{FF053973-B1D6-45A7-9B97-85F9AB25BFC6}"
EndProject
Project("{F2A71F9B-5D33-465A-A702-920D77279786}") = "OcrNumbers", "practice\ocr-numbers\OcrNumbers.fsproj", "{F9769157-B7AD-40E5-B97B-02CEAB7958F5}"
EndProject
Project("{F2A71F9B-5D33-465A-A702-920D77279786}") = "Octal", "practice\octal\Octal.fsproj", "{08AFA6AA-A2E7-44CF-A9AB-C1C086F5ED14}"
EndProject
Project("{F2A71F9B-5D33-465A-A702-920D77279786}") = "PalindromeProducts", "practice\palindrome-products\PalindromeProducts.fsproj", "{D1B6AAEB-6064-468E-8C8A-66469137F6CE}"
EndProject
Project("{F2A71F9B-5D33-465A-A702-920D77279786}") = "Pangram", "practice\pangram\Pangram.fsproj", "{A7AA848F-4EAD-4564-9A26-32FF3013739C}"
EndProject
Project("{F2A71F9B-5D33-465A-A702-920D77279786}") = "ParallelLetterFrequency", "practice\parallel-letter-frequency\ParallelLetterFrequency.fsproj", "{1AC58611-1BA9-42D2-8774-7BAFC473DA3C}"
EndProject
Project("{F2A71F9B-5D33-465A-A702-920D77279786}") = "PascalsTriangle", "practice\pascals-triangle\PascalsTriangle.fsproj", "{0B5CA79F-85BE-4EA2-8644-D7B128BA81F1}"
EndProject
Project("{F2A71F9B-5D33-465A-A702-920D77279786}") = "PerfectNumbers", "practice\perfect-numbers\PerfectNumbers.fsproj", "{E6FB2416-71BF-4ED1-A26D-E6A9F9FAF5B5}"
EndProject
Project("{F2A71F9B-5D33-465A-A702-920D77279786}") = "PhoneNumber", "practice\phone-number\PhoneNumber.fsproj", "{B2412D2F-9265-4FCF-ADD0-82429CDFD6B7}"
EndProject
Project("{F2A71F9B-5D33-465A-A702-920D77279786}") = "PigLatin", "practice\pig-latin\PigLatin.fsproj", "{B56D9AB0-E639-4FCB-8C42-89C36A268084}"
EndProject
Project("{F2A71F9B-5D33-465A-A702-920D77279786}") = "Poker", "practice\poker\Poker.fsproj", "{87509049-75A0-48A1-B83A-EA8D0B0D253D}"
EndProject
Project("{F2A71F9B-5D33-465A-A702-920D77279786}") = "Pov", "practice\pov\Pov.fsproj", "{09F29AAE-770B-4DBC-8F44-A7884B03020D}"
EndProject
Project("{F2A71F9B-5D33-465A-A702-920D77279786}") = "PrimeFactors", "practice\prime-factors\PrimeFactors.fsproj", "{DA90836A-EF1A-49E7-B15D-528A8A3FB3A5}"
EndProject
Project("{F2A71F9B-5D33-465A-A702-920D77279786}") = "ProteinTranslation", "practice\protein-translation\ProteinTranslation.fsproj", "{8ADA6343-0FF2-4BE0-8A29-DA702B39053D}"
EndProject
Project("{F2A71F9B-5D33-465A-A702-920D77279786}") = "Proverb", "practice\proverb\Proverb.fsproj", "{2B7DA640-28A4-42A2-B7D1-4465BDD88409}"
EndProject
Project("{F2A71F9B-5D33-465A-A702-920D77279786}") = "PythagoreanTriplet", "practice\pythagorean-triplet\PythagoreanTriplet.fsproj", "{82435576-D807-4C8E-8C2F-25AB7E37A69C}"
EndProject
Project("{F2A71F9B-5D33-465A-A702-920D77279786}") = "QueenAttack", "practice\queen-attack\QueenAttack.fsproj", "{1DC6C868-BEE5-454F-8176-8EACCD8CCFD7}"
EndProject
Project("{F2A71F9B-5D33-465A-A702-920D77279786}") = "RailFenceCipher", "practice\rail-fence-cipher\RailFenceCipher.fsproj", "{4FBA64D3-91A1-46EB-9F7D-3EF207C88A6D}"
EndProject
Project("{F2A71F9B-5D33-465A-A702-920D77279786}") = "Raindrops", "practice\raindrops\Raindrops.fsproj", "{4E218BD1-6A95-4609-AFD1-B9AD8839BE46}"
EndProject
Project("{F2A71F9B-5D33-465A-A702-920D77279786}") = "RationalNumbers", "practice\rational-numbers\RationalNumbers.fsproj", "{8A12B293-7A02-44D9-BB76-563CBB7048D5}"
EndProject
Project("{F2A71F9B-5D33-465A-A702-920D77279786}") = "React", "practice\react\React.fsproj", "{B353A647-FDE9-4DE1-B268-EE9C9B400500}"
EndProject
Project("{F2A71F9B-5D33-465A-A702-920D77279786}") = "Rectangles", "practice\rectangles\Rectangles.fsproj", "{8EDD35D6-EC77-4E11-91C4-5EAE5FDD1F62}"
EndProject
Project("{F2A71F9B-5D33-465A-A702-920D77279786}") = "RelativeDistance", "practice\relative-distance\RelativeDistance.fsproj", "{74A88515-F7D5-447D-90B3-AD7EAF26549C}"
EndProject
Project("{F2A71F9B-5D33-465A-A702-920D77279786}") = "ResistorColorDuo", "practice\resistor-color-duo\ResistorColorDuo.fsproj", "{A50C565F-2A62-4A1E-8B79-BB8E02C2E23E}"
EndProject
Project("{F2A71F9B-5D33-465A-A702-920D77279786}") = "ResistorColor", "practice\resistor-color\ResistorColor.fsproj", "{EEC5C350-66C3-4631-BB86-E7123E741100}"
EndProject
Project("{F2A71F9B-5D33-465A-A702-920D77279786}") = "RestApi", "practice\rest-api\RestApi.fsproj", "{76172314-60CB-4B8B-AE2F-994F9CDCEEBD}"
EndProject
Project("{F2A71F9B-5D33-465A-A702-920D77279786}") = "ReverseString", "practice\reverse-string\ReverseString.fsproj", "{2FBEC014-FA4E-44A2-9340-1EDAA4CB7AA7}"
EndProject
Project("{F2A71F9B-5D33-465A-A702-920D77279786}") = "RnaTranscription", "practice\rna-transcription\RnaTranscription.fsproj", "{2DD0DDEB-E86A-4DC6-9228-408D58760560}"
EndProject
Project("{F2A71F9B-5D33-465A-A702-920D77279786}") = "RobotName", "practice\robot-name\RobotName.fsproj", "{27E49D97-ECEF-408E-AD1A-A0E908D15B88}"
EndProject
Project("{F2A71F9B-5D33-465A-A702-920D77279786}") = "RobotSimulator", "practice\robot-simulator\RobotSimulator.fsproj", "{3C18C024-A889-4AEC-973D-1BB29B2F7A79}"
EndProject
Project("{F2A71F9B-5D33-465A-A702-920D77279786}") = "RomanNumerals", "practice\roman-numerals\RomanNumerals.fsproj", "{DB08C0F9-6E6A-4FB5-8BAB-FE1C71C4FB29}"
EndProject
Project("{F2A71F9B-5D33-465A-A702-920D77279786}") = "RotationalCipher", "practice\rotational-cipher\RotationalCipher.fsproj", "{ED5AD12C-509D-48E3-B650-07B66EE60E37}"
EndProject
Project("{F2A71F9B-5D33-465A-A702-920D77279786}") = "RunLengthEncoding", "practice\run-length-encoding\RunLengthEncoding.fsproj", "{F330DEB2-0065-4B77-91EA-3B7105A1C89A}"
EndProject
Project("{F2A71F9B-5D33-465A-A702-920D77279786}") = "SaddlePoints", "practice\saddle-points\SaddlePoints.fsproj", "{644E402D-2BDE-45D0-A398-E94ABB4876DA}"
EndProject
Project("{F2A71F9B-5D33-465A-A702-920D77279786}") = "Say", "practice\say\Say.fsproj", "{CA2AAB06-3CB4-4117-B42D-3D283706B652}"
EndProject
Project("{F2A71F9B-5D33-465A-A702-920D77279786}") = "ScaleGenerator", "practice\scale-generator\ScaleGenerator.fsproj", "{6C5BDCE6-7FBD-439B-AB6A-210F64F92040}"
EndProject
Project("{F2A71F9B-5D33-465A-A702-920D77279786}") = "ScrabbleScore", "practice\scrabble-score\ScrabbleScore.fsproj", "{D162562E-2BAD-43B0-9133-1D0E723C0B99}"
EndProject
Project("{F2A71F9B-5D33-465A-A702-920D77279786}") = "SecretHandshake", "practice\secret-handshake\SecretHandshake.fsproj", "{569BE165-B1DC-47EE-8E0D-C871B4C7609A}"
EndProject
Project("{F2A71F9B-5D33-465A-A702-920D77279786}") = "Series", "practice\series\Series.fsproj", "{97D9FE31-DEE8-41F5-8A67-84C43EE75E85}"
EndProject
Project("{F2A71F9B-5D33-465A-A702-920D77279786}") = "SgfParsing", "practice\sgf-parsing\SgfParsing.fsproj", "{3259187E-9910-4B17-A9F5-374B06317607}"
EndProject
Project("{F2A71F9B-5D33-465A-A702-920D77279786}") = "Sieve", "practice\sieve\Sieve.fsproj", "{07093167-82BB-4503-AB35-B061CBA48689}"
EndProject
Project("{F2A71F9B-5D33-465A-A702-920D77279786}") = "SimpleCipher", "practice\simple-cipher\SimpleCipher.fsproj", "{9C5B2929-0FA8-4652-AC86-3673523C06A4}"
EndProject
Project("{F2A71F9B-5D33-465A-A702-920D77279786}") = "SimpleLinkedList", "practice\simple-linked-list\SimpleLinkedList.fsproj", "{5B1A2DDD-46E0-4B09-85EA-695525078DF8}"
EndProject
Project("{F2A71F9B-5D33-465A-A702-920D77279786}") = "SpaceAge", "practice\space-age\SpaceAge.fsproj", "{8E1885EE-FBDF-4C29-A17E-90D69E651E02}"
EndProject
Project("{F2A71F9B-5D33-465A-A702-920D77279786}") = "SpiralMatrix", "practice\spiral-matrix\SpiralMatrix.fsproj", "{35E4287A-54C6-4E55-8445-4BF34B7996D8}"
EndProject
Project("{F2A71F9B-5D33-465A-A702-920D77279786}") = "SquareRoot", "practice\square-root\SquareRoot.fsproj", "{A4D5D798-9F44-4A74-83EE-0965B54F52B9}"
EndProject
Project("{F2A71F9B-5D33-465A-A702-920D77279786}") = "Strain", "practice\strain\Strain.fsproj", "{45817DE7-FF9A-4EF3-A7E1-37C1F2A024BE}"
EndProject
Project("{F2A71F9B-5D33-465A-A702-920D77279786}") = "Sublist", "practice\sublist\Sublist.fsproj", "{81028002-5B16-4730-85C6-5B08DAF4FCB2}"
EndProject
Project("{F2A71F9B-5D33-465A-A702-920D77279786}") = "SumOfMultiples", "practice\sum-of-multiples\SumOfMultiples.fsproj", "{9BCF8EFD-1AF3-43BD-998F-55CF34CB4096}"
EndProject
Project("{F2A71F9B-5D33-465A-A702-920D77279786}") = "Tournament", "practice\tournament\Tournament.fsproj", "{DD9B8E51-C751-4BBB-AB12-9331378C8B2E}"
EndProject
Project("{F2A71F9B-5D33-465A-A702-920D77279786}") = "Transpose", "practice\transpose\Transpose.fsproj", "{B3E80A8D-E714-47D0-A5C8-7654D6F714D8}"
EndProject
Project("{F2A71F9B-5D33-465A-A702-920D77279786}") = "TreeBuilding", "practice\tree-building\TreeBuilding.fsproj", "{81EFC316-F297-4C3B-9C7A-ABEC6DF03D54}"
EndProject
Project("{F2A71F9B-5D33-465A-A702-920D77279786}") = "Triangle", "practice\triangle\Triangle.fsproj", "{A17AB821-E22E-458D-AD53-D865AA5C49EF}"
EndProject
Project("{F2A71F9B-5D33-465A-A702-920D77279786}") = "Trinary", "practice\trinary\Trinary.fsproj", "{D2AB8329-1C4D-45D8-B512-5FAAC2F97CBA}"
EndProject
Project("{F2A71F9B-5D33-465A-A702-920D77279786}") = "TwelveDays", "practice\twelve-days\TwelveDays.fsproj", "{631EE16B-8176-4237-9079-AE18C143059F}"
EndProject
Project("{F2A71F9B-5D33-465A-A702-920D77279786}") = "TwoBucket", "practice\two-bucket\TwoBucket.fsproj", "{2D6EA1A2-7849-4072-B111-48F1DAAE35FE}"
EndProject
Project("{F2A71F9B-5D33-465A-A702-920D77279786}") = "TwoFer", "practice\two-fer\TwoFer.fsproj", "{7ACF060A-D1E4-44C4-A7CB-BBBF6F96511B}"
EndProject
Project("{F2A71F9B-5D33-465A-A702-920D77279786}") = "VariableLengthQuantity", "practice\variable-length-quantity\VariableLengthQuantity.fsproj", "{5CF11BF4-E978-44D0-B00D-C77C6D56A83C}"
EndProject
Project("{F2A71F9B-5D33-465A-A702-920D77279786}") = "WordCount", "practice\word-count\WordCount.fsproj", "{39CB6446-3FD7-4AEE-9C7C-29393D594DE9}"
EndProject
Project("{F2A71F9B-5D33-465A-A702-920D77279786}") = "WordSearch", "practice\word-search\WordSearch.fsproj", "{4A78CE6A-65DD-4D07-A47A-231F100EAE84}"
EndProject
Project("{F2A71F9B-5D33-465A-A702-920D77279786}") = "Wordy", "practice\wordy\Wordy.fsproj", "{BAF8C436-F9F0-4C3C-80FC-2AE6AEFA4B31}"
EndProject
Project("{F2A71F9B-5D33-465A-A702-920D77279786}") = "Yacht", "practice\yacht\Yacht.fsproj", "{4AD3B365-83FE-4C43-BEB5-E7DC5CCED892}"
EndProject
Project("{F2A71F9B-5D33-465A-A702-920D77279786}") = "ZebraPuzzle", "practice\zebra-puzzle\ZebraPuzzle.fsproj", "{A6E25412-34F6-49ED-834B-8A551CF3F2D3}"
EndProject
Project("{F2A71F9B-5D33-465A-A702-920D77279786}") = "Zipper", "practice\zipper\Zipper.fsproj", "{32F8738C-2782-4881-95C0-C621DC0D7ED9}"
EndProject
Project("{F2A71F9B-5D33-465A-A702-920D77279786}") = "ResistorColorTrio", "practice\resistor-color-trio\ResistorColorTrio.fsproj", "{1850FAE9-5ACB-41D0-91BB-AD17A1021248}"
EndProject
Project("{F2A71F9B-5D33-465A-A702-920D77279786}") = "KillerSudokuHelper", "practice\killer-sudoku-helper\KillerSudokuHelper.fsproj", "{FCE9E627-CFF9-4EF3-84BE-D42B354825AA}"
EndProject
Project("{F2A71F9B-5D33-465A-A702-920D77279786}") = "StateOfTicTacToe", "practice\state-of-tic-tac-toe\StateOfTicTacToe.fsproj", "{A12FEF19-5EE8-430E-BD66-2D93ADFC1944}"
EndProject
Project("{F2A71F9B-5D33-465A-A702-920D77279786}") = "Satellite", "practice\satellite\Satellite.fsproj", "{FF432193-3D08-4BD4-ADCD-1512BF67A425}"
EndProject
Project("{F2A71F9B-5D33-465A-A702-920D77279786}") = "FlowerField", "practice\flower-field\FlowerField.fsproj", "{26CB8141-0925-4A3C-A4FE-3190342EB85C}"
EndProject
Global
	GlobalSection(SolutionConfigurationPlatforms) = preSolution
		Debug|Any CPU = Debug|Any CPU
		Release|Any CPU = Release|Any CPU
	EndGlobalSection
	GlobalSection(SolutionProperties) = preSolution
		HideSolutionNode = FALSE
	EndGlobalSection
	GlobalSection(ProjectConfigurationPlatforms) = postSolution
		{B404AA3C-A226-409A-A035-6C1DC66940DD}.Debug|Any CPU.ActiveCfg = Debug|Any CPU
		{B404AA3C-A226-409A-A035-6C1DC66940DD}.Debug|Any CPU.Build.0 = Debug|Any CPU
		{B404AA3C-A226-409A-A035-6C1DC66940DD}.Release|Any CPU.ActiveCfg = Release|Any CPU
		{B404AA3C-A226-409A-A035-6C1DC66940DD}.Release|Any CPU.Build.0 = Release|Any CPU
		{B4202889-9BC9-4557-AB75-8EC2332BAD18}.Debug|Any CPU.ActiveCfg = Debug|Any CPU
		{B4202889-9BC9-4557-AB75-8EC2332BAD18}.Debug|Any CPU.Build.0 = Debug|Any CPU
		{B4202889-9BC9-4557-AB75-8EC2332BAD18}.Release|Any CPU.ActiveCfg = Release|Any CPU
		{B4202889-9BC9-4557-AB75-8EC2332BAD18}.Release|Any CPU.Build.0 = Release|Any CPU
		{705ABDEC-F4C5-4508-A1DA-571D8469ED9B}.Debug|Any CPU.ActiveCfg = Debug|Any CPU
		{705ABDEC-F4C5-4508-A1DA-571D8469ED9B}.Debug|Any CPU.Build.0 = Debug|Any CPU
		{705ABDEC-F4C5-4508-A1DA-571D8469ED9B}.Release|Any CPU.ActiveCfg = Release|Any CPU
		{705ABDEC-F4C5-4508-A1DA-571D8469ED9B}.Release|Any CPU.Build.0 = Release|Any CPU
		{22B29734-BCB5-4967-9952-B5E05B02E288}.Debug|Any CPU.ActiveCfg = Debug|Any CPU
		{22B29734-BCB5-4967-9952-B5E05B02E288}.Debug|Any CPU.Build.0 = Debug|Any CPU
		{22B29734-BCB5-4967-9952-B5E05B02E288}.Release|Any CPU.ActiveCfg = Release|Any CPU
		{22B29734-BCB5-4967-9952-B5E05B02E288}.Release|Any CPU.Build.0 = Release|Any CPU
		{B5BA00A7-DB77-42B7-9AFA-625E19F2F0D6}.Debug|Any CPU.ActiveCfg = Debug|Any CPU
		{B5BA00A7-DB77-42B7-9AFA-625E19F2F0D6}.Debug|Any CPU.Build.0 = Debug|Any CPU
		{B5BA00A7-DB77-42B7-9AFA-625E19F2F0D6}.Release|Any CPU.ActiveCfg = Release|Any CPU
		{B5BA00A7-DB77-42B7-9AFA-625E19F2F0D6}.Release|Any CPU.Build.0 = Release|Any CPU
		{6FEE8CB8-7341-4D4F-B490-364AD67DCC0E}.Debug|Any CPU.ActiveCfg = Debug|Any CPU
		{6FEE8CB8-7341-4D4F-B490-364AD67DCC0E}.Debug|Any CPU.Build.0 = Debug|Any CPU
		{6FEE8CB8-7341-4D4F-B490-364AD67DCC0E}.Release|Any CPU.ActiveCfg = Release|Any CPU
		{6FEE8CB8-7341-4D4F-B490-364AD67DCC0E}.Release|Any CPU.Build.0 = Release|Any CPU
		{887262D1-CB02-4FA3-8C51-110A0D8CEA4F}.Debug|Any CPU.ActiveCfg = Debug|Any CPU
		{887262D1-CB02-4FA3-8C51-110A0D8CEA4F}.Debug|Any CPU.Build.0 = Debug|Any CPU
		{887262D1-CB02-4FA3-8C51-110A0D8CEA4F}.Release|Any CPU.ActiveCfg = Release|Any CPU
		{887262D1-CB02-4FA3-8C51-110A0D8CEA4F}.Release|Any CPU.Build.0 = Release|Any CPU
		{8F6CC051-22EB-406F-B0E3-F013812FA181}.Debug|Any CPU.ActiveCfg = Debug|Any CPU
		{8F6CC051-22EB-406F-B0E3-F013812FA181}.Debug|Any CPU.Build.0 = Debug|Any CPU
		{8F6CC051-22EB-406F-B0E3-F013812FA181}.Release|Any CPU.ActiveCfg = Release|Any CPU
		{8F6CC051-22EB-406F-B0E3-F013812FA181}.Release|Any CPU.Build.0 = Release|Any CPU
		{CA8AD1CA-2DD1-4201-A898-15C40E803339}.Debug|Any CPU.ActiveCfg = Debug|Any CPU
		{CA8AD1CA-2DD1-4201-A898-15C40E803339}.Debug|Any CPU.Build.0 = Debug|Any CPU
		{CA8AD1CA-2DD1-4201-A898-15C40E803339}.Release|Any CPU.ActiveCfg = Release|Any CPU
		{CA8AD1CA-2DD1-4201-A898-15C40E803339}.Release|Any CPU.Build.0 = Release|Any CPU
		{60395119-70B7-4620-9683-A2E77F8F67C2}.Debug|Any CPU.ActiveCfg = Debug|Any CPU
		{60395119-70B7-4620-9683-A2E77F8F67C2}.Debug|Any CPU.Build.0 = Debug|Any CPU
		{60395119-70B7-4620-9683-A2E77F8F67C2}.Release|Any CPU.ActiveCfg = Release|Any CPU
		{60395119-70B7-4620-9683-A2E77F8F67C2}.Release|Any CPU.Build.0 = Release|Any CPU
		{813F55A4-915B-4B92-BE74-34DF8A7A5E57}.Debug|Any CPU.ActiveCfg = Debug|Any CPU
		{813F55A4-915B-4B92-BE74-34DF8A7A5E57}.Debug|Any CPU.Build.0 = Debug|Any CPU
		{813F55A4-915B-4B92-BE74-34DF8A7A5E57}.Release|Any CPU.ActiveCfg = Release|Any CPU
		{813F55A4-915B-4B92-BE74-34DF8A7A5E57}.Release|Any CPU.Build.0 = Release|Any CPU
		{93486261-F5F8-4062-80A4-4F50F4E2B993}.Debug|Any CPU.ActiveCfg = Debug|Any CPU
		{93486261-F5F8-4062-80A4-4F50F4E2B993}.Debug|Any CPU.Build.0 = Debug|Any CPU
		{93486261-F5F8-4062-80A4-4F50F4E2B993}.Release|Any CPU.ActiveCfg = Release|Any CPU
		{93486261-F5F8-4062-80A4-4F50F4E2B993}.Release|Any CPU.Build.0 = Release|Any CPU
		{4A207DF4-BE2D-4FFE-B0FA-18D47A2DAFB2}.Debug|Any CPU.ActiveCfg = Debug|Any CPU
		{4A207DF4-BE2D-4FFE-B0FA-18D47A2DAFB2}.Debug|Any CPU.Build.0 = Debug|Any CPU
		{4A207DF4-BE2D-4FFE-B0FA-18D47A2DAFB2}.Release|Any CPU.ActiveCfg = Release|Any CPU
		{4A207DF4-BE2D-4FFE-B0FA-18D47A2DAFB2}.Release|Any CPU.Build.0 = Release|Any CPU
		{A115F270-9D56-425A-BA38-CCD82E2BCC66}.Debug|Any CPU.ActiveCfg = Debug|Any CPU
		{A115F270-9D56-425A-BA38-CCD82E2BCC66}.Debug|Any CPU.Build.0 = Debug|Any CPU
		{A115F270-9D56-425A-BA38-CCD82E2BCC66}.Release|Any CPU.ActiveCfg = Release|Any CPU
		{A115F270-9D56-425A-BA38-CCD82E2BCC66}.Release|Any CPU.Build.0 = Release|Any CPU
		{3A2E7ACA-98FE-4E87-A483-94657720F530}.Debug|Any CPU.ActiveCfg = Debug|Any CPU
		{3A2E7ACA-98FE-4E87-A483-94657720F530}.Debug|Any CPU.Build.0 = Debug|Any CPU
		{3A2E7ACA-98FE-4E87-A483-94657720F530}.Release|Any CPU.ActiveCfg = Release|Any CPU
		{3A2E7ACA-98FE-4E87-A483-94657720F530}.Release|Any CPU.Build.0 = Release|Any CPU
		{DA247A23-0CCF-47BF-B101-9C19997AC559}.Debug|Any CPU.ActiveCfg = Debug|Any CPU
		{DA247A23-0CCF-47BF-B101-9C19997AC559}.Debug|Any CPU.Build.0 = Debug|Any CPU
		{DA247A23-0CCF-47BF-B101-9C19997AC559}.Release|Any CPU.ActiveCfg = Release|Any CPU
		{DA247A23-0CCF-47BF-B101-9C19997AC559}.Release|Any CPU.Build.0 = Release|Any CPU
		{F00564CB-6794-4493-B631-FEE8D2731E78}.Debug|Any CPU.ActiveCfg = Debug|Any CPU
		{F00564CB-6794-4493-B631-FEE8D2731E78}.Debug|Any CPU.Build.0 = Debug|Any CPU
		{F00564CB-6794-4493-B631-FEE8D2731E78}.Release|Any CPU.ActiveCfg = Release|Any CPU
		{F00564CB-6794-4493-B631-FEE8D2731E78}.Release|Any CPU.Build.0 = Release|Any CPU
		{E207043D-630C-4ADB-BB37-D13D042BB4D8}.Debug|Any CPU.ActiveCfg = Debug|Any CPU
		{E207043D-630C-4ADB-BB37-D13D042BB4D8}.Debug|Any CPU.Build.0 = Debug|Any CPU
		{E207043D-630C-4ADB-BB37-D13D042BB4D8}.Release|Any CPU.ActiveCfg = Release|Any CPU
		{E207043D-630C-4ADB-BB37-D13D042BB4D8}.Release|Any CPU.Build.0 = Release|Any CPU
		{7D3D64C3-25BD-4707-9D56-251B12FD27D1}.Debug|Any CPU.ActiveCfg = Debug|Any CPU
		{7D3D64C3-25BD-4707-9D56-251B12FD27D1}.Debug|Any CPU.Build.0 = Debug|Any CPU
		{7D3D64C3-25BD-4707-9D56-251B12FD27D1}.Release|Any CPU.ActiveCfg = Release|Any CPU
		{7D3D64C3-25BD-4707-9D56-251B12FD27D1}.Release|Any CPU.Build.0 = Release|Any CPU
		{9E2166CF-5738-4987-88CF-EEB945219642}.Debug|Any CPU.ActiveCfg = Debug|Any CPU
		{9E2166CF-5738-4987-88CF-EEB945219642}.Debug|Any CPU.Build.0 = Debug|Any CPU
		{9E2166CF-5738-4987-88CF-EEB945219642}.Release|Any CPU.ActiveCfg = Release|Any CPU
		{9E2166CF-5738-4987-88CF-EEB945219642}.Release|Any CPU.Build.0 = Release|Any CPU
		{132F8D0A-C7C3-4B6C-BC72-20B44EB3A920}.Debug|Any CPU.ActiveCfg = Debug|Any CPU
		{132F8D0A-C7C3-4B6C-BC72-20B44EB3A920}.Debug|Any CPU.Build.0 = Debug|Any CPU
		{132F8D0A-C7C3-4B6C-BC72-20B44EB3A920}.Release|Any CPU.ActiveCfg = Release|Any CPU
		{132F8D0A-C7C3-4B6C-BC72-20B44EB3A920}.Release|Any CPU.Build.0 = Release|Any CPU
		{DAB6984B-0FD8-4AD5-B7A5-1EF5C00A7B53}.Debug|Any CPU.ActiveCfg = Debug|Any CPU
		{DAB6984B-0FD8-4AD5-B7A5-1EF5C00A7B53}.Debug|Any CPU.Build.0 = Debug|Any CPU
		{DAB6984B-0FD8-4AD5-B7A5-1EF5C00A7B53}.Release|Any CPU.ActiveCfg = Release|Any CPU
		{DAB6984B-0FD8-4AD5-B7A5-1EF5C00A7B53}.Release|Any CPU.Build.0 = Release|Any CPU
		{D9323CA0-390F-40A3-B4D8-28F3A8488944}.Debug|Any CPU.ActiveCfg = Debug|Any CPU
		{D9323CA0-390F-40A3-B4D8-28F3A8488944}.Debug|Any CPU.Build.0 = Debug|Any CPU
		{D9323CA0-390F-40A3-B4D8-28F3A8488944}.Release|Any CPU.ActiveCfg = Release|Any CPU
		{D9323CA0-390F-40A3-B4D8-28F3A8488944}.Release|Any CPU.Build.0 = Release|Any CPU
		{85771B80-02B7-423A-972F-9B76E2F4B7E0}.Debug|Any CPU.ActiveCfg = Debug|Any CPU
		{85771B80-02B7-423A-972F-9B76E2F4B7E0}.Debug|Any CPU.Build.0 = Debug|Any CPU
		{85771B80-02B7-423A-972F-9B76E2F4B7E0}.Release|Any CPU.ActiveCfg = Release|Any CPU
		{85771B80-02B7-423A-972F-9B76E2F4B7E0}.Release|Any CPU.Build.0 = Release|Any CPU
		{6D17BA7D-8A46-4F6D-8055-40BAE532F4B8}.Debug|Any CPU.ActiveCfg = Debug|Any CPU
		{6D17BA7D-8A46-4F6D-8055-40BAE532F4B8}.Debug|Any CPU.Build.0 = Debug|Any CPU
		{6D17BA7D-8A46-4F6D-8055-40BAE532F4B8}.Release|Any CPU.ActiveCfg = Release|Any CPU
		{6D17BA7D-8A46-4F6D-8055-40BAE532F4B8}.Release|Any CPU.Build.0 = Release|Any CPU
		{BD562971-8AA0-48FF-8607-7F804E2D2FDE}.Debug|Any CPU.ActiveCfg = Debug|Any CPU
		{BD562971-8AA0-48FF-8607-7F804E2D2FDE}.Debug|Any CPU.Build.0 = Debug|Any CPU
		{BD562971-8AA0-48FF-8607-7F804E2D2FDE}.Release|Any CPU.ActiveCfg = Release|Any CPU
		{BD562971-8AA0-48FF-8607-7F804E2D2FDE}.Release|Any CPU.Build.0 = Release|Any CPU
		{FBA47F48-6414-493C-BBA8-07B8C1970036}.Debug|Any CPU.ActiveCfg = Debug|Any CPU
		{FBA47F48-6414-493C-BBA8-07B8C1970036}.Debug|Any CPU.Build.0 = Debug|Any CPU
		{FBA47F48-6414-493C-BBA8-07B8C1970036}.Release|Any CPU.ActiveCfg = Release|Any CPU
		{FBA47F48-6414-493C-BBA8-07B8C1970036}.Release|Any CPU.Build.0 = Release|Any CPU
		{CD9529B9-6DE9-4ED9-B59A-1605BDB27620}.Debug|Any CPU.ActiveCfg = Debug|Any CPU
		{CD9529B9-6DE9-4ED9-B59A-1605BDB27620}.Debug|Any CPU.Build.0 = Debug|Any CPU
		{CD9529B9-6DE9-4ED9-B59A-1605BDB27620}.Release|Any CPU.ActiveCfg = Release|Any CPU
		{CD9529B9-6DE9-4ED9-B59A-1605BDB27620}.Release|Any CPU.Build.0 = Release|Any CPU
		{081F4867-B556-434E-BC67-5FEB888B24CA}.Debug|Any CPU.ActiveCfg = Debug|Any CPU
		{081F4867-B556-434E-BC67-5FEB888B24CA}.Debug|Any CPU.Build.0 = Debug|Any CPU
		{081F4867-B556-434E-BC67-5FEB888B24CA}.Release|Any CPU.ActiveCfg = Release|Any CPU
		{081F4867-B556-434E-BC67-5FEB888B24CA}.Release|Any CPU.Build.0 = Release|Any CPU
		{AE659EB3-B358-42E6-B890-8FD4A7AB6595}.Debug|Any CPU.ActiveCfg = Debug|Any CPU
		{AE659EB3-B358-42E6-B890-8FD4A7AB6595}.Debug|Any CPU.Build.0 = Debug|Any CPU
		{AE659EB3-B358-42E6-B890-8FD4A7AB6595}.Release|Any CPU.ActiveCfg = Release|Any CPU
		{AE659EB3-B358-42E6-B890-8FD4A7AB6595}.Release|Any CPU.Build.0 = Release|Any CPU
		{58C11E09-8F2B-475D-AA56-97758DDFB438}.Debug|Any CPU.ActiveCfg = Debug|Any CPU
		{58C11E09-8F2B-475D-AA56-97758DDFB438}.Debug|Any CPU.Build.0 = Debug|Any CPU
		{58C11E09-8F2B-475D-AA56-97758DDFB438}.Release|Any CPU.ActiveCfg = Release|Any CPU
		{58C11E09-8F2B-475D-AA56-97758DDFB438}.Release|Any CPU.Build.0 = Release|Any CPU
		{18DEB670-4948-490A-924C-F4E8F295DB21}.Debug|Any CPU.ActiveCfg = Debug|Any CPU
		{18DEB670-4948-490A-924C-F4E8F295DB21}.Debug|Any CPU.Build.0 = Debug|Any CPU
		{18DEB670-4948-490A-924C-F4E8F295DB21}.Release|Any CPU.ActiveCfg = Release|Any CPU
		{18DEB670-4948-490A-924C-F4E8F295DB21}.Release|Any CPU.Build.0 = Release|Any CPU
		{FB3B0B04-5EC8-427B-812F-AE2DA62D9E93}.Debug|Any CPU.ActiveCfg = Debug|Any CPU
		{FB3B0B04-5EC8-427B-812F-AE2DA62D9E93}.Debug|Any CPU.Build.0 = Debug|Any CPU
		{FB3B0B04-5EC8-427B-812F-AE2DA62D9E93}.Release|Any CPU.ActiveCfg = Release|Any CPU
		{FB3B0B04-5EC8-427B-812F-AE2DA62D9E93}.Release|Any CPU.Build.0 = Release|Any CPU
		{5176D479-17FF-4A27-9263-005B36C74089}.Debug|Any CPU.ActiveCfg = Debug|Any CPU
		{5176D479-17FF-4A27-9263-005B36C74089}.Debug|Any CPU.Build.0 = Debug|Any CPU
		{5176D479-17FF-4A27-9263-005B36C74089}.Release|Any CPU.ActiveCfg = Release|Any CPU
		{5176D479-17FF-4A27-9263-005B36C74089}.Release|Any CPU.Build.0 = Release|Any CPU
		{FAD6BDAF-8F38-4981-AFE6-8FF0F14C5A67}.Debug|Any CPU.ActiveCfg = Debug|Any CPU
		{FAD6BDAF-8F38-4981-AFE6-8FF0F14C5A67}.Debug|Any CPU.Build.0 = Debug|Any CPU
		{FAD6BDAF-8F38-4981-AFE6-8FF0F14C5A67}.Release|Any CPU.ActiveCfg = Release|Any CPU
		{FAD6BDAF-8F38-4981-AFE6-8FF0F14C5A67}.Release|Any CPU.Build.0 = Release|Any CPU
		{A0207116-3B99-48B8-88F3-22140FA63437}.Debug|Any CPU.ActiveCfg = Debug|Any CPU
		{A0207116-3B99-48B8-88F3-22140FA63437}.Debug|Any CPU.Build.0 = Debug|Any CPU
		{A0207116-3B99-48B8-88F3-22140FA63437}.Release|Any CPU.ActiveCfg = Release|Any CPU
		{A0207116-3B99-48B8-88F3-22140FA63437}.Release|Any CPU.Build.0 = Release|Any CPU
		{51F9297B-3723-48D1-BFA8-DFBEDAE22703}.Debug|Any CPU.ActiveCfg = Debug|Any CPU
		{51F9297B-3723-48D1-BFA8-DFBEDAE22703}.Debug|Any CPU.Build.0 = Debug|Any CPU
		{51F9297B-3723-48D1-BFA8-DFBEDAE22703}.Release|Any CPU.ActiveCfg = Release|Any CPU
		{51F9297B-3723-48D1-BFA8-DFBEDAE22703}.Release|Any CPU.Build.0 = Release|Any CPU
		{367648F7-F3F6-4403-8095-324DEFD3E756}.Debug|Any CPU.ActiveCfg = Debug|Any CPU
		{367648F7-F3F6-4403-8095-324DEFD3E756}.Debug|Any CPU.Build.0 = Debug|Any CPU
		{367648F7-F3F6-4403-8095-324DEFD3E756}.Release|Any CPU.ActiveCfg = Release|Any CPU
		{367648F7-F3F6-4403-8095-324DEFD3E756}.Release|Any CPU.Build.0 = Release|Any CPU
		{E223E3E7-B665-4097-B86F-BD3A25AAA934}.Debug|Any CPU.ActiveCfg = Debug|Any CPU
		{E223E3E7-B665-4097-B86F-BD3A25AAA934}.Debug|Any CPU.Build.0 = Debug|Any CPU
		{E223E3E7-B665-4097-B86F-BD3A25AAA934}.Release|Any CPU.ActiveCfg = Release|Any CPU
		{E223E3E7-B665-4097-B86F-BD3A25AAA934}.Release|Any CPU.Build.0 = Release|Any CPU
		{1E39BDD9-46FE-4CC5-8A17-8258B98D3F98}.Debug|Any CPU.ActiveCfg = Debug|Any CPU
		{1E39BDD9-46FE-4CC5-8A17-8258B98D3F98}.Debug|Any CPU.Build.0 = Debug|Any CPU
		{1E39BDD9-46FE-4CC5-8A17-8258B98D3F98}.Release|Any CPU.ActiveCfg = Release|Any CPU
		{1E39BDD9-46FE-4CC5-8A17-8258B98D3F98}.Release|Any CPU.Build.0 = Release|Any CPU
		{FF82E034-FB49-48F7-ACE2-A26AFD2DD3E1}.Debug|Any CPU.ActiveCfg = Debug|Any CPU
		{FF82E034-FB49-48F7-ACE2-A26AFD2DD3E1}.Debug|Any CPU.Build.0 = Debug|Any CPU
		{FF82E034-FB49-48F7-ACE2-A26AFD2DD3E1}.Release|Any CPU.ActiveCfg = Release|Any CPU
		{FF82E034-FB49-48F7-ACE2-A26AFD2DD3E1}.Release|Any CPU.Build.0 = Release|Any CPU
		{A62F9DE3-5F25-48BF-A4E3-7E7572015CAB}.Debug|Any CPU.ActiveCfg = Debug|Any CPU
		{A62F9DE3-5F25-48BF-A4E3-7E7572015CAB}.Debug|Any CPU.Build.0 = Debug|Any CPU
		{A62F9DE3-5F25-48BF-A4E3-7E7572015CAB}.Release|Any CPU.ActiveCfg = Release|Any CPU
		{A62F9DE3-5F25-48BF-A4E3-7E7572015CAB}.Release|Any CPU.Build.0 = Release|Any CPU
		{1FAE0DA6-4987-4D2E-BBEC-1197957906FF}.Debug|Any CPU.ActiveCfg = Debug|Any CPU
		{1FAE0DA6-4987-4D2E-BBEC-1197957906FF}.Debug|Any CPU.Build.0 = Debug|Any CPU
		{1FAE0DA6-4987-4D2E-BBEC-1197957906FF}.Release|Any CPU.ActiveCfg = Release|Any CPU
		{1FAE0DA6-4987-4D2E-BBEC-1197957906FF}.Release|Any CPU.Build.0 = Release|Any CPU
		{4555CF5C-B3AA-4F2B-B613-747A78FF9E38}.Debug|Any CPU.ActiveCfg = Debug|Any CPU
		{4555CF5C-B3AA-4F2B-B613-747A78FF9E38}.Debug|Any CPU.Build.0 = Debug|Any CPU
		{4555CF5C-B3AA-4F2B-B613-747A78FF9E38}.Release|Any CPU.ActiveCfg = Release|Any CPU
		{4555CF5C-B3AA-4F2B-B613-747A78FF9E38}.Release|Any CPU.Build.0 = Release|Any CPU
		{174FB6D1-F7CE-4734-B61F-B1646415B055}.Debug|Any CPU.ActiveCfg = Debug|Any CPU
		{174FB6D1-F7CE-4734-B61F-B1646415B055}.Debug|Any CPU.Build.0 = Debug|Any CPU
		{174FB6D1-F7CE-4734-B61F-B1646415B055}.Release|Any CPU.ActiveCfg = Release|Any CPU
		{174FB6D1-F7CE-4734-B61F-B1646415B055}.Release|Any CPU.Build.0 = Release|Any CPU
		{E7CC9162-617D-472E-B0EA-C21B49F4681D}.Debug|Any CPU.ActiveCfg = Debug|Any CPU
		{E7CC9162-617D-472E-B0EA-C21B49F4681D}.Debug|Any CPU.Build.0 = Debug|Any CPU
		{E7CC9162-617D-472E-B0EA-C21B49F4681D}.Release|Any CPU.ActiveCfg = Release|Any CPU
		{E7CC9162-617D-472E-B0EA-C21B49F4681D}.Release|Any CPU.Build.0 = Release|Any CPU
		{40B7B127-1552-4FE3-84D2-01E255068A0A}.Debug|Any CPU.ActiveCfg = Debug|Any CPU
		{40B7B127-1552-4FE3-84D2-01E255068A0A}.Debug|Any CPU.Build.0 = Debug|Any CPU
		{40B7B127-1552-4FE3-84D2-01E255068A0A}.Release|Any CPU.ActiveCfg = Release|Any CPU
		{40B7B127-1552-4FE3-84D2-01E255068A0A}.Release|Any CPU.Build.0 = Release|Any CPU
		{BF0242CC-2517-4949-80F5-61E32FD41B49}.Debug|Any CPU.ActiveCfg = Debug|Any CPU
		{BF0242CC-2517-4949-80F5-61E32FD41B49}.Debug|Any CPU.Build.0 = Debug|Any CPU
		{BF0242CC-2517-4949-80F5-61E32FD41B49}.Release|Any CPU.ActiveCfg = Release|Any CPU
		{BF0242CC-2517-4949-80F5-61E32FD41B49}.Release|Any CPU.Build.0 = Release|Any CPU
		{7503F315-D08E-4343-A954-899C7CB8724F}.Debug|Any CPU.ActiveCfg = Debug|Any CPU
		{7503F315-D08E-4343-A954-899C7CB8724F}.Debug|Any CPU.Build.0 = Debug|Any CPU
		{7503F315-D08E-4343-A954-899C7CB8724F}.Release|Any CPU.ActiveCfg = Release|Any CPU
		{7503F315-D08E-4343-A954-899C7CB8724F}.Release|Any CPU.Build.0 = Release|Any CPU
		{3B404F0C-0368-495E-876C-FCDB95B5AC38}.Debug|Any CPU.ActiveCfg = Debug|Any CPU
		{3B404F0C-0368-495E-876C-FCDB95B5AC38}.Debug|Any CPU.Build.0 = Debug|Any CPU
		{3B404F0C-0368-495E-876C-FCDB95B5AC38}.Release|Any CPU.ActiveCfg = Release|Any CPU
		{3B404F0C-0368-495E-876C-FCDB95B5AC38}.Release|Any CPU.Build.0 = Release|Any CPU
		{5D44F5F1-4FEF-4D5B-8F60-89F989C34568}.Debug|Any CPU.ActiveCfg = Debug|Any CPU
		{5D44F5F1-4FEF-4D5B-8F60-89F989C34568}.Debug|Any CPU.Build.0 = Debug|Any CPU
		{5D44F5F1-4FEF-4D5B-8F60-89F989C34568}.Release|Any CPU.ActiveCfg = Release|Any CPU
		{5D44F5F1-4FEF-4D5B-8F60-89F989C34568}.Release|Any CPU.Build.0 = Release|Any CPU
		{686303ED-6E94-494A-918E-93A38B5F0C3F}.Debug|Any CPU.ActiveCfg = Debug|Any CPU
		{686303ED-6E94-494A-918E-93A38B5F0C3F}.Debug|Any CPU.Build.0 = Debug|Any CPU
		{686303ED-6E94-494A-918E-93A38B5F0C3F}.Release|Any CPU.ActiveCfg = Release|Any CPU
		{686303ED-6E94-494A-918E-93A38B5F0C3F}.Release|Any CPU.Build.0 = Release|Any CPU
		{E367F54F-DF25-49EE-B933-7E455E58097D}.Debug|Any CPU.ActiveCfg = Debug|Any CPU
		{E367F54F-DF25-49EE-B933-7E455E58097D}.Debug|Any CPU.Build.0 = Debug|Any CPU
		{E367F54F-DF25-49EE-B933-7E455E58097D}.Release|Any CPU.ActiveCfg = Release|Any CPU
		{E367F54F-DF25-49EE-B933-7E455E58097D}.Release|Any CPU.Build.0 = Release|Any CPU
		{F6A86131-CF1B-4ED1-8E04-580E90E542D8}.Debug|Any CPU.ActiveCfg = Debug|Any CPU
		{F6A86131-CF1B-4ED1-8E04-580E90E542D8}.Debug|Any CPU.Build.0 = Debug|Any CPU
		{F6A86131-CF1B-4ED1-8E04-580E90E542D8}.Release|Any CPU.ActiveCfg = Release|Any CPU
		{F6A86131-CF1B-4ED1-8E04-580E90E542D8}.Release|Any CPU.Build.0 = Release|Any CPU
		{C8A2430E-94A6-4EC7-A993-39E48A1AF232}.Debug|Any CPU.ActiveCfg = Debug|Any CPU
		{C8A2430E-94A6-4EC7-A993-39E48A1AF232}.Debug|Any CPU.Build.0 = Debug|Any CPU
		{C8A2430E-94A6-4EC7-A993-39E48A1AF232}.Release|Any CPU.ActiveCfg = Release|Any CPU
		{C8A2430E-94A6-4EC7-A993-39E48A1AF232}.Release|Any CPU.Build.0 = Release|Any CPU
		{F4649DE2-24CE-40FE-9E39-9B95F23C27D1}.Debug|Any CPU.ActiveCfg = Debug|Any CPU
		{F4649DE2-24CE-40FE-9E39-9B95F23C27D1}.Debug|Any CPU.Build.0 = Debug|Any CPU
		{F4649DE2-24CE-40FE-9E39-9B95F23C27D1}.Release|Any CPU.ActiveCfg = Release|Any CPU
		{F4649DE2-24CE-40FE-9E39-9B95F23C27D1}.Release|Any CPU.Build.0 = Release|Any CPU
		{634C1A09-2023-4302-AF8B-911AE0F97D40}.Debug|Any CPU.ActiveCfg = Debug|Any CPU
		{634C1A09-2023-4302-AF8B-911AE0F97D40}.Debug|Any CPU.Build.0 = Debug|Any CPU
		{634C1A09-2023-4302-AF8B-911AE0F97D40}.Release|Any CPU.ActiveCfg = Release|Any CPU
		{634C1A09-2023-4302-AF8B-911AE0F97D40}.Release|Any CPU.Build.0 = Release|Any CPU
		{11510A71-E63B-4D80-A111-DC5AD4D2FBB8}.Debug|Any CPU.ActiveCfg = Debug|Any CPU
		{11510A71-E63B-4D80-A111-DC5AD4D2FBB8}.Debug|Any CPU.Build.0 = Debug|Any CPU
		{11510A71-E63B-4D80-A111-DC5AD4D2FBB8}.Release|Any CPU.ActiveCfg = Release|Any CPU
		{11510A71-E63B-4D80-A111-DC5AD4D2FBB8}.Release|Any CPU.Build.0 = Release|Any CPU
		{DBE25107-3962-42E8-8031-AF7A3F46E2F8}.Debug|Any CPU.ActiveCfg = Debug|Any CPU
		{DBE25107-3962-42E8-8031-AF7A3F46E2F8}.Debug|Any CPU.Build.0 = Debug|Any CPU
		{DBE25107-3962-42E8-8031-AF7A3F46E2F8}.Release|Any CPU.ActiveCfg = Release|Any CPU
		{DBE25107-3962-42E8-8031-AF7A3F46E2F8}.Release|Any CPU.Build.0 = Release|Any CPU
		{742ACEB8-62D1-471B-8408-9E3220139964}.Debug|Any CPU.ActiveCfg = Debug|Any CPU
		{742ACEB8-62D1-471B-8408-9E3220139964}.Debug|Any CPU.Build.0 = Debug|Any CPU
		{742ACEB8-62D1-471B-8408-9E3220139964}.Release|Any CPU.ActiveCfg = Release|Any CPU
		{742ACEB8-62D1-471B-8408-9E3220139964}.Release|Any CPU.Build.0 = Release|Any CPU
		{9E141A86-97F6-4D39-851F-8A2824B18A3B}.Debug|Any CPU.ActiveCfg = Debug|Any CPU
		{9E141A86-97F6-4D39-851F-8A2824B18A3B}.Debug|Any CPU.Build.0 = Debug|Any CPU
		{9E141A86-97F6-4D39-851F-8A2824B18A3B}.Release|Any CPU.ActiveCfg = Release|Any CPU
		{9E141A86-97F6-4D39-851F-8A2824B18A3B}.Release|Any CPU.Build.0 = Release|Any CPU
		{483ECABE-2E24-4612-83A1-475AC2F945DD}.Debug|Any CPU.ActiveCfg = Debug|Any CPU
		{483ECABE-2E24-4612-83A1-475AC2F945DD}.Debug|Any CPU.Build.0 = Debug|Any CPU
		{483ECABE-2E24-4612-83A1-475AC2F945DD}.Release|Any CPU.ActiveCfg = Release|Any CPU
		{483ECABE-2E24-4612-83A1-475AC2F945DD}.Release|Any CPU.Build.0 = Release|Any CPU
		{AB1ACFBA-D01A-435C-8A6D-C19176521F9C}.Debug|Any CPU.ActiveCfg = Debug|Any CPU
		{AB1ACFBA-D01A-435C-8A6D-C19176521F9C}.Debug|Any CPU.Build.0 = Debug|Any CPU
		{AB1ACFBA-D01A-435C-8A6D-C19176521F9C}.Release|Any CPU.ActiveCfg = Release|Any CPU
		{AB1ACFBA-D01A-435C-8A6D-C19176521F9C}.Release|Any CPU.Build.0 = Release|Any CPU
		{A13A449D-1288-46B6-A462-8C80A6B5C3CA}.Debug|Any CPU.ActiveCfg = Debug|Any CPU
		{A13A449D-1288-46B6-A462-8C80A6B5C3CA}.Debug|Any CPU.Build.0 = Debug|Any CPU
		{A13A449D-1288-46B6-A462-8C80A6B5C3CA}.Release|Any CPU.ActiveCfg = Release|Any CPU
		{A13A449D-1288-46B6-A462-8C80A6B5C3CA}.Release|Any CPU.Build.0 = Release|Any CPU
		{6CCE7408-0231-4CD8-AB20-AAB5FA662647}.Debug|Any CPU.ActiveCfg = Debug|Any CPU
		{6CCE7408-0231-4CD8-AB20-AAB5FA662647}.Debug|Any CPU.Build.0 = Debug|Any CPU
		{6CCE7408-0231-4CD8-AB20-AAB5FA662647}.Release|Any CPU.ActiveCfg = Release|Any CPU
		{6CCE7408-0231-4CD8-AB20-AAB5FA662647}.Release|Any CPU.Build.0 = Release|Any CPU
		{27D0E6A4-3AD8-4CBB-8B1C-60C6B4CDD24E}.Debug|Any CPU.ActiveCfg = Debug|Any CPU
		{27D0E6A4-3AD8-4CBB-8B1C-60C6B4CDD24E}.Debug|Any CPU.Build.0 = Debug|Any CPU
		{27D0E6A4-3AD8-4CBB-8B1C-60C6B4CDD24E}.Release|Any CPU.ActiveCfg = Release|Any CPU
		{27D0E6A4-3AD8-4CBB-8B1C-60C6B4CDD24E}.Release|Any CPU.Build.0 = Release|Any CPU
		{D927BD26-1420-4EC9-B3AE-CB568A3A5F4D}.Debug|Any CPU.ActiveCfg = Debug|Any CPU
		{D927BD26-1420-4EC9-B3AE-CB568A3A5F4D}.Debug|Any CPU.Build.0 = Debug|Any CPU
		{D927BD26-1420-4EC9-B3AE-CB568A3A5F4D}.Release|Any CPU.ActiveCfg = Release|Any CPU
		{D927BD26-1420-4EC9-B3AE-CB568A3A5F4D}.Release|Any CPU.Build.0 = Release|Any CPU
		{01F6B5FD-EE35-4154-9543-CD296D54242F}.Debug|Any CPU.ActiveCfg = Debug|Any CPU
		{01F6B5FD-EE35-4154-9543-CD296D54242F}.Debug|Any CPU.Build.0 = Debug|Any CPU
		{01F6B5FD-EE35-4154-9543-CD296D54242F}.Release|Any CPU.ActiveCfg = Release|Any CPU
		{01F6B5FD-EE35-4154-9543-CD296D54242F}.Release|Any CPU.Build.0 = Release|Any CPU
		{97B84150-D6B7-4934-BFA7-866A901C95FF}.Debug|Any CPU.ActiveCfg = Debug|Any CPU
		{97B84150-D6B7-4934-BFA7-866A901C95FF}.Debug|Any CPU.Build.0 = Debug|Any CPU
		{97B84150-D6B7-4934-BFA7-866A901C95FF}.Release|Any CPU.ActiveCfg = Release|Any CPU
		{97B84150-D6B7-4934-BFA7-866A901C95FF}.Release|Any CPU.Build.0 = Release|Any CPU
		{B5EBB25C-2C7C-42D9-92C3-EAC7B6F3909E}.Debug|Any CPU.ActiveCfg = Debug|Any CPU
		{B5EBB25C-2C7C-42D9-92C3-EAC7B6F3909E}.Debug|Any CPU.Build.0 = Debug|Any CPU
		{B5EBB25C-2C7C-42D9-92C3-EAC7B6F3909E}.Release|Any CPU.ActiveCfg = Release|Any CPU
		{B5EBB25C-2C7C-42D9-92C3-EAC7B6F3909E}.Release|Any CPU.Build.0 = Release|Any CPU
		{E8A70478-F2B6-4AD4-AACE-C1A8F17158DD}.Debug|Any CPU.ActiveCfg = Debug|Any CPU
		{E8A70478-F2B6-4AD4-AACE-C1A8F17158DD}.Debug|Any CPU.Build.0 = Debug|Any CPU
		{E8A70478-F2B6-4AD4-AACE-C1A8F17158DD}.Release|Any CPU.ActiveCfg = Release|Any CPU
		{E8A70478-F2B6-4AD4-AACE-C1A8F17158DD}.Release|Any CPU.Build.0 = Release|Any CPU
		{ABA149A4-3877-41B5-A886-7FEF9BA85A95}.Debug|Any CPU.ActiveCfg = Debug|Any CPU
		{ABA149A4-3877-41B5-A886-7FEF9BA85A95}.Debug|Any CPU.Build.0 = Debug|Any CPU
		{ABA149A4-3877-41B5-A886-7FEF9BA85A95}.Release|Any CPU.ActiveCfg = Release|Any CPU
		{ABA149A4-3877-41B5-A886-7FEF9BA85A95}.Release|Any CPU.Build.0 = Release|Any CPU
		{AC1674F2-8F1B-45C9-B4FC-E5132B34747F}.Debug|Any CPU.ActiveCfg = Debug|Any CPU
		{AC1674F2-8F1B-45C9-B4FC-E5132B34747F}.Debug|Any CPU.Build.0 = Debug|Any CPU
		{AC1674F2-8F1B-45C9-B4FC-E5132B34747F}.Release|Any CPU.ActiveCfg = Release|Any CPU
		{AC1674F2-8F1B-45C9-B4FC-E5132B34747F}.Release|Any CPU.Build.0 = Release|Any CPU
		{8EF5F163-4E1D-41D6-8902-9FF75DDFB76C}.Debug|Any CPU.ActiveCfg = Debug|Any CPU
		{8EF5F163-4E1D-41D6-8902-9FF75DDFB76C}.Debug|Any CPU.Build.0 = Debug|Any CPU
		{8EF5F163-4E1D-41D6-8902-9FF75DDFB76C}.Release|Any CPU.ActiveCfg = Release|Any CPU
		{8EF5F163-4E1D-41D6-8902-9FF75DDFB76C}.Release|Any CPU.Build.0 = Release|Any CPU
		{E8D8B038-1BBE-4F52-8143-04A6FC85ACEF}.Debug|Any CPU.ActiveCfg = Debug|Any CPU
		{E8D8B038-1BBE-4F52-8143-04A6FC85ACEF}.Debug|Any CPU.Build.0 = Debug|Any CPU
		{E8D8B038-1BBE-4F52-8143-04A6FC85ACEF}.Release|Any CPU.ActiveCfg = Release|Any CPU
		{E8D8B038-1BBE-4F52-8143-04A6FC85ACEF}.Release|Any CPU.Build.0 = Release|Any CPU
		{7A989F5B-C9C7-47D1-B33D-0D900EED4B93}.Debug|Any CPU.ActiveCfg = Debug|Any CPU
		{7A989F5B-C9C7-47D1-B33D-0D900EED4B93}.Debug|Any CPU.Build.0 = Debug|Any CPU
		{7A989F5B-C9C7-47D1-B33D-0D900EED4B93}.Release|Any CPU.ActiveCfg = Release|Any CPU
		{7A989F5B-C9C7-47D1-B33D-0D900EED4B93}.Release|Any CPU.Build.0 = Release|Any CPU
		{3B371D60-A79D-4987-9AD0-3A686F98BDB5}.Debug|Any CPU.ActiveCfg = Debug|Any CPU
		{3B371D60-A79D-4987-9AD0-3A686F98BDB5}.Debug|Any CPU.Build.0 = Debug|Any CPU
		{3B371D60-A79D-4987-9AD0-3A686F98BDB5}.Release|Any CPU.ActiveCfg = Release|Any CPU
		{3B371D60-A79D-4987-9AD0-3A686F98BDB5}.Release|Any CPU.Build.0 = Release|Any CPU
		{3A8D2CE8-EFA7-4623-8276-337C89C47006}.Debug|Any CPU.ActiveCfg = Debug|Any CPU
		{3A8D2CE8-EFA7-4623-8276-337C89C47006}.Debug|Any CPU.Build.0 = Debug|Any CPU
		{3A8D2CE8-EFA7-4623-8276-337C89C47006}.Release|Any CPU.ActiveCfg = Release|Any CPU
		{3A8D2CE8-EFA7-4623-8276-337C89C47006}.Release|Any CPU.Build.0 = Release|Any CPU
		{6CAC8106-5283-4CE3-AC83-4F953A22F876}.Debug|Any CPU.ActiveCfg = Debug|Any CPU
		{6CAC8106-5283-4CE3-AC83-4F953A22F876}.Debug|Any CPU.Build.0 = Debug|Any CPU
		{6CAC8106-5283-4CE3-AC83-4F953A22F876}.Release|Any CPU.ActiveCfg = Release|Any CPU
		{6CAC8106-5283-4CE3-AC83-4F953A22F876}.Release|Any CPU.Build.0 = Release|Any CPU
		{F7895A04-BE01-4FAE-84BA-A4E88B09A8AF}.Debug|Any CPU.ActiveCfg = Debug|Any CPU
		{F7895A04-BE01-4FAE-84BA-A4E88B09A8AF}.Debug|Any CPU.Build.0 = Debug|Any CPU
		{F7895A04-BE01-4FAE-84BA-A4E88B09A8AF}.Release|Any CPU.ActiveCfg = Release|Any CPU
		{F7895A04-BE01-4FAE-84BA-A4E88B09A8AF}.Release|Any CPU.Build.0 = Release|Any CPU
		{2AF97A85-15FB-4D4E-8DED-48BA5FC22A67}.Debug|Any CPU.ActiveCfg = Debug|Any CPU
		{2AF97A85-15FB-4D4E-8DED-48BA5FC22A67}.Debug|Any CPU.Build.0 = Debug|Any CPU
		{2AF97A85-15FB-4D4E-8DED-48BA5FC22A67}.Release|Any CPU.ActiveCfg = Release|Any CPU
		{2AF97A85-15FB-4D4E-8DED-48BA5FC22A67}.Release|Any CPU.Build.0 = Release|Any CPU
		{FF053973-B1D6-45A7-9B97-85F9AB25BFC6}.Debug|Any CPU.ActiveCfg = Debug|Any CPU
		{FF053973-B1D6-45A7-9B97-85F9AB25BFC6}.Debug|Any CPU.Build.0 = Debug|Any CPU
		{FF053973-B1D6-45A7-9B97-85F9AB25BFC6}.Release|Any CPU.ActiveCfg = Release|Any CPU
		{FF053973-B1D6-45A7-9B97-85F9AB25BFC6}.Release|Any CPU.Build.0 = Release|Any CPU
		{F9769157-B7AD-40E5-B97B-02CEAB7958F5}.Debug|Any CPU.ActiveCfg = Debug|Any CPU
		{F9769157-B7AD-40E5-B97B-02CEAB7958F5}.Debug|Any CPU.Build.0 = Debug|Any CPU
		{F9769157-B7AD-40E5-B97B-02CEAB7958F5}.Release|Any CPU.ActiveCfg = Release|Any CPU
		{F9769157-B7AD-40E5-B97B-02CEAB7958F5}.Release|Any CPU.Build.0 = Release|Any CPU
		{08AFA6AA-A2E7-44CF-A9AB-C1C086F5ED14}.Debug|Any CPU.ActiveCfg = Debug|Any CPU
		{08AFA6AA-A2E7-44CF-A9AB-C1C086F5ED14}.Debug|Any CPU.Build.0 = Debug|Any CPU
		{08AFA6AA-A2E7-44CF-A9AB-C1C086F5ED14}.Release|Any CPU.ActiveCfg = Release|Any CPU
		{08AFA6AA-A2E7-44CF-A9AB-C1C086F5ED14}.Release|Any CPU.Build.0 = Release|Any CPU
		{D1B6AAEB-6064-468E-8C8A-66469137F6CE}.Debug|Any CPU.ActiveCfg = Debug|Any CPU
		{D1B6AAEB-6064-468E-8C8A-66469137F6CE}.Debug|Any CPU.Build.0 = Debug|Any CPU
		{D1B6AAEB-6064-468E-8C8A-66469137F6CE}.Release|Any CPU.ActiveCfg = Release|Any CPU
		{D1B6AAEB-6064-468E-8C8A-66469137F6CE}.Release|Any CPU.Build.0 = Release|Any CPU
		{A7AA848F-4EAD-4564-9A26-32FF3013739C}.Debug|Any CPU.ActiveCfg = Debug|Any CPU
		{A7AA848F-4EAD-4564-9A26-32FF3013739C}.Debug|Any CPU.Build.0 = Debug|Any CPU
		{A7AA848F-4EAD-4564-9A26-32FF3013739C}.Release|Any CPU.ActiveCfg = Release|Any CPU
		{A7AA848F-4EAD-4564-9A26-32FF3013739C}.Release|Any CPU.Build.0 = Release|Any CPU
		{1AC58611-1BA9-42D2-8774-7BAFC473DA3C}.Debug|Any CPU.ActiveCfg = Debug|Any CPU
		{1AC58611-1BA9-42D2-8774-7BAFC473DA3C}.Debug|Any CPU.Build.0 = Debug|Any CPU
		{1AC58611-1BA9-42D2-8774-7BAFC473DA3C}.Release|Any CPU.ActiveCfg = Release|Any CPU
		{1AC58611-1BA9-42D2-8774-7BAFC473DA3C}.Release|Any CPU.Build.0 = Release|Any CPU
		{0B5CA79F-85BE-4EA2-8644-D7B128BA81F1}.Debug|Any CPU.ActiveCfg = Debug|Any CPU
		{0B5CA79F-85BE-4EA2-8644-D7B128BA81F1}.Debug|Any CPU.Build.0 = Debug|Any CPU
		{0B5CA79F-85BE-4EA2-8644-D7B128BA81F1}.Release|Any CPU.ActiveCfg = Release|Any CPU
		{0B5CA79F-85BE-4EA2-8644-D7B128BA81F1}.Release|Any CPU.Build.0 = Release|Any CPU
		{E6FB2416-71BF-4ED1-A26D-E6A9F9FAF5B5}.Debug|Any CPU.ActiveCfg = Debug|Any CPU
		{E6FB2416-71BF-4ED1-A26D-E6A9F9FAF5B5}.Debug|Any CPU.Build.0 = Debug|Any CPU
		{E6FB2416-71BF-4ED1-A26D-E6A9F9FAF5B5}.Release|Any CPU.ActiveCfg = Release|Any CPU
		{E6FB2416-71BF-4ED1-A26D-E6A9F9FAF5B5}.Release|Any CPU.Build.0 = Release|Any CPU
		{B2412D2F-9265-4FCF-ADD0-82429CDFD6B7}.Debug|Any CPU.ActiveCfg = Debug|Any CPU
		{B2412D2F-9265-4FCF-ADD0-82429CDFD6B7}.Debug|Any CPU.Build.0 = Debug|Any CPU
		{B2412D2F-9265-4FCF-ADD0-82429CDFD6B7}.Release|Any CPU.ActiveCfg = Release|Any CPU
		{B2412D2F-9265-4FCF-ADD0-82429CDFD6B7}.Release|Any CPU.Build.0 = Release|Any CPU
		{B56D9AB0-E639-4FCB-8C42-89C36A268084}.Debug|Any CPU.ActiveCfg = Debug|Any CPU
		{B56D9AB0-E639-4FCB-8C42-89C36A268084}.Debug|Any CPU.Build.0 = Debug|Any CPU
		{B56D9AB0-E639-4FCB-8C42-89C36A268084}.Release|Any CPU.ActiveCfg = Release|Any CPU
		{B56D9AB0-E639-4FCB-8C42-89C36A268084}.Release|Any CPU.Build.0 = Release|Any CPU
		{87509049-75A0-48A1-B83A-EA8D0B0D253D}.Debug|Any CPU.ActiveCfg = Debug|Any CPU
		{87509049-75A0-48A1-B83A-EA8D0B0D253D}.Debug|Any CPU.Build.0 = Debug|Any CPU
		{87509049-75A0-48A1-B83A-EA8D0B0D253D}.Release|Any CPU.ActiveCfg = Release|Any CPU
		{87509049-75A0-48A1-B83A-EA8D0B0D253D}.Release|Any CPU.Build.0 = Release|Any CPU
		{09F29AAE-770B-4DBC-8F44-A7884B03020D}.Debug|Any CPU.ActiveCfg = Debug|Any CPU
		{09F29AAE-770B-4DBC-8F44-A7884B03020D}.Debug|Any CPU.Build.0 = Debug|Any CPU
		{09F29AAE-770B-4DBC-8F44-A7884B03020D}.Release|Any CPU.ActiveCfg = Release|Any CPU
		{09F29AAE-770B-4DBC-8F44-A7884B03020D}.Release|Any CPU.Build.0 = Release|Any CPU
		{DA90836A-EF1A-49E7-B15D-528A8A3FB3A5}.Debug|Any CPU.ActiveCfg = Debug|Any CPU
		{DA90836A-EF1A-49E7-B15D-528A8A3FB3A5}.Debug|Any CPU.Build.0 = Debug|Any CPU
		{DA90836A-EF1A-49E7-B15D-528A8A3FB3A5}.Release|Any CPU.ActiveCfg = Release|Any CPU
		{DA90836A-EF1A-49E7-B15D-528A8A3FB3A5}.Release|Any CPU.Build.0 = Release|Any CPU
		{8ADA6343-0FF2-4BE0-8A29-DA702B39053D}.Debug|Any CPU.ActiveCfg = Debug|Any CPU
		{8ADA6343-0FF2-4BE0-8A29-DA702B39053D}.Debug|Any CPU.Build.0 = Debug|Any CPU
		{8ADA6343-0FF2-4BE0-8A29-DA702B39053D}.Release|Any CPU.ActiveCfg = Release|Any CPU
		{8ADA6343-0FF2-4BE0-8A29-DA702B39053D}.Release|Any CPU.Build.0 = Release|Any CPU
		{2B7DA640-28A4-42A2-B7D1-4465BDD88409}.Debug|Any CPU.ActiveCfg = Debug|Any CPU
		{2B7DA640-28A4-42A2-B7D1-4465BDD88409}.Debug|Any CPU.Build.0 = Debug|Any CPU
		{2B7DA640-28A4-42A2-B7D1-4465BDD88409}.Release|Any CPU.ActiveCfg = Release|Any CPU
		{2B7DA640-28A4-42A2-B7D1-4465BDD88409}.Release|Any CPU.Build.0 = Release|Any CPU
		{82435576-D807-4C8E-8C2F-25AB7E37A69C}.Debug|Any CPU.ActiveCfg = Debug|Any CPU
		{82435576-D807-4C8E-8C2F-25AB7E37A69C}.Debug|Any CPU.Build.0 = Debug|Any CPU
		{82435576-D807-4C8E-8C2F-25AB7E37A69C}.Release|Any CPU.ActiveCfg = Release|Any CPU
		{82435576-D807-4C8E-8C2F-25AB7E37A69C}.Release|Any CPU.Build.0 = Release|Any CPU
		{1DC6C868-BEE5-454F-8176-8EACCD8CCFD7}.Debug|Any CPU.ActiveCfg = Debug|Any CPU
		{1DC6C868-BEE5-454F-8176-8EACCD8CCFD7}.Debug|Any CPU.Build.0 = Debug|Any CPU
		{1DC6C868-BEE5-454F-8176-8EACCD8CCFD7}.Release|Any CPU.ActiveCfg = Release|Any CPU
		{1DC6C868-BEE5-454F-8176-8EACCD8CCFD7}.Release|Any CPU.Build.0 = Release|Any CPU
		{4FBA64D3-91A1-46EB-9F7D-3EF207C88A6D}.Debug|Any CPU.ActiveCfg = Debug|Any CPU
		{4FBA64D3-91A1-46EB-9F7D-3EF207C88A6D}.Debug|Any CPU.Build.0 = Debug|Any CPU
		{4FBA64D3-91A1-46EB-9F7D-3EF207C88A6D}.Release|Any CPU.ActiveCfg = Release|Any CPU
		{4FBA64D3-91A1-46EB-9F7D-3EF207C88A6D}.Release|Any CPU.Build.0 = Release|Any CPU
		{4E218BD1-6A95-4609-AFD1-B9AD8839BE46}.Debug|Any CPU.ActiveCfg = Debug|Any CPU
		{4E218BD1-6A95-4609-AFD1-B9AD8839BE46}.Debug|Any CPU.Build.0 = Debug|Any CPU
		{4E218BD1-6A95-4609-AFD1-B9AD8839BE46}.Release|Any CPU.ActiveCfg = Release|Any CPU
		{4E218BD1-6A95-4609-AFD1-B9AD8839BE46}.Release|Any CPU.Build.0 = Release|Any CPU
		{8A12B293-7A02-44D9-BB76-563CBB7048D5}.Debug|Any CPU.ActiveCfg = Debug|Any CPU
		{8A12B293-7A02-44D9-BB76-563CBB7048D5}.Debug|Any CPU.Build.0 = Debug|Any CPU
		{8A12B293-7A02-44D9-BB76-563CBB7048D5}.Release|Any CPU.ActiveCfg = Release|Any CPU
		{8A12B293-7A02-44D9-BB76-563CBB7048D5}.Release|Any CPU.Build.0 = Release|Any CPU
		{B353A647-FDE9-4DE1-B268-EE9C9B400500}.Debug|Any CPU.ActiveCfg = Debug|Any CPU
		{B353A647-FDE9-4DE1-B268-EE9C9B400500}.Debug|Any CPU.Build.0 = Debug|Any CPU
		{B353A647-FDE9-4DE1-B268-EE9C9B400500}.Release|Any CPU.ActiveCfg = Release|Any CPU
		{B353A647-FDE9-4DE1-B268-EE9C9B400500}.Release|Any CPU.Build.0 = Release|Any CPU
		{8EDD35D6-EC77-4E11-91C4-5EAE5FDD1F62}.Debug|Any CPU.ActiveCfg = Debug|Any CPU
		{8EDD35D6-EC77-4E11-91C4-5EAE5FDD1F62}.Debug|Any CPU.Build.0 = Debug|Any CPU
		{8EDD35D6-EC77-4E11-91C4-5EAE5FDD1F62}.Release|Any CPU.ActiveCfg = Release|Any CPU
		{8EDD35D6-EC77-4E11-91C4-5EAE5FDD1F62}.Release|Any CPU.Build.0 = Release|Any CPU
		{A50C565F-2A62-4A1E-8B79-BB8E02C2E23E}.Debug|Any CPU.ActiveCfg = Debug|Any CPU
		{A50C565F-2A62-4A1E-8B79-BB8E02C2E23E}.Debug|Any CPU.Build.0 = Debug|Any CPU
		{A50C565F-2A62-4A1E-8B79-BB8E02C2E23E}.Release|Any CPU.ActiveCfg = Release|Any CPU
		{A50C565F-2A62-4A1E-8B79-BB8E02C2E23E}.Release|Any CPU.Build.0 = Release|Any CPU
		{EEC5C350-66C3-4631-BB86-E7123E741100}.Debug|Any CPU.ActiveCfg = Debug|Any CPU
		{EEC5C350-66C3-4631-BB86-E7123E741100}.Debug|Any CPU.Build.0 = Debug|Any CPU
		{EEC5C350-66C3-4631-BB86-E7123E741100}.Release|Any CPU.ActiveCfg = Release|Any CPU
		{EEC5C350-66C3-4631-BB86-E7123E741100}.Release|Any CPU.Build.0 = Release|Any CPU
		{76172314-60CB-4B8B-AE2F-994F9CDCEEBD}.Debug|Any CPU.ActiveCfg = Debug|Any CPU
		{76172314-60CB-4B8B-AE2F-994F9CDCEEBD}.Debug|Any CPU.Build.0 = Debug|Any CPU
		{76172314-60CB-4B8B-AE2F-994F9CDCEEBD}.Release|Any CPU.ActiveCfg = Release|Any CPU
		{76172314-60CB-4B8B-AE2F-994F9CDCEEBD}.Release|Any CPU.Build.0 = Release|Any CPU
		{2FBEC014-FA4E-44A2-9340-1EDAA4CB7AA7}.Debug|Any CPU.ActiveCfg = Debug|Any CPU
		{2FBEC014-FA4E-44A2-9340-1EDAA4CB7AA7}.Debug|Any CPU.Build.0 = Debug|Any CPU
		{2FBEC014-FA4E-44A2-9340-1EDAA4CB7AA7}.Release|Any CPU.ActiveCfg = Release|Any CPU
		{2FBEC014-FA4E-44A2-9340-1EDAA4CB7AA7}.Release|Any CPU.Build.0 = Release|Any CPU
		{2DD0DDEB-E86A-4DC6-9228-408D58760560}.Debug|Any CPU.ActiveCfg = Debug|Any CPU
		{2DD0DDEB-E86A-4DC6-9228-408D58760560}.Debug|Any CPU.Build.0 = Debug|Any CPU
		{2DD0DDEB-E86A-4DC6-9228-408D58760560}.Release|Any CPU.ActiveCfg = Release|Any CPU
		{2DD0DDEB-E86A-4DC6-9228-408D58760560}.Release|Any CPU.Build.0 = Release|Any CPU
		{27E49D97-ECEF-408E-AD1A-A0E908D15B88}.Debug|Any CPU.ActiveCfg = Debug|Any CPU
		{27E49D97-ECEF-408E-AD1A-A0E908D15B88}.Debug|Any CPU.Build.0 = Debug|Any CPU
		{27E49D97-ECEF-408E-AD1A-A0E908D15B88}.Release|Any CPU.ActiveCfg = Release|Any CPU
		{27E49D97-ECEF-408E-AD1A-A0E908D15B88}.Release|Any CPU.Build.0 = Release|Any CPU
		{3C18C024-A889-4AEC-973D-1BB29B2F7A79}.Debug|Any CPU.ActiveCfg = Debug|Any CPU
		{3C18C024-A889-4AEC-973D-1BB29B2F7A79}.Debug|Any CPU.Build.0 = Debug|Any CPU
		{3C18C024-A889-4AEC-973D-1BB29B2F7A79}.Release|Any CPU.ActiveCfg = Release|Any CPU
		{3C18C024-A889-4AEC-973D-1BB29B2F7A79}.Release|Any CPU.Build.0 = Release|Any CPU
		{DB08C0F9-6E6A-4FB5-8BAB-FE1C71C4FB29}.Debug|Any CPU.ActiveCfg = Debug|Any CPU
		{DB08C0F9-6E6A-4FB5-8BAB-FE1C71C4FB29}.Debug|Any CPU.Build.0 = Debug|Any CPU
		{DB08C0F9-6E6A-4FB5-8BAB-FE1C71C4FB29}.Release|Any CPU.ActiveCfg = Release|Any CPU
		{DB08C0F9-6E6A-4FB5-8BAB-FE1C71C4FB29}.Release|Any CPU.Build.0 = Release|Any CPU
		{ED5AD12C-509D-48E3-B650-07B66EE60E37}.Debug|Any CPU.ActiveCfg = Debug|Any CPU
		{ED5AD12C-509D-48E3-B650-07B66EE60E37}.Debug|Any CPU.Build.0 = Debug|Any CPU
		{ED5AD12C-509D-48E3-B650-07B66EE60E37}.Release|Any CPU.ActiveCfg = Release|Any CPU
		{ED5AD12C-509D-48E3-B650-07B66EE60E37}.Release|Any CPU.Build.0 = Release|Any CPU
		{F330DEB2-0065-4B77-91EA-3B7105A1C89A}.Debug|Any CPU.ActiveCfg = Debug|Any CPU
		{F330DEB2-0065-4B77-91EA-3B7105A1C89A}.Debug|Any CPU.Build.0 = Debug|Any CPU
		{F330DEB2-0065-4B77-91EA-3B7105A1C89A}.Release|Any CPU.ActiveCfg = Release|Any CPU
		{F330DEB2-0065-4B77-91EA-3B7105A1C89A}.Release|Any CPU.Build.0 = Release|Any CPU
		{644E402D-2BDE-45D0-A398-E94ABB4876DA}.Debug|Any CPU.ActiveCfg = Debug|Any CPU
		{644E402D-2BDE-45D0-A398-E94ABB4876DA}.Debug|Any CPU.Build.0 = Debug|Any CPU
		{644E402D-2BDE-45D0-A398-E94ABB4876DA}.Release|Any CPU.ActiveCfg = Release|Any CPU
		{644E402D-2BDE-45D0-A398-E94ABB4876DA}.Release|Any CPU.Build.0 = Release|Any CPU
		{CA2AAB06-3CB4-4117-B42D-3D283706B652}.Debug|Any CPU.ActiveCfg = Debug|Any CPU
		{CA2AAB06-3CB4-4117-B42D-3D283706B652}.Debug|Any CPU.Build.0 = Debug|Any CPU
		{CA2AAB06-3CB4-4117-B42D-3D283706B652}.Release|Any CPU.ActiveCfg = Release|Any CPU
		{CA2AAB06-3CB4-4117-B42D-3D283706B652}.Release|Any CPU.Build.0 = Release|Any CPU
		{6C5BDCE6-7FBD-439B-AB6A-210F64F92040}.Debug|Any CPU.ActiveCfg = Debug|Any CPU
		{6C5BDCE6-7FBD-439B-AB6A-210F64F92040}.Debug|Any CPU.Build.0 = Debug|Any CPU
		{6C5BDCE6-7FBD-439B-AB6A-210F64F92040}.Release|Any CPU.ActiveCfg = Release|Any CPU
		{6C5BDCE6-7FBD-439B-AB6A-210F64F92040}.Release|Any CPU.Build.0 = Release|Any CPU
		{D162562E-2BAD-43B0-9133-1D0E723C0B99}.Debug|Any CPU.ActiveCfg = Debug|Any CPU
		{D162562E-2BAD-43B0-9133-1D0E723C0B99}.Debug|Any CPU.Build.0 = Debug|Any CPU
		{D162562E-2BAD-43B0-9133-1D0E723C0B99}.Release|Any CPU.ActiveCfg = Release|Any CPU
		{D162562E-2BAD-43B0-9133-1D0E723C0B99}.Release|Any CPU.Build.0 = Release|Any CPU
		{569BE165-B1DC-47EE-8E0D-C871B4C7609A}.Debug|Any CPU.ActiveCfg = Debug|Any CPU
		{569BE165-B1DC-47EE-8E0D-C871B4C7609A}.Debug|Any CPU.Build.0 = Debug|Any CPU
		{569BE165-B1DC-47EE-8E0D-C871B4C7609A}.Release|Any CPU.ActiveCfg = Release|Any CPU
		{569BE165-B1DC-47EE-8E0D-C871B4C7609A}.Release|Any CPU.Build.0 = Release|Any CPU
		{97D9FE31-DEE8-41F5-8A67-84C43EE75E85}.Debug|Any CPU.ActiveCfg = Debug|Any CPU
		{97D9FE31-DEE8-41F5-8A67-84C43EE75E85}.Debug|Any CPU.Build.0 = Debug|Any CPU
		{97D9FE31-DEE8-41F5-8A67-84C43EE75E85}.Release|Any CPU.ActiveCfg = Release|Any CPU
		{97D9FE31-DEE8-41F5-8A67-84C43EE75E85}.Release|Any CPU.Build.0 = Release|Any CPU
		{3259187E-9910-4B17-A9F5-374B06317607}.Debug|Any CPU.ActiveCfg = Debug|Any CPU
		{3259187E-9910-4B17-A9F5-374B06317607}.Debug|Any CPU.Build.0 = Debug|Any CPU
		{3259187E-9910-4B17-A9F5-374B06317607}.Release|Any CPU.ActiveCfg = Release|Any CPU
		{3259187E-9910-4B17-A9F5-374B06317607}.Release|Any CPU.Build.0 = Release|Any CPU
		{07093167-82BB-4503-AB35-B061CBA48689}.Debug|Any CPU.ActiveCfg = Debug|Any CPU
		{07093167-82BB-4503-AB35-B061CBA48689}.Debug|Any CPU.Build.0 = Debug|Any CPU
		{07093167-82BB-4503-AB35-B061CBA48689}.Release|Any CPU.ActiveCfg = Release|Any CPU
		{07093167-82BB-4503-AB35-B061CBA48689}.Release|Any CPU.Build.0 = Release|Any CPU
		{9C5B2929-0FA8-4652-AC86-3673523C06A4}.Debug|Any CPU.ActiveCfg = Debug|Any CPU
		{9C5B2929-0FA8-4652-AC86-3673523C06A4}.Debug|Any CPU.Build.0 = Debug|Any CPU
		{9C5B2929-0FA8-4652-AC86-3673523C06A4}.Release|Any CPU.ActiveCfg = Release|Any CPU
		{9C5B2929-0FA8-4652-AC86-3673523C06A4}.Release|Any CPU.Build.0 = Release|Any CPU
		{5B1A2DDD-46E0-4B09-85EA-695525078DF8}.Debug|Any CPU.ActiveCfg = Debug|Any CPU
		{5B1A2DDD-46E0-4B09-85EA-695525078DF8}.Debug|Any CPU.Build.0 = Debug|Any CPU
		{5B1A2DDD-46E0-4B09-85EA-695525078DF8}.Release|Any CPU.ActiveCfg = Release|Any CPU
		{5B1A2DDD-46E0-4B09-85EA-695525078DF8}.Release|Any CPU.Build.0 = Release|Any CPU
		{8E1885EE-FBDF-4C29-A17E-90D69E651E02}.Debug|Any CPU.ActiveCfg = Debug|Any CPU
		{8E1885EE-FBDF-4C29-A17E-90D69E651E02}.Debug|Any CPU.Build.0 = Debug|Any CPU
		{8E1885EE-FBDF-4C29-A17E-90D69E651E02}.Release|Any CPU.ActiveCfg = Release|Any CPU
		{8E1885EE-FBDF-4C29-A17E-90D69E651E02}.Release|Any CPU.Build.0 = Release|Any CPU
		{35E4287A-54C6-4E55-8445-4BF34B7996D8}.Debug|Any CPU.ActiveCfg = Debug|Any CPU
		{35E4287A-54C6-4E55-8445-4BF34B7996D8}.Debug|Any CPU.Build.0 = Debug|Any CPU
		{35E4287A-54C6-4E55-8445-4BF34B7996D8}.Release|Any CPU.ActiveCfg = Release|Any CPU
		{35E4287A-54C6-4E55-8445-4BF34B7996D8}.Release|Any CPU.Build.0 = Release|Any CPU
		{A4D5D798-9F44-4A74-83EE-0965B54F52B9}.Debug|Any CPU.ActiveCfg = Debug|Any CPU
		{A4D5D798-9F44-4A74-83EE-0965B54F52B9}.Debug|Any CPU.Build.0 = Debug|Any CPU
		{A4D5D798-9F44-4A74-83EE-0965B54F52B9}.Release|Any CPU.ActiveCfg = Release|Any CPU
		{A4D5D798-9F44-4A74-83EE-0965B54F52B9}.Release|Any CPU.Build.0 = Release|Any CPU
		{45817DE7-FF9A-4EF3-A7E1-37C1F2A024BE}.Debug|Any CPU.ActiveCfg = Debug|Any CPU
		{45817DE7-FF9A-4EF3-A7E1-37C1F2A024BE}.Debug|Any CPU.Build.0 = Debug|Any CPU
		{45817DE7-FF9A-4EF3-A7E1-37C1F2A024BE}.Release|Any CPU.ActiveCfg = Release|Any CPU
		{45817DE7-FF9A-4EF3-A7E1-37C1F2A024BE}.Release|Any CPU.Build.0 = Release|Any CPU
		{81028002-5B16-4730-85C6-5B08DAF4FCB2}.Debug|Any CPU.ActiveCfg = Debug|Any CPU
		{81028002-5B16-4730-85C6-5B08DAF4FCB2}.Debug|Any CPU.Build.0 = Debug|Any CPU
		{81028002-5B16-4730-85C6-5B08DAF4FCB2}.Release|Any CPU.ActiveCfg = Release|Any CPU
		{81028002-5B16-4730-85C6-5B08DAF4FCB2}.Release|Any CPU.Build.0 = Release|Any CPU
		{9BCF8EFD-1AF3-43BD-998F-55CF34CB4096}.Debug|Any CPU.ActiveCfg = Debug|Any CPU
		{9BCF8EFD-1AF3-43BD-998F-55CF34CB4096}.Debug|Any CPU.Build.0 = Debug|Any CPU
		{9BCF8EFD-1AF3-43BD-998F-55CF34CB4096}.Release|Any CPU.ActiveCfg = Release|Any CPU
		{9BCF8EFD-1AF3-43BD-998F-55CF34CB4096}.Release|Any CPU.Build.0 = Release|Any CPU
		{DD9B8E51-C751-4BBB-AB12-9331378C8B2E}.Debug|Any CPU.ActiveCfg = Debug|Any CPU
		{DD9B8E51-C751-4BBB-AB12-9331378C8B2E}.Debug|Any CPU.Build.0 = Debug|Any CPU
		{DD9B8E51-C751-4BBB-AB12-9331378C8B2E}.Release|Any CPU.ActiveCfg = Release|Any CPU
		{DD9B8E51-C751-4BBB-AB12-9331378C8B2E}.Release|Any CPU.Build.0 = Release|Any CPU
		{B3E80A8D-E714-47D0-A5C8-7654D6F714D8}.Debug|Any CPU.ActiveCfg = Debug|Any CPU
		{B3E80A8D-E714-47D0-A5C8-7654D6F714D8}.Debug|Any CPU.Build.0 = Debug|Any CPU
		{B3E80A8D-E714-47D0-A5C8-7654D6F714D8}.Release|Any CPU.ActiveCfg = Release|Any CPU
		{B3E80A8D-E714-47D0-A5C8-7654D6F714D8}.Release|Any CPU.Build.0 = Release|Any CPU
		{81EFC316-F297-4C3B-9C7A-ABEC6DF03D54}.Debug|Any CPU.ActiveCfg = Debug|Any CPU
		{81EFC316-F297-4C3B-9C7A-ABEC6DF03D54}.Debug|Any CPU.Build.0 = Debug|Any CPU
		{81EFC316-F297-4C3B-9C7A-ABEC6DF03D54}.Release|Any CPU.ActiveCfg = Release|Any CPU
		{81EFC316-F297-4C3B-9C7A-ABEC6DF03D54}.Release|Any CPU.Build.0 = Release|Any CPU
		{A17AB821-E22E-458D-AD53-D865AA5C49EF}.Debug|Any CPU.ActiveCfg = Debug|Any CPU
		{A17AB821-E22E-458D-AD53-D865AA5C49EF}.Debug|Any CPU.Build.0 = Debug|Any CPU
		{A17AB821-E22E-458D-AD53-D865AA5C49EF}.Release|Any CPU.ActiveCfg = Release|Any CPU
		{A17AB821-E22E-458D-AD53-D865AA5C49EF}.Release|Any CPU.Build.0 = Release|Any CPU
		{D2AB8329-1C4D-45D8-B512-5FAAC2F97CBA}.Debug|Any CPU.ActiveCfg = Debug|Any CPU
		{D2AB8329-1C4D-45D8-B512-5FAAC2F97CBA}.Debug|Any CPU.Build.0 = Debug|Any CPU
		{D2AB8329-1C4D-45D8-B512-5FAAC2F97CBA}.Release|Any CPU.ActiveCfg = Release|Any CPU
		{D2AB8329-1C4D-45D8-B512-5FAAC2F97CBA}.Release|Any CPU.Build.0 = Release|Any CPU
		{631EE16B-8176-4237-9079-AE18C143059F}.Debug|Any CPU.ActiveCfg = Debug|Any CPU
		{631EE16B-8176-4237-9079-AE18C143059F}.Debug|Any CPU.Build.0 = Debug|Any CPU
		{631EE16B-8176-4237-9079-AE18C143059F}.Release|Any CPU.ActiveCfg = Release|Any CPU
		{631EE16B-8176-4237-9079-AE18C143059F}.Release|Any CPU.Build.0 = Release|Any CPU
		{2D6EA1A2-7849-4072-B111-48F1DAAE35FE}.Debug|Any CPU.ActiveCfg = Debug|Any CPU
		{2D6EA1A2-7849-4072-B111-48F1DAAE35FE}.Debug|Any CPU.Build.0 = Debug|Any CPU
		{2D6EA1A2-7849-4072-B111-48F1DAAE35FE}.Release|Any CPU.ActiveCfg = Release|Any CPU
		{2D6EA1A2-7849-4072-B111-48F1DAAE35FE}.Release|Any CPU.Build.0 = Release|Any CPU
		{7ACF060A-D1E4-44C4-A7CB-BBBF6F96511B}.Debug|Any CPU.ActiveCfg = Debug|Any CPU
		{7ACF060A-D1E4-44C4-A7CB-BBBF6F96511B}.Debug|Any CPU.Build.0 = Debug|Any CPU
		{7ACF060A-D1E4-44C4-A7CB-BBBF6F96511B}.Release|Any CPU.ActiveCfg = Release|Any CPU
		{7ACF060A-D1E4-44C4-A7CB-BBBF6F96511B}.Release|Any CPU.Build.0 = Release|Any CPU
		{5CF11BF4-E978-44D0-B00D-C77C6D56A83C}.Debug|Any CPU.ActiveCfg = Debug|Any CPU
		{5CF11BF4-E978-44D0-B00D-C77C6D56A83C}.Debug|Any CPU.Build.0 = Debug|Any CPU
		{5CF11BF4-E978-44D0-B00D-C77C6D56A83C}.Release|Any CPU.ActiveCfg = Release|Any CPU
		{5CF11BF4-E978-44D0-B00D-C77C6D56A83C}.Release|Any CPU.Build.0 = Release|Any CPU
		{39CB6446-3FD7-4AEE-9C7C-29393D594DE9}.Debug|Any CPU.ActiveCfg = Debug|Any CPU
		{39CB6446-3FD7-4AEE-9C7C-29393D594DE9}.Debug|Any CPU.Build.0 = Debug|Any CPU
		{39CB6446-3FD7-4AEE-9C7C-29393D594DE9}.Release|Any CPU.ActiveCfg = Release|Any CPU
		{39CB6446-3FD7-4AEE-9C7C-29393D594DE9}.Release|Any CPU.Build.0 = Release|Any CPU
		{4A78CE6A-65DD-4D07-A47A-231F100EAE84}.Debug|Any CPU.ActiveCfg = Debug|Any CPU
		{4A78CE6A-65DD-4D07-A47A-231F100EAE84}.Debug|Any CPU.Build.0 = Debug|Any CPU
		{4A78CE6A-65DD-4D07-A47A-231F100EAE84}.Release|Any CPU.ActiveCfg = Release|Any CPU
		{4A78CE6A-65DD-4D07-A47A-231F100EAE84}.Release|Any CPU.Build.0 = Release|Any CPU
		{BAF8C436-F9F0-4C3C-80FC-2AE6AEFA4B31}.Debug|Any CPU.ActiveCfg = Debug|Any CPU
		{BAF8C436-F9F0-4C3C-80FC-2AE6AEFA4B31}.Debug|Any CPU.Build.0 = Debug|Any CPU
		{BAF8C436-F9F0-4C3C-80FC-2AE6AEFA4B31}.Release|Any CPU.ActiveCfg = Release|Any CPU
		{BAF8C436-F9F0-4C3C-80FC-2AE6AEFA4B31}.Release|Any CPU.Build.0 = Release|Any CPU
		{4AD3B365-83FE-4C43-BEB5-E7DC5CCED892}.Debug|Any CPU.ActiveCfg = Debug|Any CPU
		{4AD3B365-83FE-4C43-BEB5-E7DC5CCED892}.Debug|Any CPU.Build.0 = Debug|Any CPU
		{4AD3B365-83FE-4C43-BEB5-E7DC5CCED892}.Release|Any CPU.ActiveCfg = Release|Any CPU
		{4AD3B365-83FE-4C43-BEB5-E7DC5CCED892}.Release|Any CPU.Build.0 = Release|Any CPU
		{A6E25412-34F6-49ED-834B-8A551CF3F2D3}.Debug|Any CPU.ActiveCfg = Debug|Any CPU
		{A6E25412-34F6-49ED-834B-8A551CF3F2D3}.Debug|Any CPU.Build.0 = Debug|Any CPU
		{A6E25412-34F6-49ED-834B-8A551CF3F2D3}.Release|Any CPU.ActiveCfg = Release|Any CPU
		{A6E25412-34F6-49ED-834B-8A551CF3F2D3}.Release|Any CPU.Build.0 = Release|Any CPU
		{32F8738C-2782-4881-95C0-C621DC0D7ED9}.Debug|Any CPU.ActiveCfg = Debug|Any CPU
		{32F8738C-2782-4881-95C0-C621DC0D7ED9}.Debug|Any CPU.Build.0 = Debug|Any CPU
		{32F8738C-2782-4881-95C0-C621DC0D7ED9}.Release|Any CPU.ActiveCfg = Release|Any CPU
		{32F8738C-2782-4881-95C0-C621DC0D7ED9}.Release|Any CPU.Build.0 = Release|Any CPU
		{1850FAE9-5ACB-41D0-91BB-AD17A1021248}.Debug|Any CPU.ActiveCfg = Debug|Any CPU
		{1850FAE9-5ACB-41D0-91BB-AD17A1021248}.Debug|Any CPU.Build.0 = Debug|Any CPU
		{1850FAE9-5ACB-41D0-91BB-AD17A1021248}.Release|Any CPU.ActiveCfg = Release|Any CPU
		{1850FAE9-5ACB-41D0-91BB-AD17A1021248}.Release|Any CPU.Build.0 = Release|Any CPU
		{FCE9E627-CFF9-4EF3-84BE-D42B354825AA}.Debug|Any CPU.ActiveCfg = Debug|Any CPU
		{FCE9E627-CFF9-4EF3-84BE-D42B354825AA}.Debug|Any CPU.Build.0 = Debug|Any CPU
		{FCE9E627-CFF9-4EF3-84BE-D42B354825AA}.Release|Any CPU.ActiveCfg = Release|Any CPU
		{FCE9E627-CFF9-4EF3-84BE-D42B354825AA}.Release|Any CPU.Build.0 = Release|Any CPU
		{A12FEF19-5EE8-430E-BD66-2D93ADFC1944}.Debug|Any CPU.ActiveCfg = Debug|Any CPU
		{A12FEF19-5EE8-430E-BD66-2D93ADFC1944}.Debug|Any CPU.Build.0 = Debug|Any CPU
		{A12FEF19-5EE8-430E-BD66-2D93ADFC1944}.Release|Any CPU.ActiveCfg = Release|Any CPU
		{A12FEF19-5EE8-430E-BD66-2D93ADFC1944}.Release|Any CPU.Build.0 = Release|Any CPU
		{FF432193-3D08-4BD4-ADCD-1512BF67A425}.Debug|Any CPU.ActiveCfg = Debug|Any CPU
		{FF432193-3D08-4BD4-ADCD-1512BF67A425}.Debug|Any CPU.Build.0 = Debug|Any CPU
		{FF432193-3D08-4BD4-ADCD-1512BF67A425}.Release|Any CPU.ActiveCfg = Release|Any CPU
		{FF432193-3D08-4BD4-ADCD-1512BF67A425}.Release|Any CPU.Build.0 = Release|Any CPU
		{26CB8141-0925-4A3C-A4FE-3190342EB85C}.Debug|Any CPU.ActiveCfg = Debug|Any CPU
		{26CB8141-0925-4A3C-A4FE-3190342EB85C}.Debug|Any CPU.Build.0 = Debug|Any CPU
		{26CB8141-0925-4A3C-A4FE-3190342EB85C}.Release|Any CPU.ActiveCfg = Release|Any CPU
		{26CB8141-0925-4A3C-A4FE-3190342EB85C}.Release|Any CPU.Build.0 = Release|Any CPU
        {74A88515-F7D5-447D-90B3-AD7EAF26549C}.Debug|Any CPU.ActiveCfg = Debug|Any CPU
        {74A88515-F7D5-447D-90B3-AD7EAF26549C}.Debug|Any CPU.Build.0 = Debug|Any CPU
        {74A88515-F7D5-447D-90B3-AD7EAF26549C}.Release|Any CPU.ActiveCfg = Release|Any CPU
        {74A88515-F7D5-447D-90B3-AD7EAF26549C}.Release|Any CPU.Build.0 = Release|Any CPU
	EndGlobalSection
	GlobalSection(NestedProjects) = preSolution
		{B404AA3C-A226-409A-A035-6C1DC66940DD} = {B7E719DB-FB8D-43B4-B529-55FCF6E3DC3F}
		{B4202889-9BC9-4557-AB75-8EC2332BAD18} = {B7E719DB-FB8D-43B4-B529-55FCF6E3DC3F}
		{705ABDEC-F4C5-4508-A1DA-571D8469ED9B} = {B7E719DB-FB8D-43B4-B529-55FCF6E3DC3F}
		{22B29734-BCB5-4967-9952-B5E05B02E288} = {B7E719DB-FB8D-43B4-B529-55FCF6E3DC3F}
		{B5BA00A7-DB77-42B7-9AFA-625E19F2F0D6} = {B7E719DB-FB8D-43B4-B529-55FCF6E3DC3F}
		{6FEE8CB8-7341-4D4F-B490-364AD67DCC0E} = {B7E719DB-FB8D-43B4-B529-55FCF6E3DC3F}
		{887262D1-CB02-4FA3-8C51-110A0D8CEA4F} = {B7E719DB-FB8D-43B4-B529-55FCF6E3DC3F}
		{8F6CC051-22EB-406F-B0E3-F013812FA181} = {B7E719DB-FB8D-43B4-B529-55FCF6E3DC3F}
		{CA8AD1CA-2DD1-4201-A898-15C40E803339} = {B7E719DB-FB8D-43B4-B529-55FCF6E3DC3F}
		{60395119-70B7-4620-9683-A2E77F8F67C2} = {B7E719DB-FB8D-43B4-B529-55FCF6E3DC3F}
		{813F55A4-915B-4B92-BE74-34DF8A7A5E57} = {B7E719DB-FB8D-43B4-B529-55FCF6E3DC3F}
		{93486261-F5F8-4062-80A4-4F50F4E2B993} = {B7E719DB-FB8D-43B4-B529-55FCF6E3DC3F}
		{4A207DF4-BE2D-4FFE-B0FA-18D47A2DAFB2} = {B7E719DB-FB8D-43B4-B529-55FCF6E3DC3F}
		{A115F270-9D56-425A-BA38-CCD82E2BCC66} = {B7E719DB-FB8D-43B4-B529-55FCF6E3DC3F}
		{3A2E7ACA-98FE-4E87-A483-94657720F530} = {391BEEC4-91A8-43F3-AE94-D5CB9A8FA611}
		{DA247A23-0CCF-47BF-B101-9C19997AC559} = {391BEEC4-91A8-43F3-AE94-D5CB9A8FA611}
		{F00564CB-6794-4493-B631-FEE8D2731E78} = {391BEEC4-91A8-43F3-AE94-D5CB9A8FA611}
		{E207043D-630C-4ADB-BB37-D13D042BB4D8} = {391BEEC4-91A8-43F3-AE94-D5CB9A8FA611}
		{7D3D64C3-25BD-4707-9D56-251B12FD27D1} = {391BEEC4-91A8-43F3-AE94-D5CB9A8FA611}
		{9E2166CF-5738-4987-88CF-EEB945219642} = {391BEEC4-91A8-43F3-AE94-D5CB9A8FA611}
		{132F8D0A-C7C3-4B6C-BC72-20B44EB3A920} = {391BEEC4-91A8-43F3-AE94-D5CB9A8FA611}
		{DAB6984B-0FD8-4AD5-B7A5-1EF5C00A7B53} = {391BEEC4-91A8-43F3-AE94-D5CB9A8FA611}
		{D9323CA0-390F-40A3-B4D8-28F3A8488944} = {391BEEC4-91A8-43F3-AE94-D5CB9A8FA611}
		{85771B80-02B7-423A-972F-9B76E2F4B7E0} = {391BEEC4-91A8-43F3-AE94-D5CB9A8FA611}
		{6D17BA7D-8A46-4F6D-8055-40BAE532F4B8} = {391BEEC4-91A8-43F3-AE94-D5CB9A8FA611}
		{BD562971-8AA0-48FF-8607-7F804E2D2FDE} = {391BEEC4-91A8-43F3-AE94-D5CB9A8FA611}
		{FBA47F48-6414-493C-BBA8-07B8C1970036} = {391BEEC4-91A8-43F3-AE94-D5CB9A8FA611}
		{CD9529B9-6DE9-4ED9-B59A-1605BDB27620} = {391BEEC4-91A8-43F3-AE94-D5CB9A8FA611}
		{081F4867-B556-434E-BC67-5FEB888B24CA} = {391BEEC4-91A8-43F3-AE94-D5CB9A8FA611}
		{AE659EB3-B358-42E6-B890-8FD4A7AB6595} = {391BEEC4-91A8-43F3-AE94-D5CB9A8FA611}
		{58C11E09-8F2B-475D-AA56-97758DDFB438} = {391BEEC4-91A8-43F3-AE94-D5CB9A8FA611}
		{18DEB670-4948-490A-924C-F4E8F295DB21} = {391BEEC4-91A8-43F3-AE94-D5CB9A8FA611}
		{FB3B0B04-5EC8-427B-812F-AE2DA62D9E93} = {391BEEC4-91A8-43F3-AE94-D5CB9A8FA611}
		{5176D479-17FF-4A27-9263-005B36C74089} = {391BEEC4-91A8-43F3-AE94-D5CB9A8FA611}
		{FAD6BDAF-8F38-4981-AFE6-8FF0F14C5A67} = {391BEEC4-91A8-43F3-AE94-D5CB9A8FA611}
		{A0207116-3B99-48B8-88F3-22140FA63437} = {391BEEC4-91A8-43F3-AE94-D5CB9A8FA611}
		{51F9297B-3723-48D1-BFA8-DFBEDAE22703} = {391BEEC4-91A8-43F3-AE94-D5CB9A8FA611}
		{367648F7-F3F6-4403-8095-324DEFD3E756} = {391BEEC4-91A8-43F3-AE94-D5CB9A8FA611}
		{E223E3E7-B665-4097-B86F-BD3A25AAA934} = {391BEEC4-91A8-43F3-AE94-D5CB9A8FA611}
		{1E39BDD9-46FE-4CC5-8A17-8258B98D3F98} = {391BEEC4-91A8-43F3-AE94-D5CB9A8FA611}
		{FF82E034-FB49-48F7-ACE2-A26AFD2DD3E1} = {391BEEC4-91A8-43F3-AE94-D5CB9A8FA611}
		{A62F9DE3-5F25-48BF-A4E3-7E7572015CAB} = {391BEEC4-91A8-43F3-AE94-D5CB9A8FA611}
		{1FAE0DA6-4987-4D2E-BBEC-1197957906FF} = {391BEEC4-91A8-43F3-AE94-D5CB9A8FA611}
		{4555CF5C-B3AA-4F2B-B613-747A78FF9E38} = {391BEEC4-91A8-43F3-AE94-D5CB9A8FA611}
		{174FB6D1-F7CE-4734-B61F-B1646415B055} = {391BEEC4-91A8-43F3-AE94-D5CB9A8FA611}
		{E7CC9162-617D-472E-B0EA-C21B49F4681D} = {391BEEC4-91A8-43F3-AE94-D5CB9A8FA611}
		{40B7B127-1552-4FE3-84D2-01E255068A0A} = {391BEEC4-91A8-43F3-AE94-D5CB9A8FA611}
		{BF0242CC-2517-4949-80F5-61E32FD41B49} = {391BEEC4-91A8-43F3-AE94-D5CB9A8FA611}
		{7503F315-D08E-4343-A954-899C7CB8724F} = {391BEEC4-91A8-43F3-AE94-D5CB9A8FA611}
		{3B404F0C-0368-495E-876C-FCDB95B5AC38} = {391BEEC4-91A8-43F3-AE94-D5CB9A8FA611}
		{5D44F5F1-4FEF-4D5B-8F60-89F989C34568} = {391BEEC4-91A8-43F3-AE94-D5CB9A8FA611}
		{686303ED-6E94-494A-918E-93A38B5F0C3F} = {391BEEC4-91A8-43F3-AE94-D5CB9A8FA611}
		{E367F54F-DF25-49EE-B933-7E455E58097D} = {391BEEC4-91A8-43F3-AE94-D5CB9A8FA611}
		{F6A86131-CF1B-4ED1-8E04-580E90E542D8} = {391BEEC4-91A8-43F3-AE94-D5CB9A8FA611}
		{C8A2430E-94A6-4EC7-A993-39E48A1AF232} = {391BEEC4-91A8-43F3-AE94-D5CB9A8FA611}
		{F4649DE2-24CE-40FE-9E39-9B95F23C27D1} = {391BEEC4-91A8-43F3-AE94-D5CB9A8FA611}
		{634C1A09-2023-4302-AF8B-911AE0F97D40} = {391BEEC4-91A8-43F3-AE94-D5CB9A8FA611}
		{11510A71-E63B-4D80-A111-DC5AD4D2FBB8} = {391BEEC4-91A8-43F3-AE94-D5CB9A8FA611}
		{DBE25107-3962-42E8-8031-AF7A3F46E2F8} = {391BEEC4-91A8-43F3-AE94-D5CB9A8FA611}
		{742ACEB8-62D1-471B-8408-9E3220139964} = {391BEEC4-91A8-43F3-AE94-D5CB9A8FA611}
		{9E141A86-97F6-4D39-851F-8A2824B18A3B} = {391BEEC4-91A8-43F3-AE94-D5CB9A8FA611}
		{483ECABE-2E24-4612-83A1-475AC2F945DD} = {391BEEC4-91A8-43F3-AE94-D5CB9A8FA611}
		{AB1ACFBA-D01A-435C-8A6D-C19176521F9C} = {391BEEC4-91A8-43F3-AE94-D5CB9A8FA611}
		{A13A449D-1288-46B6-A462-8C80A6B5C3CA} = {391BEEC4-91A8-43F3-AE94-D5CB9A8FA611}
		{6CCE7408-0231-4CD8-AB20-AAB5FA662647} = {391BEEC4-91A8-43F3-AE94-D5CB9A8FA611}
		{27D0E6A4-3AD8-4CBB-8B1C-60C6B4CDD24E} = {391BEEC4-91A8-43F3-AE94-D5CB9A8FA611}
		{D927BD26-1420-4EC9-B3AE-CB568A3A5F4D} = {391BEEC4-91A8-43F3-AE94-D5CB9A8FA611}
		{01F6B5FD-EE35-4154-9543-CD296D54242F} = {391BEEC4-91A8-43F3-AE94-D5CB9A8FA611}
		{97B84150-D6B7-4934-BFA7-866A901C95FF} = {391BEEC4-91A8-43F3-AE94-D5CB9A8FA611}
		{B5EBB25C-2C7C-42D9-92C3-EAC7B6F3909E} = {391BEEC4-91A8-43F3-AE94-D5CB9A8FA611}
		{E8A70478-F2B6-4AD4-AACE-C1A8F17158DD} = {391BEEC4-91A8-43F3-AE94-D5CB9A8FA611}
		{ABA149A4-3877-41B5-A886-7FEF9BA85A95} = {391BEEC4-91A8-43F3-AE94-D5CB9A8FA611}
		{AC1674F2-8F1B-45C9-B4FC-E5132B34747F} = {391BEEC4-91A8-43F3-AE94-D5CB9A8FA611}
		{8EF5F163-4E1D-41D6-8902-9FF75DDFB76C} = {391BEEC4-91A8-43F3-AE94-D5CB9A8FA611}
		{E8D8B038-1BBE-4F52-8143-04A6FC85ACEF} = {391BEEC4-91A8-43F3-AE94-D5CB9A8FA611}
		{7A989F5B-C9C7-47D1-B33D-0D900EED4B93} = {391BEEC4-91A8-43F3-AE94-D5CB9A8FA611}
		{3B371D60-A79D-4987-9AD0-3A686F98BDB5} = {391BEEC4-91A8-43F3-AE94-D5CB9A8FA611}
		{3A8D2CE8-EFA7-4623-8276-337C89C47006} = {391BEEC4-91A8-43F3-AE94-D5CB9A8FA611}
		{6CAC8106-5283-4CE3-AC83-4F953A22F876} = {391BEEC4-91A8-43F3-AE94-D5CB9A8FA611}
		{F7895A04-BE01-4FAE-84BA-A4E88B09A8AF} = {391BEEC4-91A8-43F3-AE94-D5CB9A8FA611}
		{2AF97A85-15FB-4D4E-8DED-48BA5FC22A67} = {391BEEC4-91A8-43F3-AE94-D5CB9A8FA611}
		{FF053973-B1D6-45A7-9B97-85F9AB25BFC6} = {391BEEC4-91A8-43F3-AE94-D5CB9A8FA611}
		{F9769157-B7AD-40E5-B97B-02CEAB7958F5} = {391BEEC4-91A8-43F3-AE94-D5CB9A8FA611}
		{08AFA6AA-A2E7-44CF-A9AB-C1C086F5ED14} = {391BEEC4-91A8-43F3-AE94-D5CB9A8FA611}
		{D1B6AAEB-6064-468E-8C8A-66469137F6CE} = {391BEEC4-91A8-43F3-AE94-D5CB9A8FA611}
		{A7AA848F-4EAD-4564-9A26-32FF3013739C} = {391BEEC4-91A8-43F3-AE94-D5CB9A8FA611}
		{1AC58611-1BA9-42D2-8774-7BAFC473DA3C} = {391BEEC4-91A8-43F3-AE94-D5CB9A8FA611}
		{0B5CA79F-85BE-4EA2-8644-D7B128BA81F1} = {391BEEC4-91A8-43F3-AE94-D5CB9A8FA611}
		{E6FB2416-71BF-4ED1-A26D-E6A9F9FAF5B5} = {391BEEC4-91A8-43F3-AE94-D5CB9A8FA611}
		{B2412D2F-9265-4FCF-ADD0-82429CDFD6B7} = {391BEEC4-91A8-43F3-AE94-D5CB9A8FA611}
		{B56D9AB0-E639-4FCB-8C42-89C36A268084} = {391BEEC4-91A8-43F3-AE94-D5CB9A8FA611}
		{87509049-75A0-48A1-B83A-EA8D0B0D253D} = {391BEEC4-91A8-43F3-AE94-D5CB9A8FA611}
		{09F29AAE-770B-4DBC-8F44-A7884B03020D} = {391BEEC4-91A8-43F3-AE94-D5CB9A8FA611}
		{DA90836A-EF1A-49E7-B15D-528A8A3FB3A5} = {391BEEC4-91A8-43F3-AE94-D5CB9A8FA611}
		{8ADA6343-0FF2-4BE0-8A29-DA702B39053D} = {391BEEC4-91A8-43F3-AE94-D5CB9A8FA611}
		{2B7DA640-28A4-42A2-B7D1-4465BDD88409} = {391BEEC4-91A8-43F3-AE94-D5CB9A8FA611}
		{82435576-D807-4C8E-8C2F-25AB7E37A69C} = {391BEEC4-91A8-43F3-AE94-D5CB9A8FA611}
		{1DC6C868-BEE5-454F-8176-8EACCD8CCFD7} = {391BEEC4-91A8-43F3-AE94-D5CB9A8FA611}
		{4FBA64D3-91A1-46EB-9F7D-3EF207C88A6D} = {391BEEC4-91A8-43F3-AE94-D5CB9A8FA611}
		{4E218BD1-6A95-4609-AFD1-B9AD8839BE46} = {391BEEC4-91A8-43F3-AE94-D5CB9A8FA611}
		{8A12B293-7A02-44D9-BB76-563CBB7048D5} = {391BEEC4-91A8-43F3-AE94-D5CB9A8FA611}
		{B353A647-FDE9-4DE1-B268-EE9C9B400500} = {391BEEC4-91A8-43F3-AE94-D5CB9A8FA611}
		{8EDD35D6-EC77-4E11-91C4-5EAE5FDD1F62} = {391BEEC4-91A8-43F3-AE94-D5CB9A8FA611}
		{A50C565F-2A62-4A1E-8B79-BB8E02C2E23E} = {391BEEC4-91A8-43F3-AE94-D5CB9A8FA611}
		{EEC5C350-66C3-4631-BB86-E7123E741100} = {391BEEC4-91A8-43F3-AE94-D5CB9A8FA611}
		{76172314-60CB-4B8B-AE2F-994F9CDCEEBD} = {391BEEC4-91A8-43F3-AE94-D5CB9A8FA611}
		{2FBEC014-FA4E-44A2-9340-1EDAA4CB7AA7} = {391BEEC4-91A8-43F3-AE94-D5CB9A8FA611}
		{2DD0DDEB-E86A-4DC6-9228-408D58760560} = {391BEEC4-91A8-43F3-AE94-D5CB9A8FA611}
		{27E49D97-ECEF-408E-AD1A-A0E908D15B88} = {391BEEC4-91A8-43F3-AE94-D5CB9A8FA611}
		{3C18C024-A889-4AEC-973D-1BB29B2F7A79} = {391BEEC4-91A8-43F3-AE94-D5CB9A8FA611}
		{DB08C0F9-6E6A-4FB5-8BAB-FE1C71C4FB29} = {391BEEC4-91A8-43F3-AE94-D5CB9A8FA611}
		{ED5AD12C-509D-48E3-B650-07B66EE60E37} = {391BEEC4-91A8-43F3-AE94-D5CB9A8FA611}
		{F330DEB2-0065-4B77-91EA-3B7105A1C89A} = {391BEEC4-91A8-43F3-AE94-D5CB9A8FA611}
		{644E402D-2BDE-45D0-A398-E94ABB4876DA} = {391BEEC4-91A8-43F3-AE94-D5CB9A8FA611}
		{CA2AAB06-3CB4-4117-B42D-3D283706B652} = {391BEEC4-91A8-43F3-AE94-D5CB9A8FA611}
		{6C5BDCE6-7FBD-439B-AB6A-210F64F92040} = {391BEEC4-91A8-43F3-AE94-D5CB9A8FA611}
		{D162562E-2BAD-43B0-9133-1D0E723C0B99} = {391BEEC4-91A8-43F3-AE94-D5CB9A8FA611}
		{569BE165-B1DC-47EE-8E0D-C871B4C7609A} = {391BEEC4-91A8-43F3-AE94-D5CB9A8FA611}
		{97D9FE31-DEE8-41F5-8A67-84C43EE75E85} = {391BEEC4-91A8-43F3-AE94-D5CB9A8FA611}
		{3259187E-9910-4B17-A9F5-374B06317607} = {391BEEC4-91A8-43F3-AE94-D5CB9A8FA611}
		{07093167-82BB-4503-AB35-B061CBA48689} = {391BEEC4-91A8-43F3-AE94-D5CB9A8FA611}
		{9C5B2929-0FA8-4652-AC86-3673523C06A4} = {391BEEC4-91A8-43F3-AE94-D5CB9A8FA611}
		{5B1A2DDD-46E0-4B09-85EA-695525078DF8} = {391BEEC4-91A8-43F3-AE94-D5CB9A8FA611}
		{8E1885EE-FBDF-4C29-A17E-90D69E651E02} = {391BEEC4-91A8-43F3-AE94-D5CB9A8FA611}
		{35E4287A-54C6-4E55-8445-4BF34B7996D8} = {391BEEC4-91A8-43F3-AE94-D5CB9A8FA611}
		{A4D5D798-9F44-4A74-83EE-0965B54F52B9} = {391BEEC4-91A8-43F3-AE94-D5CB9A8FA611}
		{45817DE7-FF9A-4EF3-A7E1-37C1F2A024BE} = {391BEEC4-91A8-43F3-AE94-D5CB9A8FA611}
		{81028002-5B16-4730-85C6-5B08DAF4FCB2} = {391BEEC4-91A8-43F3-AE94-D5CB9A8FA611}
		{9BCF8EFD-1AF3-43BD-998F-55CF34CB4096} = {391BEEC4-91A8-43F3-AE94-D5CB9A8FA611}
		{DD9B8E51-C751-4BBB-AB12-9331378C8B2E} = {391BEEC4-91A8-43F3-AE94-D5CB9A8FA611}
		{B3E80A8D-E714-47D0-A5C8-7654D6F714D8} = {391BEEC4-91A8-43F3-AE94-D5CB9A8FA611}
		{81EFC316-F297-4C3B-9C7A-ABEC6DF03D54} = {391BEEC4-91A8-43F3-AE94-D5CB9A8FA611}
		{A17AB821-E22E-458D-AD53-D865AA5C49EF} = {391BEEC4-91A8-43F3-AE94-D5CB9A8FA611}
		{D2AB8329-1C4D-45D8-B512-5FAAC2F97CBA} = {391BEEC4-91A8-43F3-AE94-D5CB9A8FA611}
		{631EE16B-8176-4237-9079-AE18C143059F} = {391BEEC4-91A8-43F3-AE94-D5CB9A8FA611}
		{2D6EA1A2-7849-4072-B111-48F1DAAE35FE} = {391BEEC4-91A8-43F3-AE94-D5CB9A8FA611}
		{7ACF060A-D1E4-44C4-A7CB-BBBF6F96511B} = {391BEEC4-91A8-43F3-AE94-D5CB9A8FA611}
		{5CF11BF4-E978-44D0-B00D-C77C6D56A83C} = {391BEEC4-91A8-43F3-AE94-D5CB9A8FA611}
		{39CB6446-3FD7-4AEE-9C7C-29393D594DE9} = {391BEEC4-91A8-43F3-AE94-D5CB9A8FA611}
		{4A78CE6A-65DD-4D07-A47A-231F100EAE84} = {391BEEC4-91A8-43F3-AE94-D5CB9A8FA611}
		{BAF8C436-F9F0-4C3C-80FC-2AE6AEFA4B31} = {391BEEC4-91A8-43F3-AE94-D5CB9A8FA611}
		{4AD3B365-83FE-4C43-BEB5-E7DC5CCED892} = {391BEEC4-91A8-43F3-AE94-D5CB9A8FA611}
		{A6E25412-34F6-49ED-834B-8A551CF3F2D3} = {391BEEC4-91A8-43F3-AE94-D5CB9A8FA611}
		{32F8738C-2782-4881-95C0-C621DC0D7ED9} = {391BEEC4-91A8-43F3-AE94-D5CB9A8FA611}
		{1850FAE9-5ACB-41D0-91BB-AD17A1021248} = {391BEEC4-91A8-43F3-AE94-D5CB9A8FA611}
		{FCE9E627-CFF9-4EF3-84BE-D42B354825AA} = {391BEEC4-91A8-43F3-AE94-D5CB9A8FA611}
		{A12FEF19-5EE8-430E-BD66-2D93ADFC1944} = {391BEEC4-91A8-43F3-AE94-D5CB9A8FA611}
		{FF432193-3D08-4BD4-ADCD-1512BF67A425} = {391BEEC4-91A8-43F3-AE94-D5CB9A8FA611}
        {74A88515-F7D5-447D-90B3-AD7EAF26549C} = {391BEEC4-91A8-43F3-AE94-D5CB9A8FA611}
		{26CB8141-0925-4A3C-A4FE-3190342EB85C} = {391BEEC4-91A8-43F3-AE94-D5CB9A8FA611}
	EndGlobalSection
EndGlobal
